
Microsoft Visual Studio Solution File, Format Version 12.00
# Visual Studio Version 17
VisualStudioVersion = 17.0.31903.59
MinimumVisualStudioVersion = 10.0.40219.1
Project("{9A19103F-16F7-4668-BE54-9A1E7A4F7556}") = "ArcGISMapsSDK.WinUI.Viewer", "ArcGISMapsSDK.WinUI.Viewer\ArcGISMapsSDK.WinUI.Viewer.csproj", "{22859B00-B68B-43E8-A402-20DBA622A27A}"
EndProject
Project("{C7167F0D-BC9F-4E6E-AFE1-012C56B48DB5}") = "ArcGISMapsSDK.WinUI.Viewer (Package)", "ArcGISMapsSDK.WinUI.Viewer (Package)\ArcGISMapsSDK.WinUI.Viewer (Package).wapproj", "{BA503BD0-660A-4EA6-AB0E-11823F9BAD96}"
EndProject
Project("{D954291E-2A0B-460D-934E-DC6B0785DB48}") = "ArcGISMapsSDK.Samples.Shared", "..\ArcGISRuntime.Samples.Shared\ArcGISMapsSDK.Samples.Shared.shproj", "{0AD85845-0BA1-4DC9-8C32-E6FD7632E32D}"
EndProject
Global
	GlobalSection(SolutionConfigurationPlatforms) = preSolution
		Debug|arm64 = Debug|arm64
		Debug|x64 = Debug|x64
		Debug|x86 = Debug|x86
		Release|arm64 = Release|arm64
		Release|x64 = Release|x64
		Release|x86 = Release|x86
	EndGlobalSection
	GlobalSection(ProjectConfigurationPlatforms) = postSolution
		{22859B00-B68B-43E8-A402-20DBA622A27A}.Debug|arm64.ActiveCfg = Debug|x64
		{22859B00-B68B-43E8-A402-20DBA622A27A}.Debug|arm64.Build.0 = Debug|x64
		{22859B00-B68B-43E8-A402-20DBA622A27A}.Debug|x64.ActiveCfg = Debug|x64
		{22859B00-B68B-43E8-A402-20DBA622A27A}.Debug|x64.Build.0 = Debug|x64
		{22859B00-B68B-43E8-A402-20DBA622A27A}.Debug|x64.Deploy.0 = Debug|x64
		{22859B00-B68B-43E8-A402-20DBA622A27A}.Debug|x86.ActiveCfg = Debug|x86
		{22859B00-B68B-43E8-A402-20DBA622A27A}.Debug|x86.Build.0 = Debug|x86
		{22859B00-B68B-43E8-A402-20DBA622A27A}.Release|arm64.ActiveCfg = Release|x64
		{22859B00-B68B-43E8-A402-20DBA622A27A}.Release|arm64.Build.0 = Release|x64
		{22859B00-B68B-43E8-A402-20DBA622A27A}.Release|x64.ActiveCfg = Release|x64
		{22859B00-B68B-43E8-A402-20DBA622A27A}.Release|x64.Build.0 = Release|x64
		{22859B00-B68B-43E8-A402-20DBA622A27A}.Release|x86.ActiveCfg = Release|x86
		{22859B00-B68B-43E8-A402-20DBA622A27A}.Release|x86.Build.0 = Release|x86
		{BA503BD0-660A-4EA6-AB0E-11823F9BAD96}.Debug|arm64.ActiveCfg = Debug|arm64
		{BA503BD0-660A-4EA6-AB0E-11823F9BAD96}.Debug|arm64.Build.0 = Debug|arm64
		{BA503BD0-660A-4EA6-AB0E-11823F9BAD96}.Debug|arm64.Deploy.0 = Debug|arm64
		{BA503BD0-660A-4EA6-AB0E-11823F9BAD96}.Debug|x64.ActiveCfg = Debug|x64
		{BA503BD0-660A-4EA6-AB0E-11823F9BAD96}.Debug|x64.Build.0 = Debug|x64
		{BA503BD0-660A-4EA6-AB0E-11823F9BAD96}.Debug|x64.Deploy.0 = Debug|x64
		{BA503BD0-660A-4EA6-AB0E-11823F9BAD96}.Debug|x86.ActiveCfg = Debug|x86
		{BA503BD0-660A-4EA6-AB0E-11823F9BAD96}.Debug|x86.Build.0 = Debug|x86
		{BA503BD0-660A-4EA6-AB0E-11823F9BAD96}.Debug|x86.Deploy.0 = Debug|x86
		{BA503BD0-660A-4EA6-AB0E-11823F9BAD96}.Release|arm64.ActiveCfg = Release|arm64
		{BA503BD0-660A-4EA6-AB0E-11823F9BAD96}.Release|arm64.Build.0 = Release|arm64
		{BA503BD0-660A-4EA6-AB0E-11823F9BAD96}.Release|arm64.Deploy.0 = Release|arm64
		{BA503BD0-660A-4EA6-AB0E-11823F9BAD96}.Release|x64.ActiveCfg = Release|x64
		{BA503BD0-660A-4EA6-AB0E-11823F9BAD96}.Release|x64.Build.0 = Release|x64
		{BA503BD0-660A-4EA6-AB0E-11823F9BAD96}.Release|x64.Deploy.0 = Release|x64
		{BA503BD0-660A-4EA6-AB0E-11823F9BAD96}.Release|x86.ActiveCfg = Release|x86
		{BA503BD0-660A-4EA6-AB0E-11823F9BAD96}.Release|x86.Build.0 = Release|x86
		{BA503BD0-660A-4EA6-AB0E-11823F9BAD96}.Release|x86.Deploy.0 = Release|x86
	EndGlobalSection
	GlobalSection(SolutionProperties) = preSolution
		HideSolutionNode = FALSE
	EndGlobalSection
	GlobalSection(ExtensibilityGlobals) = postSolution
		SolutionGuid = {26B5AC88-3A51-40ED-8EB7-8AE5981A6E07}
	EndGlobalSection
	GlobalSection(SharedMSBuildProjectFiles) = preSolution
		..\ArcGISRuntime.Samples.Shared\ArcGISRuntime.Samples.Shared.projitems*{0ad85845-0ba1-4dc9-8c32-e6fd7632e32d}*SharedItemsImports = 13
		..\ArcGISRuntime.Samples.Shared\ArcGISRuntime.Samples.Shared.projitems*{22859b00-b68b-43e8-a402-20dba622a27a}*SharedItemsImports = 5
	EndGlobalSection
EndGlobal
