
Microsoft Visual Studio Solution File, Format Version 12.00
# Visual Studio Version 16
VisualStudioVersion = 16.0.30709.64
MinimumVisualStudioVersion = 10.0.40219.1
Project("{C7167F0D-BC9F-4E6E-AFE1-012C56B48DB5}") = "ArcGISRuntime.WinUI.Viewer (Package)", "ArcGISRuntime.WinUI.Viewer (Package)\ArcGISRuntime.WinUI.Viewer (Package).wapproj", "{E2A65D79-327D-46EE-BC48-BFE3A73CCE93}"
EndProject
Project("{9A19103F-16F7-4668-BE54-9A1E7A4F7556}") = "ArcGISRuntime.WinUI.Viewer", "ArcGISRuntime.WinUI.Viewer\ArcGISRuntime.WinUI.Viewer.csproj", "{22859B00-B68B-43E8-A402-20DBA622A27A}"
EndProject
Project("{D954291E-2A0B-460D-934E-DC6B0785DB48}") = "ArcGISRuntime.Samples.Shared", "..\ArcGISRuntime.Samples.Shared\ArcGISRuntime.Samples.Shared.shproj", "{0AD85845-0BA1-4DC9-8C32-E6FD7632E32D}"
EndProject
Global
	GlobalSection(SharedMSBuildProjectFiles) = preSolution
		..\ArcGISRuntime.Samples.Shared\ArcGISRuntime.Samples.Shared.projitems*{0ad85845-0ba1-4dc9-8c32-e6fd7632e32d}*SharedItemsImports = 13
		..\ArcGISRuntime.Samples.Shared\ArcGISRuntime.Samples.Shared.projitems*{22859b00-b68b-43e8-a402-20dba622a27a}*SharedItemsImports = 5
	EndGlobalSection
	GlobalSection(SolutionConfigurationPlatforms) = preSolution
		Debug|x64 = Debug|x64
		Debug|x86 = Debug|x86
		Release|x64 = Release|x64
		Release|x86 = Release|x86
	EndGlobalSection
	GlobalSection(ProjectConfigurationPlatforms) = postSolution
		{E2A65D79-327D-46EE-BC48-BFE3A73CCE93}.Debug|x64.ActiveCfg = Debug|x64
		{E2A65D79-327D-46EE-BC48-BFE3A73CCE93}.Debug|x64.Build.0 = Debug|x64
		{E2A65D79-327D-46EE-BC48-BFE3A73CCE93}.Debug|x64.Deploy.0 = Debug|x64
		{E2A65D79-327D-46EE-BC48-BFE3A73CCE93}.Debug|x86.ActiveCfg = Debug|x86
		{E2A65D79-327D-46EE-BC48-BFE3A73CCE93}.Debug|x86.Build.0 = Debug|x86
		{E2A65D79-327D-46EE-BC48-BFE3A73CCE93}.Debug|x86.Deploy.0 = Debug|x86
		{E2A65D79-327D-46EE-BC48-BFE3A73CCE93}.Release|x64.ActiveCfg = Release|x64
		{E2A65D79-327D-46EE-BC48-BFE3A73CCE93}.Release|x64.Build.0 = Release|x64
		{E2A65D79-327D-46EE-BC48-BFE3A73CCE93}.Release|x64.Deploy.0 = Release|x64
		{E2A65D79-327D-46EE-BC48-BFE3A73CCE93}.Release|x86.ActiveCfg = Release|x86
		{E2A65D79-327D-46EE-BC48-BFE3A73CCE93}.Release|x86.Build.0 = Release|x86
		{E2A65D79-327D-46EE-BC48-BFE3A73CCE93}.Release|x86.Deploy.0 = Release|x86
		{22859B00-B68B-43E8-A402-20DBA622A27A}.Debug|x64.ActiveCfg = Debug|x64
		{22859B00-B68B-43E8-A402-20DBA622A27A}.Debug|x64.Build.0 = Debug|x64
		{22859B00-B68B-43E8-A402-20DBA622A27A}.Debug|x86.ActiveCfg = Debug|x86
		{22859B00-B68B-43E8-A402-20DBA622A27A}.Debug|x86.Build.0 = Debug|x86
		{22859B00-B68B-43E8-A402-20DBA622A27A}.Release|x64.ActiveCfg = Release|x64
		{22859B00-B68B-43E8-A402-20DBA622A27A}.Release|x64.Build.0 = Release|x64
		{22859B00-B68B-43E8-A402-20DBA622A27A}.Release|x86.ActiveCfg = Release|x86
		{22859B00-B68B-43E8-A402-20DBA622A27A}.Release|x86.Build.0 = Release|x86
	EndGlobalSection
	GlobalSection(SolutionProperties) = preSolution
		HideSolutionNode = FALSE
	EndGlobalSection
	GlobalSection(ExtensibilityGlobals) = postSolution
		SolutionGuid = {26B5AC88-3A51-40ED-8EB7-8AE5981A6E07}
	EndGlobalSection
EndGlobal
