
Microsoft Visual Studio Solution File, Format Version 12.00
# Visual Studio Version 17
VisualStudioVersion = 17.0.31903.59
MinimumVisualStudioVersion = 10.0.40219.1
Project("{9A19103F-16F7-4668-BE54-9A1E7A4F7556}") = "ArcGIS.WinUI.Viewer", "ArcGIS.WinUI.Viewer\ArcGIS.WinUI.Viewer.csproj", "{22859B00-B68B-43E8-A402-20DBA622A27A}"
EndProject
Project("{C7167F0D-BC9F-4E6E-AFE1-012C56B48DB5}") = "ArcGIS.WinUI.Viewer (Package)", "ArcGIS.WinUI.Viewer (Package)\ArcGIS.WinUI.Viewer (Package).wapproj", "{BA503BD0-660A-4EA6-AB0E-11823F9BAD96}"
EndProject
Project("{D954291E-2A0B-460D-934E-DC6B0785DB48}") = "ArcGIS.Samples.Shared", "..\Samples.Shared\ArcGIS.Samples.Shared.shproj", "{0AD85845-0BA1-4DC9-8C32-E6FD7632E32D}"
EndProject
Project("{2150E333-8FDC-42A3-9474-1A3956D46DE8}") = "Solution Items", "Solution Items", "{20E8A844-DFDF-4B85-BDC0-F2251CB2FE7B}"
	ProjectSection(SolutionItems) = preProject
		.editorconfig = .editorconfig
	EndProjectSection
EndProject
Global
	GlobalSection(SolutionConfigurationPlatforms) = preSolution
		Debug|ARM64 = Debug|ARM64
		Debug|x64 = Debug|x64
		Debug|x86 = Debug|x86
		Release|ARM64 = Release|ARM64
		Release|x64 = Release|x64
		Release|x86 = Release|x86
	EndGlobalSection
	GlobalSection(ProjectConfigurationPlatforms) = postSolution
		{22859B00-B68B-43E8-A402-20DBA622A27A}.Debug|ARM64.ActiveCfg = Debug|ARM64
		{22859B00-B68B-43E8-A402-20DBA622A27A}.Debug|ARM64.Build.0 = Debug|ARM64
		{22859B00-B68B-43E8-A402-20DBA622A27A}.Debug|ARM64.Deploy.0 = Debug|ARM64
		{22859B00-B68B-43E8-A402-20DBA622A27A}.Debug|x64.ActiveCfg = Debug|x64
		{22859B00-B68B-43E8-A402-20DBA622A27A}.Debug|x64.Build.0 = Debug|x64
		{22859B00-B68B-43E8-A402-20DBA622A27A}.Debug|x64.Deploy.0 = Debug|x64
		{22859B00-B68B-43E8-A402-20DBA622A27A}.Debug|x86.ActiveCfg = Debug|x86
		{22859B00-B68B-43E8-A402-20DBA622A27A}.Debug|x86.Build.0 = Debug|x86
		{22859B00-B68B-43E8-A402-20DBA622A27A}.Release|ARM64.ActiveCfg = Release|ARM64
		{22859B00-B68B-43E8-A402-20DBA622A27A}.Release|ARM64.Build.0 = Release|ARM64
		{22859B00-B68B-43E8-A402-20DBA622A27A}.Release|x64.ActiveCfg = Release|x64
		{22859B00-B68B-43E8-A402-20DBA622A27A}.Release|x64.Build.0 = Release|x64
		{22859B00-B68B-43E8-A402-20DBA622A27A}.Release|x86.ActiveCfg = Release|x86
		{22859B00-B68B-43E8-A402-20DBA622A27A}.Release|x86.Build.0 = Release|x86
		{BA503BD0-660A-4EA6-AB0E-11823F9BAD96}.Debug|ARM64.ActiveCfg = Debug|ARM64
		{BA503BD0-660A-4EA6-AB0E-11823F9BAD96}.Debug|ARM64.Build.0 = Debug|ARM64
		{BA503BD0-660A-4EA6-AB0E-11823F9BAD96}.Debug|ARM64.Deploy.0 = Debug|ARM64
		{BA503BD0-660A-4EA6-AB0E-11823F9BAD96}.Debug|x64.ActiveCfg = Debug|x64
		{BA503BD0-660A-4EA6-AB0E-11823F9BAD96}.Debug|x64.Build.0 = Debug|x64
		{BA503BD0-660A-4EA6-AB0E-11823F9BAD96}.Debug|x64.Deploy.0 = Debug|x64
		{BA503BD0-660A-4EA6-AB0E-11823F9BAD96}.Debug|x86.ActiveCfg = Debug|x86
		{BA503BD0-660A-4EA6-AB0E-11823F9BAD96}.Debug|x86.Build.0 = Debug|x86
		{BA503BD0-660A-4EA6-AB0E-11823F9BAD96}.Debug|x86.Deploy.0 = Debug|x86
		{BA503BD0-660A-4EA6-AB0E-11823F9BAD96}.Release|ARM64.ActiveCfg = Release|ARM64
		{BA503BD0-660A-4EA6-AB0E-11823F9BAD96}.Release|ARM64.Build.0 = Release|ARM64
		{BA503BD0-660A-4EA6-AB0E-11823F9BAD96}.Release|ARM64.Deploy.0 = Release|ARM64
		{BA503BD0-660A-4EA6-AB0E-11823F9BAD96}.Release|x64.ActiveCfg = Release|x64
		{BA503BD0-660A-4EA6-AB0E-11823F9BAD96}.Release|x64.Build.0 = Release|x64
		{BA503BD0-660A-4EA6-AB0E-11823F9BAD96}.Release|x64.Deploy.0 = Release|x64
		{BA503BD0-660A-4EA6-AB0E-11823F9BAD96}.Release|x86.ActiveCfg = Release|x86
		{BA503BD0-660A-4EA6-AB0E-11823F9BAD96}.Release|x86.Build.0 = Release|x86
		{BA503BD0-660A-4EA6-AB0E-11823F9BAD96}.Release|x86.Deploy.0 = Release|x86
	EndGlobalSection
	GlobalSection(SolutionProperties) = preSolution
		HideSolutionNode = FALSE
	EndGlobalSection
	GlobalSection(ExtensibilityGlobals) = postSolution
		SolutionGuid = {26B5AC88-3A51-40ED-8EB7-8AE5981A6E07}
	EndGlobalSection
	GlobalSection(SharedMSBuildProjectFiles) = preSolution
		..\Samples.Shared\ArcGIS.Samples.Shared.projitems*{0ad85845-0ba1-4dc9-8c32-e6fd7632e32d}*SharedItemsImports = 13
		..\Samples.Shared\ArcGIS.Samples.Shared.projitems*{22859b00-b68b-43e8-a402-20dba622a27a}*SharedItemsImports = 5
	EndGlobalSection
EndGlobal
