Microsoft Visual Studio Solution File, Format Version 12.00
# Visual Studio Version 17
VisualStudioVersion = 17.5.2.0
MinimumVisualStudioVersion = 10.0.40219.1
Project("{FAE04EC0-301F-11D3-BF4B-00C04F79EFBC}") = "ArcGIS.Samples.Maui", "ArcGIS.Samples.Maui.csproj", "{B692C78C-20D0-08C2-FC6A-7671D789BB0E}"
EndProject
Global
	GlobalSection(SolutionConfigurationPlatforms) = preSolution
		Debug|Any CPU = Debug|Any CPU
		Release|Any CPU = Release|Any CPU
	EndGlobalSection
	GlobalSection(ProjectConfigurationPlatforms) = postSolution
		{B692C78C-20D0-08C2-FC6A-7671D789BB0E}.Debug|Any CPU.ActiveCfg = Debug|Any CPU
		{B692C78C-20D0-08C2-FC6A-7671D789BB0E}.Debug|Any CPU.Build.0 = Debug|Any CPU
		{B692C78C-20D0-08C2-FC6A-7671D789BB0E}.Release|Any CPU.ActiveCfg = Release|Any CPU
		{B692C78C-20D0-08C2-FC6A-7671D789BB0E}.Release|Any CPU.Build.0 = Release|Any CPU
	EndGlobalSection
	GlobalSection(SolutionProperties) = preSolution
		HideSolutionNode = FALSE
	EndGlobalSection
	GlobalSection(ExtensibilityGlobals) = postSolution
		SolutionGuid = {3CD1C9E6-B764-403C-A0EA-8C3DF04F71B8}
	EndGlobalSection
EndGlobal
