
Microsoft Visual Studio Solution File, Format Version 12.00
# Visual Studio 14
VisualStudioVersion = 14.0.25420.1
MinimumVisualStudioVersion = 10.0.40219.1
Project("{FAE04EC0-301F-11D3-BF4B-00C04F79EFBC}") = "TokenUser.Droid", "TokenUser.Droid\TokenUser.Droid.csproj", "{F2936825-4BF3-47D6-8B22-B7BA8D465322}"
EndProject
Project("{FAE04EC0-301F-11D3-BF4B-00C04F79EFBC}") = "TokenUser.iOS", "TokenUser.iOS\TokenUser.iOS.csproj", "{80A44703-EDB6-4897-A795-3E906D7578D2}"
EndProject
Project("{FAE04EC0-301F-11D3-BF4B-00C04F79EFBC}") = "TokenUser.UWP", "TokenUser.UWP\TokenUser.UWP.csproj", "{E750C228-9511-4897-9A00-BA517E68D9A2}"
EndProject
Project("{D954291E-2A0B-460D-934E-DC6B0785DB48}") = "TokenUser", "TokenUser\TokenUser.shproj", "{0E61EECF-20A5-45E0-A936-772A751ABF6E}"
EndProject
Project("{FAE04EC0-301F-11D3-BF4B-00C04F79EFBC}") = "SharedFormsCode", "SharedFormsCode\SharedFormsCode.csproj", "{67F9D3A8-F71E-4428-913F-C37AE82CDB24}"
EndProject
Global
	GlobalSection(SharedMSBuildProjectFiles) = preSolution
		TokenUser\TokenSecuredKnownUser.projitems*{0e61eecf-20a5-45e0-a936-772a751abf6e}*SharedItemsImports = 13
		TokenUser\TokenSecuredKnownUser.projitems*{80a44703-edb6-4897-a795-3e906d7578d2}*SharedItemsImports = 4
		TokenUser\TokenSecuredKnownUser.projitems*{e750c228-9511-4897-9a00-ba517e68d9a2}*SharedItemsImports = 4
		TokenUser\TokenSecuredKnownUser.projitems*{f2936825-4bf3-47d6-8b22-b7ba8d465322}*SharedItemsImports = 4
	EndGlobalSection
	GlobalSection(SolutionConfigurationPlatforms) = preSolution
		Ad-Hoc|Any CPU = Ad-Hoc|Any CPU
		Ad-Hoc|ARM = Ad-Hoc|ARM
		Ad-Hoc|iPhone = Ad-Hoc|iPhone
		Ad-Hoc|iPhoneSimulator = Ad-Hoc|iPhoneSimulator
		Ad-Hoc|x64 = Ad-Hoc|x64
		Ad-Hoc|x86 = Ad-Hoc|x86
		AppStore|Any CPU = AppStore|Any CPU
		AppStore|ARM = AppStore|ARM
		AppStore|iPhone = AppStore|iPhone
		AppStore|iPhoneSimulator = AppStore|iPhoneSimulator
		AppStore|x64 = AppStore|x64
		AppStore|x86 = AppStore|x86
		Debug|Any CPU = Debug|Any CPU
		Debug|ARM = Debug|ARM
		Debug|iPhone = Debug|iPhone
		Debug|iPhoneSimulator = Debug|iPhoneSimulator
		Debug|x64 = Debug|x64
		Debug|x86 = Debug|x86
		Release|Any CPU = Release|Any CPU
		Release|ARM = Release|ARM
		Release|iPhone = Release|iPhone
		Release|iPhoneSimulator = Release|iPhoneSimulator
		Release|x64 = Release|x64
		Release|x86 = Release|x86
	EndGlobalSection
	GlobalSection(ProjectConfigurationPlatforms) = postSolution
		{F2936825-4BF3-47D6-8B22-B7BA8D465322}.Ad-Hoc|Any CPU.ActiveCfg = Release|Any CPU
		{F2936825-4BF3-47D6-8B22-B7BA8D465322}.Ad-Hoc|Any CPU.Build.0 = Release|Any CPU
		{F2936825-4BF3-47D6-8B22-B7BA8D465322}.Ad-Hoc|Any CPU.Deploy.0 = Release|Any CPU
		{F2936825-4BF3-47D6-8B22-B7BA8D465322}.Ad-Hoc|ARM.ActiveCfg = Release|Any CPU
		{F2936825-4BF3-47D6-8B22-B7BA8D465322}.Ad-Hoc|ARM.Build.0 = Release|Any CPU
		{F2936825-4BF3-47D6-8B22-B7BA8D465322}.Ad-Hoc|ARM.Deploy.0 = Release|Any CPU
		{F2936825-4BF3-47D6-8B22-B7BA8D465322}.Ad-Hoc|iPhone.ActiveCfg = Release|Any CPU
		{F2936825-4BF3-47D6-8B22-B7BA8D465322}.Ad-Hoc|iPhone.Build.0 = Release|Any CPU
		{F2936825-4BF3-47D6-8B22-B7BA8D465322}.Ad-Hoc|iPhone.Deploy.0 = Release|Any CPU
		{F2936825-4BF3-47D6-8B22-B7BA8D465322}.Ad-Hoc|iPhoneSimulator.ActiveCfg = Release|Any CPU
		{F2936825-4BF3-47D6-8B22-B7BA8D465322}.Ad-Hoc|iPhoneSimulator.Build.0 = Release|Any CPU
		{F2936825-4BF3-47D6-8B22-B7BA8D465322}.Ad-Hoc|iPhoneSimulator.Deploy.0 = Release|Any CPU
		{F2936825-4BF3-47D6-8B22-B7BA8D465322}.Ad-Hoc|x64.ActiveCfg = Release|Any CPU
		{F2936825-4BF3-47D6-8B22-B7BA8D465322}.Ad-Hoc|x64.Build.0 = Release|Any CPU
		{F2936825-4BF3-47D6-8B22-B7BA8D465322}.Ad-Hoc|x64.Deploy.0 = Release|Any CPU
		{F2936825-4BF3-47D6-8B22-B7BA8D465322}.Ad-Hoc|x86.ActiveCfg = Release|Any CPU
		{F2936825-4BF3-47D6-8B22-B7BA8D465322}.Ad-Hoc|x86.Build.0 = Release|Any CPU
		{F2936825-4BF3-47D6-8B22-B7BA8D465322}.Ad-Hoc|x86.Deploy.0 = Release|Any CPU
		{F2936825-4BF3-47D6-8B22-B7BA8D465322}.AppStore|Any CPU.ActiveCfg = Release|Any CPU
		{F2936825-4BF3-47D6-8B22-B7BA8D465322}.AppStore|Any CPU.Build.0 = Release|Any CPU
		{F2936825-4BF3-47D6-8B22-B7BA8D465322}.AppStore|Any CPU.Deploy.0 = Release|Any CPU
		{F2936825-4BF3-47D6-8B22-B7BA8D465322}.AppStore|ARM.ActiveCfg = Release|Any CPU
		{F2936825-4BF3-47D6-8B22-B7BA8D465322}.AppStore|ARM.Build.0 = Release|Any CPU
		{F2936825-4BF3-47D6-8B22-B7BA8D465322}.AppStore|ARM.Deploy.0 = Release|Any CPU
		{F2936825-4BF3-47D6-8B22-B7BA8D465322}.AppStore|iPhone.ActiveCfg = Release|Any CPU
		{F2936825-4BF3-47D6-8B22-B7BA8D465322}.AppStore|iPhone.Build.0 = Release|Any CPU
		{F2936825-4BF3-47D6-8B22-B7BA8D465322}.AppStore|iPhone.Deploy.0 = Release|Any CPU
		{F2936825-4BF3-47D6-8B22-B7BA8D465322}.AppStore|iPhoneSimulator.ActiveCfg = Release|Any CPU
		{F2936825-4BF3-47D6-8B22-B7BA8D465322}.AppStore|iPhoneSimulator.Build.0 = Release|Any CPU
		{F2936825-4BF3-47D6-8B22-B7BA8D465322}.AppStore|iPhoneSimulator.Deploy.0 = Release|Any CPU
		{F2936825-4BF3-47D6-8B22-B7BA8D465322}.AppStore|x64.ActiveCfg = Release|Any CPU
		{F2936825-4BF3-47D6-8B22-B7BA8D465322}.AppStore|x64.Build.0 = Release|Any CPU
		{F2936825-4BF3-47D6-8B22-B7BA8D465322}.AppStore|x64.Deploy.0 = Release|Any CPU
		{F2936825-4BF3-47D6-8B22-B7BA8D465322}.AppStore|x86.ActiveCfg = Release|Any CPU
		{F2936825-4BF3-47D6-8B22-B7BA8D465322}.AppStore|x86.Build.0 = Release|Any CPU
		{F2936825-4BF3-47D6-8B22-B7BA8D465322}.AppStore|x86.Deploy.0 = Release|Any CPU
		{F2936825-4BF3-47D6-8B22-B7BA8D465322}.Debug|Any CPU.ActiveCfg = Debug|Any CPU
		{F2936825-4BF3-47D6-8B22-B7BA8D465322}.Debug|Any CPU.Build.0 = Debug|Any CPU
		{F2936825-4BF3-47D6-8B22-B7BA8D465322}.Debug|Any CPU.Deploy.0 = Debug|Any CPU
		{F2936825-4BF3-47D6-8B22-B7BA8D465322}.Debug|ARM.ActiveCfg = Debug|Any CPU
		{F2936825-4BF3-47D6-8B22-B7BA8D465322}.Debug|ARM.Build.0 = Debug|Any CPU
		{F2936825-4BF3-47D6-8B22-B7BA8D465322}.Debug|ARM.Deploy.0 = Debug|Any CPU
		{F2936825-4BF3-47D6-8B22-B7BA8D465322}.Debug|iPhone.ActiveCfg = Debug|Any CPU
		{F2936825-4BF3-47D6-8B22-B7BA8D465322}.Debug|iPhone.Build.0 = Debug|Any CPU
		{F2936825-4BF3-47D6-8B22-B7BA8D465322}.Debug|iPhone.Deploy.0 = Debug|Any CPU
		{F2936825-4BF3-47D6-8B22-B7BA8D465322}.Debug|iPhoneSimulator.ActiveCfg = Debug|Any CPU
		{F2936825-4BF3-47D6-8B22-B7BA8D465322}.Debug|iPhoneSimulator.Build.0 = Debug|Any CPU
		{F2936825-4BF3-47D6-8B22-B7BA8D465322}.Debug|iPhoneSimulator.Deploy.0 = Debug|Any CPU
		{F2936825-4BF3-47D6-8B22-B7BA8D465322}.Debug|x64.ActiveCfg = Debug|Any CPU
		{F2936825-4BF3-47D6-8B22-B7BA8D465322}.Debug|x64.Build.0 = Debug|Any CPU
		{F2936825-4BF3-47D6-8B22-B7BA8D465322}.Debug|x64.Deploy.0 = Debug|Any CPU
		{F2936825-4BF3-47D6-8B22-B7BA8D465322}.Debug|x86.ActiveCfg = Debug|Any CPU
		{F2936825-4BF3-47D6-8B22-B7BA8D465322}.Debug|x86.Build.0 = Debug|Any CPU
		{F2936825-4BF3-47D6-8B22-B7BA8D465322}.Debug|x86.Deploy.0 = Debug|Any CPU
		{F2936825-4BF3-47D6-8B22-B7BA8D465322}.Release|Any CPU.ActiveCfg = Release|Any CPU
		{F2936825-4BF3-47D6-8B22-B7BA8D465322}.Release|Any CPU.Build.0 = Release|Any CPU
		{F2936825-4BF3-47D6-8B22-B7BA8D465322}.Release|Any CPU.Deploy.0 = Release|Any CPU
		{F2936825-4BF3-47D6-8B22-B7BA8D465322}.Release|ARM.ActiveCfg = Release|Any CPU
		{F2936825-4BF3-47D6-8B22-B7BA8D465322}.Release|ARM.Build.0 = Release|Any CPU
		{F2936825-4BF3-47D6-8B22-B7BA8D465322}.Release|ARM.Deploy.0 = Release|Any CPU
		{F2936825-4BF3-47D6-8B22-B7BA8D465322}.Release|iPhone.ActiveCfg = Release|Any CPU
		{F2936825-4BF3-47D6-8B22-B7BA8D465322}.Release|iPhone.Build.0 = Release|Any CPU
		{F2936825-4BF3-47D6-8B22-B7BA8D465322}.Release|iPhone.Deploy.0 = Release|Any CPU
		{F2936825-4BF3-47D6-8B22-B7BA8D465322}.Release|iPhoneSimulator.ActiveCfg = Release|Any CPU
		{F2936825-4BF3-47D6-8B22-B7BA8D465322}.Release|iPhoneSimulator.Build.0 = Release|Any CPU
		{F2936825-4BF3-47D6-8B22-B7BA8D465322}.Release|iPhoneSimulator.Deploy.0 = Release|Any CPU
		{F2936825-4BF3-47D6-8B22-B7BA8D465322}.Release|x64.ActiveCfg = Release|Any CPU
		{F2936825-4BF3-47D6-8B22-B7BA8D465322}.Release|x64.Build.0 = Release|Any CPU
		{F2936825-4BF3-47D6-8B22-B7BA8D465322}.Release|x64.Deploy.0 = Release|Any CPU
		{F2936825-4BF3-47D6-8B22-B7BA8D465322}.Release|x86.ActiveCfg = Release|Any CPU
		{F2936825-4BF3-47D6-8B22-B7BA8D465322}.Release|x86.Build.0 = Release|Any CPU
		{F2936825-4BF3-47D6-8B22-B7BA8D465322}.Release|x86.Deploy.0 = Release|Any CPU
		{80A44703-EDB6-4897-A795-3E906D7578D2}.Ad-Hoc|Any CPU.ActiveCfg = Ad-Hoc|iPhone
		{80A44703-EDB6-4897-A795-3E906D7578D2}.Ad-Hoc|ARM.ActiveCfg = Ad-Hoc|iPhone
		{80A44703-EDB6-4897-A795-3E906D7578D2}.Ad-Hoc|iPhone.ActiveCfg = Ad-Hoc|iPhone
		{80A44703-EDB6-4897-A795-3E906D7578D2}.Ad-Hoc|iPhone.Build.0 = Ad-Hoc|iPhone
		{80A44703-EDB6-4897-A795-3E906D7578D2}.Ad-Hoc|iPhoneSimulator.ActiveCfg = Ad-Hoc|iPhoneSimulator
		{80A44703-EDB6-4897-A795-3E906D7578D2}.Ad-Hoc|iPhoneSimulator.Build.0 = Ad-Hoc|iPhoneSimulator
		{80A44703-EDB6-4897-A795-3E906D7578D2}.Ad-Hoc|x64.ActiveCfg = Ad-Hoc|iPhone
		{80A44703-EDB6-4897-A795-3E906D7578D2}.Ad-Hoc|x86.ActiveCfg = Ad-Hoc|iPhone
		{80A44703-EDB6-4897-A795-3E906D7578D2}.AppStore|Any CPU.ActiveCfg = AppStore|iPhone
		{80A44703-EDB6-4897-A795-3E906D7578D2}.AppStore|ARM.ActiveCfg = AppStore|iPhone
		{80A44703-EDB6-4897-A795-3E906D7578D2}.AppStore|iPhone.ActiveCfg = AppStore|iPhone
		{80A44703-EDB6-4897-A795-3E906D7578D2}.AppStore|iPhone.Build.0 = AppStore|iPhone
		{80A44703-EDB6-4897-A795-3E906D7578D2}.AppStore|iPhoneSimulator.ActiveCfg = AppStore|iPhoneSimulator
		{80A44703-EDB6-4897-A795-3E906D7578D2}.AppStore|iPhoneSimulator.Build.0 = AppStore|iPhoneSimulator
		{80A44703-EDB6-4897-A795-3E906D7578D2}.AppStore|x64.ActiveCfg = AppStore|iPhone
		{80A44703-EDB6-4897-A795-3E906D7578D2}.AppStore|x86.ActiveCfg = AppStore|iPhone
		{80A44703-EDB6-4897-A795-3E906D7578D2}.Debug|Any CPU.ActiveCfg = Debug|iPhone
		{80A44703-EDB6-4897-A795-3E906D7578D2}.Debug|ARM.ActiveCfg = Debug|iPhone
		{80A44703-EDB6-4897-A795-3E906D7578D2}.Debug|iPhone.ActiveCfg = Debug|iPhone
		{80A44703-EDB6-4897-A795-3E906D7578D2}.Debug|iPhone.Build.0 = Debug|iPhone
		{80A44703-EDB6-4897-A795-3E906D7578D2}.Debug|iPhoneSimulator.ActiveCfg = Debug|iPhoneSimulator
		{80A44703-EDB6-4897-A795-3E906D7578D2}.Debug|iPhoneSimulator.Build.0 = Debug|iPhoneSimulator
		{80A44703-EDB6-4897-A795-3E906D7578D2}.Debug|iPhoneSimulator.Deploy.0 = Debug|iPhoneSimulator
		{80A44703-EDB6-4897-A795-3E906D7578D2}.Debug|x64.ActiveCfg = Debug|iPhone
		{80A44703-EDB6-4897-A795-3E906D7578D2}.Debug|x86.ActiveCfg = Debug|iPhone
		{80A44703-EDB6-4897-A795-3E906D7578D2}.Release|Any CPU.ActiveCfg = Release|iPhone
		{80A44703-EDB6-4897-A795-3E906D7578D2}.Release|ARM.ActiveCfg = Release|iPhone
		{80A44703-EDB6-4897-A795-3E906D7578D2}.Release|iPhone.ActiveCfg = Release|iPhone
		{80A44703-EDB6-4897-A795-3E906D7578D2}.Release|iPhone.Build.0 = Release|iPhone
		{80A44703-EDB6-4897-A795-3E906D7578D2}.Release|iPhoneSimulator.ActiveCfg = Release|iPhoneSimulator
		{80A44703-EDB6-4897-A795-3E906D7578D2}.Release|iPhoneSimulator.Build.0 = Release|iPhoneSimulator
		{80A44703-EDB6-4897-A795-3E906D7578D2}.Release|x64.ActiveCfg = Release|iPhone
		{80A44703-EDB6-4897-A795-3E906D7578D2}.Release|x86.ActiveCfg = Release|iPhone
		{E750C228-9511-4897-9A00-BA517E68D9A2}.Ad-Hoc|Any CPU.ActiveCfg = Release|x86
		{E750C228-9511-4897-9A00-BA517E68D9A2}.Ad-Hoc|Any CPU.Build.0 = Release|x86
		{E750C228-9511-4897-9A00-BA517E68D9A2}.Ad-Hoc|Any CPU.Deploy.0 = Release|x86
		{E750C228-9511-4897-9A00-BA517E68D9A2}.Ad-Hoc|ARM.ActiveCfg = Release|ARM
		{E750C228-9511-4897-9A00-BA517E68D9A2}.Ad-Hoc|ARM.Build.0 = Release|ARM
		{E750C228-9511-4897-9A00-BA517E68D9A2}.Ad-Hoc|ARM.Deploy.0 = Release|ARM
		{E750C228-9511-4897-9A00-BA517E68D9A2}.Ad-Hoc|iPhone.ActiveCfg = Release|x86
		{E750C228-9511-4897-9A00-BA517E68D9A2}.Ad-Hoc|iPhone.Build.0 = Release|x86
		{E750C228-9511-4897-9A00-BA517E68D9A2}.Ad-Hoc|iPhone.Deploy.0 = Release|x86
		{E750C228-9511-4897-9A00-BA517E68D9A2}.Ad-Hoc|iPhoneSimulator.ActiveCfg = Release|x86
		{E750C228-9511-4897-9A00-BA517E68D9A2}.Ad-Hoc|iPhoneSimulator.Build.0 = Release|x86
		{E750C228-9511-4897-9A00-BA517E68D9A2}.Ad-Hoc|iPhoneSimulator.Deploy.0 = Release|x86
		{E750C228-9511-4897-9A00-BA517E68D9A2}.Ad-Hoc|x64.ActiveCfg = Release|x64
		{E750C228-9511-4897-9A00-BA517E68D9A2}.Ad-Hoc|x64.Build.0 = Release|x64
		{E750C228-9511-4897-9A00-BA517E68D9A2}.Ad-Hoc|x64.Deploy.0 = Release|x64
		{E750C228-9511-4897-9A00-BA517E68D9A2}.Ad-Hoc|x86.ActiveCfg = Release|x86
		{E750C228-9511-4897-9A00-BA517E68D9A2}.Ad-Hoc|x86.Build.0 = Release|x86
		{E750C228-9511-4897-9A00-BA517E68D9A2}.Ad-Hoc|x86.Deploy.0 = Release|x86
		{E750C228-9511-4897-9A00-BA517E68D9A2}.AppStore|Any CPU.ActiveCfg = Release|x86
		{E750C228-9511-4897-9A00-BA517E68D9A2}.AppStore|Any CPU.Build.0 = Release|x86
		{E750C228-9511-4897-9A00-BA517E68D9A2}.AppStore|Any CPU.Deploy.0 = Release|x86
		{E750C228-9511-4897-9A00-BA517E68D9A2}.AppStore|ARM.ActiveCfg = Release|ARM
		{E750C228-9511-4897-9A00-BA517E68D9A2}.AppStore|ARM.Build.0 = Release|ARM
		{E750C228-9511-4897-9A00-BA517E68D9A2}.AppStore|ARM.Deploy.0 = Release|ARM
		{E750C228-9511-4897-9A00-BA517E68D9A2}.AppStore|iPhone.ActiveCfg = Release|x86
		{E750C228-9511-4897-9A00-BA517E68D9A2}.AppStore|iPhone.Build.0 = Release|x86
		{E750C228-9511-4897-9A00-BA517E68D9A2}.AppStore|iPhone.Deploy.0 = Release|x86
		{E750C228-9511-4897-9A00-BA517E68D9A2}.AppStore|iPhoneSimulator.ActiveCfg = Release|x86
		{E750C228-9511-4897-9A00-BA517E68D9A2}.AppStore|iPhoneSimulator.Build.0 = Release|x86
		{E750C228-9511-4897-9A00-BA517E68D9A2}.AppStore|iPhoneSimulator.Deploy.0 = Release|x86
		{E750C228-9511-4897-9A00-BA517E68D9A2}.AppStore|x64.ActiveCfg = Release|x64
		{E750C228-9511-4897-9A00-BA517E68D9A2}.AppStore|x64.Build.0 = Release|x64
		{E750C228-9511-4897-9A00-BA517E68D9A2}.AppStore|x64.Deploy.0 = Release|x64
		{E750C228-9511-4897-9A00-BA517E68D9A2}.AppStore|x86.ActiveCfg = Release|x86
		{E750C228-9511-4897-9A00-BA517E68D9A2}.AppStore|x86.Build.0 = Release|x86
		{E750C228-9511-4897-9A00-BA517E68D9A2}.AppStore|x86.Deploy.0 = Release|x86
		{E750C228-9511-4897-9A00-BA517E68D9A2}.Debug|Any CPU.ActiveCfg = Debug|x86
		{E750C228-9511-4897-9A00-BA517E68D9A2}.Debug|Any CPU.Build.0 = Debug|x86
		{E750C228-9511-4897-9A00-BA517E68D9A2}.Debug|Any CPU.Deploy.0 = Debug|x86
		{E750C228-9511-4897-9A00-BA517E68D9A2}.Debug|ARM.ActiveCfg = Debug|ARM
		{E750C228-9511-4897-9A00-BA517E68D9A2}.Debug|ARM.Build.0 = Debug|ARM
		{E750C228-9511-4897-9A00-BA517E68D9A2}.Debug|ARM.Deploy.0 = Debug|ARM
		{E750C228-9511-4897-9A00-BA517E68D9A2}.Debug|iPhone.ActiveCfg = Debug|x86
		{E750C228-9511-4897-9A00-BA517E68D9A2}.Debug|iPhoneSimulator.ActiveCfg = Debug|x86
		{E750C228-9511-4897-9A00-BA517E68D9A2}.Debug|iPhoneSimulator.Build.0 = Debug|x86
		{E750C228-9511-4897-9A00-BA517E68D9A2}.Debug|iPhoneSimulator.Deploy.0 = Debug|x86
		{E750C228-9511-4897-9A00-BA517E68D9A2}.Debug|x64.ActiveCfg = Debug|x64
		{E750C228-9511-4897-9A00-BA517E68D9A2}.Debug|x64.Build.0 = Debug|x64
		{E750C228-9511-4897-9A00-BA517E68D9A2}.Debug|x64.Deploy.0 = Debug|x64
		{E750C228-9511-4897-9A00-BA517E68D9A2}.Debug|x86.ActiveCfg = Debug|x86
		{E750C228-9511-4897-9A00-BA517E68D9A2}.Debug|x86.Build.0 = Debug|x86
		{E750C228-9511-4897-9A00-BA517E68D9A2}.Debug|x86.Deploy.0 = Debug|x86
		{E750C228-9511-4897-9A00-BA517E68D9A2}.Release|Any CPU.ActiveCfg = Release|x86
		{E750C228-9511-4897-9A00-BA517E68D9A2}.Release|ARM.ActiveCfg = Release|ARM
		{E750C228-9511-4897-9A00-BA517E68D9A2}.Release|ARM.Build.0 = Release|ARM
		{E750C228-9511-4897-9A00-BA517E68D9A2}.Release|ARM.Deploy.0 = Release|ARM
		{E750C228-9511-4897-9A00-BA517E68D9A2}.Release|iPhone.ActiveCfg = Release|x86
		{E750C228-9511-4897-9A00-BA517E68D9A2}.Release|iPhoneSimulator.ActiveCfg = Release|x86
		{E750C228-9511-4897-9A00-BA517E68D9A2}.Release|x64.ActiveCfg = Release|x64
		{E750C228-9511-4897-9A00-BA517E68D9A2}.Release|x64.Build.0 = Release|x64
		{E750C228-9511-4897-9A00-BA517E68D9A2}.Release|x64.Deploy.0 = Release|x64
		{E750C228-9511-4897-9A00-BA517E68D9A2}.Release|x86.ActiveCfg = Release|x86
		{E750C228-9511-4897-9A00-BA517E68D9A2}.Release|x86.Build.0 = Release|x86
		{E750C228-9511-4897-9A00-BA517E68D9A2}.Release|x86.Deploy.0 = Release|x86
		{67F9D3A8-F71E-4428-913F-C37AE82CDB24}.Ad-Hoc|Any CPU.ActiveCfg = Release|Any CPU
		{67F9D3A8-F71E-4428-913F-C37AE82CDB24}.Ad-Hoc|Any CPU.Build.0 = Release|Any CPU
		{67F9D3A8-F71E-4428-913F-C37AE82CDB24}.Ad-Hoc|ARM.ActiveCfg = Release|Any CPU
		{67F9D3A8-F71E-4428-913F-C37AE82CDB24}.Ad-Hoc|ARM.Build.0 = Release|Any CPU
		{67F9D3A8-F71E-4428-913F-C37AE82CDB24}.Ad-Hoc|iPhone.ActiveCfg = Release|Any CPU
		{67F9D3A8-F71E-4428-913F-C37AE82CDB24}.Ad-Hoc|iPhone.Build.0 = Release|Any CPU
		{67F9D3A8-F71E-4428-913F-C37AE82CDB24}.Ad-Hoc|iPhoneSimulator.ActiveCfg = Release|Any CPU
		{67F9D3A8-F71E-4428-913F-C37AE82CDB24}.Ad-Hoc|iPhoneSimulator.Build.0 = Release|Any CPU
		{67F9D3A8-F71E-4428-913F-C37AE82CDB24}.Ad-Hoc|x64.ActiveCfg = Release|Any CPU
		{67F9D3A8-F71E-4428-913F-C37AE82CDB24}.Ad-Hoc|x64.Build.0 = Release|Any CPU
		{67F9D3A8-F71E-4428-913F-C37AE82CDB24}.Ad-Hoc|x86.ActiveCfg = Release|Any CPU
		{67F9D3A8-F71E-4428-913F-C37AE82CDB24}.Ad-Hoc|x86.Build.0 = Release|Any CPU
		{67F9D3A8-F71E-4428-913F-C37AE82CDB24}.AppStore|Any CPU.ActiveCfg = Release|Any CPU
		{67F9D3A8-F71E-4428-913F-C37AE82CDB24}.AppStore|Any CPU.Build.0 = Release|Any CPU
		{67F9D3A8-F71E-4428-913F-C37AE82CDB24}.AppStore|ARM.ActiveCfg = Release|Any CPU
		{67F9D3A8-F71E-4428-913F-C37AE82CDB24}.AppStore|ARM.Build.0 = Release|Any CPU
		{67F9D3A8-F71E-4428-913F-C37AE82CDB24}.AppStore|iPhone.ActiveCfg = Release|Any CPU
		{67F9D3A8-F71E-4428-913F-C37AE82CDB24}.AppStore|iPhone.Build.0 = Release|Any CPU
		{67F9D3A8-F71E-4428-913F-C37AE82CDB24}.AppStore|iPhoneSimulator.ActiveCfg = Release|Any CPU
		{67F9D3A8-F71E-4428-913F-C37AE82CDB24}.AppStore|iPhoneSimulator.Build.0 = Release|Any CPU
		{67F9D3A8-F71E-4428-913F-C37AE82CDB24}.AppStore|x64.ActiveCfg = Release|Any CPU
		{67F9D3A8-F71E-4428-913F-C37AE82CDB24}.AppStore|x64.Build.0 = Release|Any CPU
		{67F9D3A8-F71E-4428-913F-C37AE82CDB24}.AppStore|x86.ActiveCfg = Release|Any CPU
		{67F9D3A8-F71E-4428-913F-C37AE82CDB24}.AppStore|x86.Build.0 = Release|Any CPU
		{67F9D3A8-F71E-4428-913F-C37AE82CDB24}.Debug|Any CPU.ActiveCfg = Debug|Any CPU
		{67F9D3A8-F71E-4428-913F-C37AE82CDB24}.Debug|Any CPU.Build.0 = Debug|Any CPU
		{67F9D3A8-F71E-4428-913F-C37AE82CDB24}.Debug|ARM.ActiveCfg = Debug|Any CPU
		{67F9D3A8-F71E-4428-913F-C37AE82CDB24}.Debug|ARM.Build.0 = Debug|Any CPU
		{67F9D3A8-F71E-4428-913F-C37AE82CDB24}.Debug|iPhone.ActiveCfg = Debug|Any CPU
		{67F9D3A8-F71E-4428-913F-C37AE82CDB24}.Debug|iPhone.Build.0 = Debug|Any CPU
		{67F9D3A8-F71E-4428-913F-C37AE82CDB24}.Debug|iPhoneSimulator.ActiveCfg = Debug|Any CPU
		{67F9D3A8-F71E-4428-913F-C37AE82CDB24}.Debug|iPhoneSimulator.Build.0 = Debug|Any CPU
		{67F9D3A8-F71E-4428-913F-C37AE82CDB24}.Debug|x64.ActiveCfg = Debug|Any CPU
		{67F9D3A8-F71E-4428-913F-C37AE82CDB24}.Debug|x64.Build.0 = Debug|Any CPU
		{67F9D3A8-F71E-4428-913F-C37AE82CDB24}.Debug|x86.ActiveCfg = Debug|Any CPU
		{67F9D3A8-F71E-4428-913F-C37AE82CDB24}.Debug|x86.Build.0 = Debug|Any CPU
		{67F9D3A8-F71E-4428-913F-C37AE82CDB24}.Release|Any CPU.ActiveCfg = Release|Any CPU
		{67F9D3A8-F71E-4428-913F-C37AE82CDB24}.Release|Any CPU.Build.0 = Release|Any CPU
		{67F9D3A8-F71E-4428-913F-C37AE82CDB24}.Release|ARM.ActiveCfg = Release|Any CPU
		{67F9D3A8-F71E-4428-913F-C37AE82CDB24}.Release|ARM.Build.0 = Release|Any CPU
		{67F9D3A8-F71E-4428-913F-C37AE82CDB24}.Release|iPhone.ActiveCfg = Release|Any CPU
		{67F9D3A8-F71E-4428-913F-C37AE82CDB24}.Release|iPhone.Build.0 = Release|Any CPU
		{67F9D3A8-F71E-4428-913F-C37AE82CDB24}.Release|iPhoneSimulator.ActiveCfg = Release|Any CPU
		{67F9D3A8-F71E-4428-913F-C37AE82CDB24}.Release|iPhoneSimulator.Build.0 = Release|Any CPU
		{67F9D3A8-F71E-4428-913F-C37AE82CDB24}.Release|x64.ActiveCfg = Release|Any CPU
		{67F9D3A8-F71E-4428-913F-C37AE82CDB24}.Release|x64.Build.0 = Release|Any CPU
		{67F9D3A8-F71E-4428-913F-C37AE82CDB24}.Release|x86.ActiveCfg = Release|Any CPU
		{67F9D3A8-F71E-4428-913F-C37AE82CDB24}.Release|x86.Build.0 = Release|Any CPU
	EndGlobalSection
	GlobalSection(SolutionProperties) = preSolution
		HideSolutionNode = FALSE
	EndGlobalSection
EndGlobal
