
Microsoft Visual Studio Solution File, Format Version 12.00
# Visual Studio 14
VisualStudioVersion = 14.0.25420.1
MinimumVisualStudioVersion = 10.0.40219.1
Project("{D954291E-2A0B-460D-934E-DC6B0785DB48}") = "OAuth", "OAuth\OAuth.shproj", "{59BB9A58-8030-4D3F-B600-8302FBC22B2F}"
EndProject
Project("{FAE04EC0-301F-11D3-BF4B-00C04F79EFBC}") = "OAuth.Droid", "OAuth.Droid\OAuth.Droid.csproj", "{A1A1E81C-EC45-4C0C-B20D-5C21F6606995}"
EndProject
Project("{FAE04EC0-301F-11D3-BF4B-00C04F79EFBC}") = "OAuth.iOS", "OAuth.iOS\OAuth.iOS.csproj", "{3F3A386E-07A6-44DC-BC5C-52E85B2577BC}"
EndProject
Project("{FAE04EC0-301F-11D3-BF4B-00C04F79EFBC}") = "OAuth.UWP", "OAuth.UWP\OAuth.UWP.csproj", "{BD0BC931-6E95-49BC-ABAA-305A62C7774C}"
EndProject
Global
	GlobalSection(SharedMSBuildProjectFiles) = preSolution
		OAuth\OAuth.projitems*{3f3a386e-07a6-44dc-bc5c-52e85b2577bc}*SharedItemsImports = 4
		OAuth\OAuth.projitems*{59bb9a58-8030-4d3f-b600-8302fbc22b2f}*SharedItemsImports = 13
		OAuth\OAuth.projitems*{a1a1e81c-ec45-4c0c-b20d-5c21f6606995}*SharedItemsImports = 4
		OAuth\OAuth.projitems*{bd0bc931-6e95-49bc-abaa-305a62c7774c}*SharedItemsImports = 4
	EndGlobalSection
	GlobalSection(SolutionConfigurationPlatforms) = preSolution
		Ad-Hoc|Any CPU = Ad-Hoc|Any CPU
		Ad-Hoc|ARM = Ad-Hoc|ARM
		Ad-Hoc|iPhone = Ad-Hoc|iPhone
		Ad-Hoc|iPhoneSimulator = Ad-Hoc|iPhoneSimulator
		Ad-Hoc|x64 = Ad-Hoc|x64
		Ad-Hoc|x86 = Ad-Hoc|x86
		AppStore|Any CPU = AppStore|Any CPU
		AppStore|ARM = AppStore|ARM
		AppStore|iPhone = AppStore|iPhone
		AppStore|iPhoneSimulator = AppStore|iPhoneSimulator
		AppStore|x64 = AppStore|x64
		AppStore|x86 = AppStore|x86
		Debug|Any CPU = Debug|Any CPU
		Debug|ARM = Debug|ARM
		Debug|iPhone = Debug|iPhone
		Debug|iPhoneSimulator = Debug|iPhoneSimulator
		Debug|x64 = Debug|x64
		Debug|x86 = Debug|x86
		Release|Any CPU = Release|Any CPU
		Release|ARM = Release|ARM
		Release|iPhone = Release|iPhone
		Release|iPhoneSimulator = Release|iPhoneSimulator
		Release|x64 = Release|x64
		Release|x86 = Release|x86
	EndGlobalSection
	GlobalSection(ProjectConfigurationPlatforms) = postSolution
		{A1A1E81C-EC45-4C0C-B20D-5C21F6606995}.Ad-Hoc|Any CPU.ActiveCfg = Release|Any CPU
		{A1A1E81C-EC45-4C0C-B20D-5C21F6606995}.Ad-Hoc|Any CPU.Build.0 = Release|Any CPU
		{A1A1E81C-EC45-4C0C-B20D-5C21F6606995}.Ad-Hoc|Any CPU.Deploy.0 = Release|Any CPU
		{A1A1E81C-EC45-4C0C-B20D-5C21F6606995}.Ad-Hoc|ARM.ActiveCfg = Release|Any CPU
		{A1A1E81C-EC45-4C0C-B20D-5C21F6606995}.Ad-Hoc|ARM.Build.0 = Release|Any CPU
		{A1A1E81C-EC45-4C0C-B20D-5C21F6606995}.Ad-Hoc|ARM.Deploy.0 = Release|Any CPU
		{A1A1E81C-EC45-4C0C-B20D-5C21F6606995}.Ad-Hoc|iPhone.ActiveCfg = Release|Any CPU
		{A1A1E81C-EC45-4C0C-B20D-5C21F6606995}.Ad-Hoc|iPhone.Build.0 = Release|Any CPU
		{A1A1E81C-EC45-4C0C-B20D-5C21F6606995}.Ad-Hoc|iPhone.Deploy.0 = Release|Any CPU
		{A1A1E81C-EC45-4C0C-B20D-5C21F6606995}.Ad-Hoc|iPhoneSimulator.ActiveCfg = Release|Any CPU
		{A1A1E81C-EC45-4C0C-B20D-5C21F6606995}.Ad-Hoc|iPhoneSimulator.Build.0 = Release|Any CPU
		{A1A1E81C-EC45-4C0C-B20D-5C21F6606995}.Ad-Hoc|iPhoneSimulator.Deploy.0 = Release|Any CPU
		{A1A1E81C-EC45-4C0C-B20D-5C21F6606995}.Ad-Hoc|x64.ActiveCfg = Release|Any CPU
		{A1A1E81C-EC45-4C0C-B20D-5C21F6606995}.Ad-Hoc|x64.Build.0 = Release|Any CPU
		{A1A1E81C-EC45-4C0C-B20D-5C21F6606995}.Ad-Hoc|x64.Deploy.0 = Release|Any CPU
		{A1A1E81C-EC45-4C0C-B20D-5C21F6606995}.Ad-Hoc|x86.ActiveCfg = Release|Any CPU
		{A1A1E81C-EC45-4C0C-B20D-5C21F6606995}.Ad-Hoc|x86.Build.0 = Release|Any CPU
		{A1A1E81C-EC45-4C0C-B20D-5C21F6606995}.Ad-Hoc|x86.Deploy.0 = Release|Any CPU
		{A1A1E81C-EC45-4C0C-B20D-5C21F6606995}.AppStore|Any CPU.ActiveCfg = Release|Any CPU
		{A1A1E81C-EC45-4C0C-B20D-5C21F6606995}.AppStore|Any CPU.Build.0 = Release|Any CPU
		{A1A1E81C-EC45-4C0C-B20D-5C21F6606995}.AppStore|Any CPU.Deploy.0 = Release|Any CPU
		{A1A1E81C-EC45-4C0C-B20D-5C21F6606995}.AppStore|ARM.ActiveCfg = Release|Any CPU
		{A1A1E81C-EC45-4C0C-B20D-5C21F6606995}.AppStore|ARM.Build.0 = Release|Any CPU
		{A1A1E81C-EC45-4C0C-B20D-5C21F6606995}.AppStore|ARM.Deploy.0 = Release|Any CPU
		{A1A1E81C-EC45-4C0C-B20D-5C21F6606995}.AppStore|iPhone.ActiveCfg = Release|Any CPU
		{A1A1E81C-EC45-4C0C-B20D-5C21F6606995}.AppStore|iPhone.Build.0 = Release|Any CPU
		{A1A1E81C-EC45-4C0C-B20D-5C21F6606995}.AppStore|iPhone.Deploy.0 = Release|Any CPU
		{A1A1E81C-EC45-4C0C-B20D-5C21F6606995}.AppStore|iPhoneSimulator.ActiveCfg = Release|Any CPU
		{A1A1E81C-EC45-4C0C-B20D-5C21F6606995}.AppStore|iPhoneSimulator.Build.0 = Release|Any CPU
		{A1A1E81C-EC45-4C0C-B20D-5C21F6606995}.AppStore|iPhoneSimulator.Deploy.0 = Release|Any CPU
		{A1A1E81C-EC45-4C0C-B20D-5C21F6606995}.AppStore|x64.ActiveCfg = Release|Any CPU
		{A1A1E81C-EC45-4C0C-B20D-5C21F6606995}.AppStore|x64.Build.0 = Release|Any CPU
		{A1A1E81C-EC45-4C0C-B20D-5C21F6606995}.AppStore|x64.Deploy.0 = Release|Any CPU
		{A1A1E81C-EC45-4C0C-B20D-5C21F6606995}.AppStore|x86.ActiveCfg = Release|Any CPU
		{A1A1E81C-EC45-4C0C-B20D-5C21F6606995}.AppStore|x86.Build.0 = Release|Any CPU
		{A1A1E81C-EC45-4C0C-B20D-5C21F6606995}.AppStore|x86.Deploy.0 = Release|Any CPU
		{A1A1E81C-EC45-4C0C-B20D-5C21F6606995}.Debug|Any CPU.ActiveCfg = Debug|Any CPU
		{A1A1E81C-EC45-4C0C-B20D-5C21F6606995}.Debug|Any CPU.Build.0 = Debug|Any CPU
		{A1A1E81C-EC45-4C0C-B20D-5C21F6606995}.Debug|Any CPU.Deploy.0 = Debug|Any CPU
		{A1A1E81C-EC45-4C0C-B20D-5C21F6606995}.Debug|ARM.ActiveCfg = Debug|Any CPU
		{A1A1E81C-EC45-4C0C-B20D-5C21F6606995}.Debug|ARM.Build.0 = Debug|Any CPU
		{A1A1E81C-EC45-4C0C-B20D-5C21F6606995}.Debug|ARM.Deploy.0 = Debug|Any CPU
		{A1A1E81C-EC45-4C0C-B20D-5C21F6606995}.Debug|iPhone.ActiveCfg = Debug|Any CPU
		{A1A1E81C-EC45-4C0C-B20D-5C21F6606995}.Debug|iPhone.Build.0 = Debug|Any CPU
		{A1A1E81C-EC45-4C0C-B20D-5C21F6606995}.Debug|iPhone.Deploy.0 = Debug|Any CPU
		{A1A1E81C-EC45-4C0C-B20D-5C21F6606995}.Debug|iPhoneSimulator.ActiveCfg = Debug|Any CPU
		{A1A1E81C-EC45-4C0C-B20D-5C21F6606995}.Debug|iPhoneSimulator.Build.0 = Debug|Any CPU
		{A1A1E81C-EC45-4C0C-B20D-5C21F6606995}.Debug|iPhoneSimulator.Deploy.0 = Debug|Any CPU
		{A1A1E81C-EC45-4C0C-B20D-5C21F6606995}.Debug|x64.ActiveCfg = Debug|Any CPU
		{A1A1E81C-EC45-4C0C-B20D-5C21F6606995}.Debug|x64.Build.0 = Debug|Any CPU
		{A1A1E81C-EC45-4C0C-B20D-5C21F6606995}.Debug|x64.Deploy.0 = Debug|Any CPU
		{A1A1E81C-EC45-4C0C-B20D-5C21F6606995}.Debug|x86.ActiveCfg = Debug|Any CPU
		{A1A1E81C-EC45-4C0C-B20D-5C21F6606995}.Debug|x86.Build.0 = Debug|Any CPU
		{A1A1E81C-EC45-4C0C-B20D-5C21F6606995}.Debug|x86.Deploy.0 = Debug|Any CPU
		{A1A1E81C-EC45-4C0C-B20D-5C21F6606995}.Release|Any CPU.ActiveCfg = Release|Any CPU
		{A1A1E81C-EC45-4C0C-B20D-5C21F6606995}.Release|Any CPU.Build.0 = Release|Any CPU
		{A1A1E81C-EC45-4C0C-B20D-5C21F6606995}.Release|Any CPU.Deploy.0 = Release|Any CPU
		{A1A1E81C-EC45-4C0C-B20D-5C21F6606995}.Release|ARM.ActiveCfg = Release|Any CPU
		{A1A1E81C-EC45-4C0C-B20D-5C21F6606995}.Release|ARM.Build.0 = Release|Any CPU
		{A1A1E81C-EC45-4C0C-B20D-5C21F6606995}.Release|ARM.Deploy.0 = Release|Any CPU
		{A1A1E81C-EC45-4C0C-B20D-5C21F6606995}.Release|iPhone.ActiveCfg = Release|Any CPU
		{A1A1E81C-EC45-4C0C-B20D-5C21F6606995}.Release|iPhone.Build.0 = Release|Any CPU
		{A1A1E81C-EC45-4C0C-B20D-5C21F6606995}.Release|iPhone.Deploy.0 = Release|Any CPU
		{A1A1E81C-EC45-4C0C-B20D-5C21F6606995}.Release|iPhoneSimulator.ActiveCfg = Release|Any CPU
		{A1A1E81C-EC45-4C0C-B20D-5C21F6606995}.Release|iPhoneSimulator.Build.0 = Release|Any CPU
		{A1A1E81C-EC45-4C0C-B20D-5C21F6606995}.Release|iPhoneSimulator.Deploy.0 = Release|Any CPU
		{A1A1E81C-EC45-4C0C-B20D-5C21F6606995}.Release|x64.ActiveCfg = Release|Any CPU
		{A1A1E81C-EC45-4C0C-B20D-5C21F6606995}.Release|x64.Build.0 = Release|Any CPU
		{A1A1E81C-EC45-4C0C-B20D-5C21F6606995}.Release|x64.Deploy.0 = Release|Any CPU
		{A1A1E81C-EC45-4C0C-B20D-5C21F6606995}.Release|x86.ActiveCfg = Release|Any CPU
		{A1A1E81C-EC45-4C0C-B20D-5C21F6606995}.Release|x86.Build.0 = Release|Any CPU
		{A1A1E81C-EC45-4C0C-B20D-5C21F6606995}.Release|x86.Deploy.0 = Release|Any CPU
		{3F3A386E-07A6-44DC-BC5C-52E85B2577BC}.Ad-Hoc|Any CPU.ActiveCfg = Ad-Hoc|iPhone
		{3F3A386E-07A6-44DC-BC5C-52E85B2577BC}.Ad-Hoc|ARM.ActiveCfg = Ad-Hoc|iPhone
		{3F3A386E-07A6-44DC-BC5C-52E85B2577BC}.Ad-Hoc|iPhone.ActiveCfg = Ad-Hoc|iPhone
		{3F3A386E-07A6-44DC-BC5C-52E85B2577BC}.Ad-Hoc|iPhone.Build.0 = Ad-Hoc|iPhone
		{3F3A386E-07A6-44DC-BC5C-52E85B2577BC}.Ad-Hoc|iPhoneSimulator.ActiveCfg = Ad-Hoc|iPhoneSimulator
		{3F3A386E-07A6-44DC-BC5C-52E85B2577BC}.Ad-Hoc|iPhoneSimulator.Build.0 = Ad-Hoc|iPhoneSimulator
		{3F3A386E-07A6-44DC-BC5C-52E85B2577BC}.Ad-Hoc|x64.ActiveCfg = Ad-Hoc|iPhone
		{3F3A386E-07A6-44DC-BC5C-52E85B2577BC}.Ad-Hoc|x86.ActiveCfg = Ad-Hoc|iPhone
		{3F3A386E-07A6-44DC-BC5C-52E85B2577BC}.AppStore|Any CPU.ActiveCfg = AppStore|iPhone
		{3F3A386E-07A6-44DC-BC5C-52E85B2577BC}.AppStore|ARM.ActiveCfg = AppStore|iPhone
		{3F3A386E-07A6-44DC-BC5C-52E85B2577BC}.AppStore|iPhone.ActiveCfg = AppStore|iPhone
		{3F3A386E-07A6-44DC-BC5C-52E85B2577BC}.AppStore|iPhone.Build.0 = AppStore|iPhone
		{3F3A386E-07A6-44DC-BC5C-52E85B2577BC}.AppStore|iPhoneSimulator.ActiveCfg = AppStore|iPhoneSimulator
		{3F3A386E-07A6-44DC-BC5C-52E85B2577BC}.AppStore|iPhoneSimulator.Build.0 = AppStore|iPhoneSimulator
		{3F3A386E-07A6-44DC-BC5C-52E85B2577BC}.AppStore|x64.ActiveCfg = AppStore|iPhone
		{3F3A386E-07A6-44DC-BC5C-52E85B2577BC}.AppStore|x86.ActiveCfg = AppStore|iPhone
		{3F3A386E-07A6-44DC-BC5C-52E85B2577BC}.Debug|Any CPU.ActiveCfg = Debug|iPhone
		{3F3A386E-07A6-44DC-BC5C-52E85B2577BC}.Debug|ARM.ActiveCfg = Debug|iPhone
		{3F3A386E-07A6-44DC-BC5C-52E85B2577BC}.Debug|iPhone.ActiveCfg = Debug|iPhone
		{3F3A386E-07A6-44DC-BC5C-52E85B2577BC}.Debug|iPhone.Build.0 = Debug|iPhone
		{3F3A386E-07A6-44DC-BC5C-52E85B2577BC}.Debug|iPhoneSimulator.ActiveCfg = Debug|iPhoneSimulator
		{3F3A386E-07A6-44DC-BC5C-52E85B2577BC}.Debug|iPhoneSimulator.Build.0 = Debug|iPhoneSimulator
		{3F3A386E-07A6-44DC-BC5C-52E85B2577BC}.Debug|x64.ActiveCfg = Debug|iPhone
		{3F3A386E-07A6-44DC-BC5C-52E85B2577BC}.Debug|x86.ActiveCfg = Debug|iPhone
		{3F3A386E-07A6-44DC-BC5C-52E85B2577BC}.Release|Any CPU.ActiveCfg = Release|iPhone
		{3F3A386E-07A6-44DC-BC5C-52E85B2577BC}.Release|ARM.ActiveCfg = Release|iPhone
		{3F3A386E-07A6-44DC-BC5C-52E85B2577BC}.Release|iPhone.ActiveCfg = Release|iPhone
		{3F3A386E-07A6-44DC-BC5C-52E85B2577BC}.Release|iPhone.Build.0 = Release|iPhone
		{3F3A386E-07A6-44DC-BC5C-52E85B2577BC}.Release|iPhoneSimulator.ActiveCfg = Release|iPhoneSimulator
		{3F3A386E-07A6-44DC-BC5C-52E85B2577BC}.Release|iPhoneSimulator.Build.0 = Release|iPhoneSimulator
		{3F3A386E-07A6-44DC-BC5C-52E85B2577BC}.Release|x64.ActiveCfg = Release|iPhone
		{3F3A386E-07A6-44DC-BC5C-52E85B2577BC}.Release|x86.ActiveCfg = Release|iPhone
		{BD0BC931-6E95-49BC-ABAA-305A62C7774C}.Ad-Hoc|Any CPU.ActiveCfg = Release|x86
		{BD0BC931-6E95-49BC-ABAA-305A62C7774C}.Ad-Hoc|Any CPU.Build.0 = Release|x86
		{BD0BC931-6E95-49BC-ABAA-305A62C7774C}.Ad-Hoc|Any CPU.Deploy.0 = Release|x86
		{BD0BC931-6E95-49BC-ABAA-305A62C7774C}.Ad-Hoc|ARM.ActiveCfg = Release|ARM
		{BD0BC931-6E95-49BC-ABAA-305A62C7774C}.Ad-Hoc|ARM.Build.0 = Release|ARM
		{BD0BC931-6E95-49BC-ABAA-305A62C7774C}.Ad-Hoc|ARM.Deploy.0 = Release|ARM
		{BD0BC931-6E95-49BC-ABAA-305A62C7774C}.Ad-Hoc|iPhone.ActiveCfg = Release|x86
		{BD0BC931-6E95-49BC-ABAA-305A62C7774C}.Ad-Hoc|iPhone.Build.0 = Release|x86
		{BD0BC931-6E95-49BC-ABAA-305A62C7774C}.Ad-Hoc|iPhone.Deploy.0 = Release|x86
		{BD0BC931-6E95-49BC-ABAA-305A62C7774C}.Ad-Hoc|iPhoneSimulator.ActiveCfg = Release|x86
		{BD0BC931-6E95-49BC-ABAA-305A62C7774C}.Ad-Hoc|iPhoneSimulator.Build.0 = Release|x86
		{BD0BC931-6E95-49BC-ABAA-305A62C7774C}.Ad-Hoc|iPhoneSimulator.Deploy.0 = Release|x86
		{BD0BC931-6E95-49BC-ABAA-305A62C7774C}.Ad-Hoc|x64.ActiveCfg = Release|x64
		{BD0BC931-6E95-49BC-ABAA-305A62C7774C}.Ad-Hoc|x64.Build.0 = Release|x64
		{BD0BC931-6E95-49BC-ABAA-305A62C7774C}.Ad-Hoc|x64.Deploy.0 = Release|x64
		{BD0BC931-6E95-49BC-ABAA-305A62C7774C}.Ad-Hoc|x86.ActiveCfg = Release|x86
		{BD0BC931-6E95-49BC-ABAA-305A62C7774C}.Ad-Hoc|x86.Build.0 = Release|x86
		{BD0BC931-6E95-49BC-ABAA-305A62C7774C}.Ad-Hoc|x86.Deploy.0 = Release|x86
		{BD0BC931-6E95-49BC-ABAA-305A62C7774C}.AppStore|Any CPU.ActiveCfg = Release|x86
		{BD0BC931-6E95-49BC-ABAA-305A62C7774C}.AppStore|Any CPU.Build.0 = Release|x86
		{BD0BC931-6E95-49BC-ABAA-305A62C7774C}.AppStore|Any CPU.Deploy.0 = Release|x86
		{BD0BC931-6E95-49BC-ABAA-305A62C7774C}.AppStore|ARM.ActiveCfg = Release|ARM
		{BD0BC931-6E95-49BC-ABAA-305A62C7774C}.AppStore|ARM.Build.0 = Release|ARM
		{BD0BC931-6E95-49BC-ABAA-305A62C7774C}.AppStore|ARM.Deploy.0 = Release|ARM
		{BD0BC931-6E95-49BC-ABAA-305A62C7774C}.AppStore|iPhone.ActiveCfg = Release|x86
		{BD0BC931-6E95-49BC-ABAA-305A62C7774C}.AppStore|iPhone.Build.0 = Release|x86
		{BD0BC931-6E95-49BC-ABAA-305A62C7774C}.AppStore|iPhone.Deploy.0 = Release|x86
		{BD0BC931-6E95-49BC-ABAA-305A62C7774C}.AppStore|iPhoneSimulator.ActiveCfg = Release|x86
		{BD0BC931-6E95-49BC-ABAA-305A62C7774C}.AppStore|iPhoneSimulator.Build.0 = Release|x86
		{BD0BC931-6E95-49BC-ABAA-305A62C7774C}.AppStore|iPhoneSimulator.Deploy.0 = Release|x86
		{BD0BC931-6E95-49BC-ABAA-305A62C7774C}.AppStore|x64.ActiveCfg = Release|x64
		{BD0BC931-6E95-49BC-ABAA-305A62C7774C}.AppStore|x64.Build.0 = Release|x64
		{BD0BC931-6E95-49BC-ABAA-305A62C7774C}.AppStore|x64.Deploy.0 = Release|x64
		{BD0BC931-6E95-49BC-ABAA-305A62C7774C}.AppStore|x86.ActiveCfg = Release|x86
		{BD0BC931-6E95-49BC-ABAA-305A62C7774C}.AppStore|x86.Build.0 = Release|x86
		{BD0BC931-6E95-49BC-ABAA-305A62C7774C}.AppStore|x86.Deploy.0 = Release|x86
		{BD0BC931-6E95-49BC-ABAA-305A62C7774C}.Debug|Any CPU.ActiveCfg = Debug|x86
		{BD0BC931-6E95-49BC-ABAA-305A62C7774C}.Debug|Any CPU.Build.0 = Debug|x86
		{BD0BC931-6E95-49BC-ABAA-305A62C7774C}.Debug|ARM.ActiveCfg = Debug|ARM
		{BD0BC931-6E95-49BC-ABAA-305A62C7774C}.Debug|ARM.Build.0 = Debug|ARM
		{BD0BC931-6E95-49BC-ABAA-305A62C7774C}.Debug|ARM.Deploy.0 = Debug|ARM
		{BD0BC931-6E95-49BC-ABAA-305A62C7774C}.Debug|iPhone.ActiveCfg = Debug|x86
		{BD0BC931-6E95-49BC-ABAA-305A62C7774C}.Debug|iPhoneSimulator.ActiveCfg = Debug|x86
		{BD0BC931-6E95-49BC-ABAA-305A62C7774C}.Debug|iPhoneSimulator.Build.0 = Debug|x86
		{BD0BC931-6E95-49BC-ABAA-305A62C7774C}.Debug|iPhoneSimulator.Deploy.0 = Debug|x86
		{BD0BC931-6E95-49BC-ABAA-305A62C7774C}.Debug|x64.ActiveCfg = Debug|x64
		{BD0BC931-6E95-49BC-ABAA-305A62C7774C}.Debug|x64.Build.0 = Debug|x64
		{BD0BC931-6E95-49BC-ABAA-305A62C7774C}.Debug|x64.Deploy.0 = Debug|x64
		{BD0BC931-6E95-49BC-ABAA-305A62C7774C}.Debug|x86.ActiveCfg = Debug|x86
		{BD0BC931-6E95-49BC-ABAA-305A62C7774C}.Debug|x86.Build.0 = Debug|x86
		{BD0BC931-6E95-49BC-ABAA-305A62C7774C}.Debug|x86.Deploy.0 = Debug|x86
		{BD0BC931-6E95-49BC-ABAA-305A62C7774C}.Release|Any CPU.ActiveCfg = Release|x86
		{BD0BC931-6E95-49BC-ABAA-305A62C7774C}.Release|ARM.ActiveCfg = Release|ARM
		{BD0BC931-6E95-49BC-ABAA-305A62C7774C}.Release|ARM.Build.0 = Release|ARM
		{BD0BC931-6E95-49BC-ABAA-305A62C7774C}.Release|ARM.Deploy.0 = Release|ARM
		{BD0BC931-6E95-49BC-ABAA-305A62C7774C}.Release|iPhone.ActiveCfg = Release|x86
		{BD0BC931-6E95-49BC-ABAA-305A62C7774C}.Release|iPhoneSimulator.ActiveCfg = Release|x86
		{BD0BC931-6E95-49BC-ABAA-305A62C7774C}.Release|x64.ActiveCfg = Release|x64
		{BD0BC931-6E95-49BC-ABAA-305A62C7774C}.Release|x64.Build.0 = Release|x64
		{BD0BC931-6E95-49BC-ABAA-305A62C7774C}.Release|x64.Deploy.0 = Release|x64
		{BD0BC931-6E95-49BC-ABAA-305A62C7774C}.Release|x86.ActiveCfg = Release|x86
		{BD0BC931-6E95-49BC-ABAA-305A62C7774C}.Release|x86.Build.0 = Release|x86
		{BD0BC931-6E95-49BC-ABAA-305A62C7774C}.Release|x86.Deploy.0 = Release|x86
	EndGlobalSection
	GlobalSection(SolutionProperties) = preSolution
		HideSolutionNode = FALSE
	EndGlobalSection
EndGlobal
