
Microsoft Visual Studio Solution File, Format Version 12.00
# Visual Studio Version 17
VisualStudioVersion = 17.3.32922.545
MinimumVisualStudioVersion = 10.0.40219.1
Project("{FAE04EC0-301F-11D3-BF4B-00C04F79EFBC}") = "ArcGIS.UWP.Viewer", "ArcGIS.UWP.Viewer\ArcGIS.UWP.Viewer.csproj", "{BE5076AF-ECE0-4EA9-994E-37BAD4B19828}"
EndProject
Project("{D954291E-2A0B-460D-934E-DC6B0785DB48}") = "ArcGIS.Samples.Shared", "..\Samples.Shared\ArcGIS.Samples.Shared.shproj", "{0AD85845-0BA1-4DC9-8C32-E6FD7632E32D}"
EndProject
Global
	GlobalSection(SolutionConfigurationPlatforms) = preSolution
		Debug|ARM64 = Debug|ARM64
		Debug|x64 = Debug|x64
		Debug|x86 = Debug|x86
		Release|ARM64 = Release|ARM64
		Release|x64 = Release|x64
		Release|x86 = Release|x86
	EndGlobalSection
	GlobalSection(ProjectConfigurationPlatforms) = postSolution
		{BE5076AF-ECE0-4EA9-994E-37BAD4B19828}.Debug|ARM64.ActiveCfg = Debug|ARM64
		{BE5076AF-ECE0-4EA9-994E-37BAD4B19828}.Debug|ARM64.Build.0 = Debug|ARM64
		{BE5076AF-ECE0-4EA9-994E-37BAD4B19828}.Debug|ARM64.Deploy.0 = Debug|ARM64
		{BE5076AF-ECE0-4EA9-994E-37BAD4B19828}.Debug|x64.ActiveCfg = Debug|x64
		{BE5076AF-ECE0-4EA9-994E-37BAD4B19828}.Debug|x64.Build.0 = Debug|x64
		{BE5076AF-ECE0-4EA9-994E-37BAD4B19828}.Debug|x64.Deploy.0 = Debug|x64
		{BE5076AF-ECE0-4EA9-994E-37BAD4B19828}.Debug|x86.ActiveCfg = Debug|x86
		{BE5076AF-ECE0-4EA9-994E-37BAD4B19828}.Debug|x86.Build.0 = Debug|x86
		{BE5076AF-ECE0-4EA9-994E-37BAD4B19828}.Debug|x86.Deploy.0 = Debug|x86
		{BE5076AF-ECE0-4EA9-994E-37BAD4B19828}.Release|ARM64.ActiveCfg = Release|ARM64
		{BE5076AF-ECE0-4EA9-994E-37BAD4B19828}.Release|ARM64.Build.0 = Release|ARM64
		{BE5076AF-ECE0-4EA9-994E-37BAD4B19828}.Release|ARM64.Deploy.0 = Release|ARM64
		{BE5076AF-ECE0-4EA9-994E-37BAD4B19828}.Release|x64.ActiveCfg = Release|x64
		{BE5076AF-ECE0-4EA9-994E-37BAD4B19828}.Release|x64.Build.0 = Release|x64
		{BE5076AF-ECE0-4EA9-994E-37BAD4B19828}.Release|x64.Deploy.0 = Release|x64
		{BE5076AF-ECE0-4EA9-994E-37BAD4B19828}.Release|x86.ActiveCfg = Release|x86
		{BE5076AF-ECE0-4EA9-994E-37BAD4B19828}.Release|x86.Build.0 = Release|x86
		{BE5076AF-ECE0-4EA9-994E-37BAD4B19828}.Release|x86.Deploy.0 = Release|x86
	EndGlobalSection
	GlobalSection(SolutionProperties) = preSolution
		HideSolutionNode = FALSE
	EndGlobalSection
	GlobalSection(ExtensibilityGlobals) = postSolution
		SolutionGuid = {07D26629-0967-48A1-8811-CB45A7F9E4C9}
	EndGlobalSection
	GlobalSection(SharedMSBuildProjectFiles) = preSolution
		..\Samples.Shared\ArcGIS.Samples.Shared.projitems*{0ad85845-0ba1-4dc9-8c32-e6fd7632e32d}*SharedItemsImports = 13
		..\Samples.Shared\ArcGIS.Samples.Shared.projitems*{be5076af-ece0-4ea9-994e-37bad4b19828}*SharedItemsImports = 4
	EndGlobalSection
EndGlobal
