
Microsoft Visual Studio Solution File, Format Version 12.00
# Visual Studio 15
VisualStudioVersion = 15.0.27130.2027
MinimumVisualStudioVersion = 10.0.40219.1
Project("{D954291E-2A0B-460D-934E-DC6B0785DB48}") = "ArcGISRuntime.Xamarin.Forms", "Shared\ArcGISRuntime.Xamarin.Forms.shproj", "{05BAEB1E-03DD-4BDC-B0EB-07B2679D9DB8}"
EndProject
Project("{FAE04EC0-301F-11D3-BF4B-00C04F79EFBC}") = "ArcGISRuntime.Xamarin.Forms.iOS", "iOS\ArcGISRuntime.Xamarin.Forms.iOS.csproj", "{DB2FC14A-7608-44F9-BCF4-88EC7C1AA949}"
EndProject
Project("{FAE04EC0-301F-11D3-BF4B-00C04F79EFBC}") = "ArcGISRuntime.Xamarin.Forms.Android", "Android\ArcGISRuntime.Xamarin.Forms.Android.csproj", "{5DA4DCDA-0167-4EDA-B6CF-5711458CA9BF}"
EndProject
Project("{FAE04EC0-301F-11D3-BF4B-00C04F79EFBC}") = "ArcGISRuntime.Xamarin.Forms.UWP", "UWP\ArcGISRuntime.Xamarin.Forms.UWP.csproj", "{183E6918-B2CD-4EEB-9666-8889A151BC7D}"
EndProject
Project("{D954291E-2A0B-460D-934E-DC6B0785DB48}") = "ArcGISRuntime.Samples.Shared", "..\ArcGISRuntime.Samples.Shared\ArcGISRuntime.Samples.Shared.shproj", "{0AD85845-0BA1-4DC9-8C32-E6FD7632E32D}"
EndProject
Global
	GlobalSection(SharedMSBuildProjectFiles) = preSolution
		Shared\Forms.projitems*{05baeb1e-03dd-4bdc-b0eb-07b2679d9db8}*SharedItemsImports = 13
		..\ArcGISRuntime.Samples.Shared\ArcGISRuntime.Samples.Shared.projitems*{0ad85845-0ba1-4dc9-8c32-e6fd7632e32d}*SharedItemsImports = 13
		..\ArcGISRuntime.Samples.Shared\ArcGISRuntime.Samples.Shared.projitems*{183e6918-b2cd-4eeb-9666-8889a151bc7d}*SharedItemsImports = 4
		Shared\Forms.projitems*{183e6918-b2cd-4eeb-9666-8889a151bc7d}*SharedItemsImports = 4
		..\ArcGISRuntime.Samples.Shared\ArcGISRuntime.Samples.Shared.projitems*{5da4dcda-0167-4eda-b6cf-5711458ca9bf}*SharedItemsImports = 4
		Shared\Forms.projitems*{5da4dcda-0167-4eda-b6cf-5711458ca9bf}*SharedItemsImports = 4
		..\ArcGISRuntime.Samples.Shared\ArcGISRuntime.Samples.Shared.projitems*{db2fc14a-7608-44f9-bcf4-88ec7c1aa949}*SharedItemsImports = 4
		Shared\Forms.projitems*{db2fc14a-7608-44f9-bcf4-88ec7c1aa949}*SharedItemsImports = 4
	EndGlobalSection
	GlobalSection(SolutionConfigurationPlatforms) = preSolution
		Ad-Hoc|Any CPU = Ad-Hoc|Any CPU
		Ad-Hoc|ARM = Ad-Hoc|ARM
		Ad-Hoc|iPhone = Ad-Hoc|iPhone
		Ad-Hoc|iPhoneSimulator = Ad-Hoc|iPhoneSimulator
		Ad-Hoc|x64 = Ad-Hoc|x64
		Ad-Hoc|x86 = Ad-Hoc|x86
		AppStore|Any CPU = AppStore|Any CPU
		AppStore|ARM = AppStore|ARM
		AppStore|iPhone = AppStore|iPhone
		AppStore|iPhoneSimulator = AppStore|iPhoneSimulator
		AppStore|x64 = AppStore|x64
		AppStore|x86 = AppStore|x86
		Debug|Any CPU = Debug|Any CPU
		Debug|ARM = Debug|ARM
		Debug|iPhone = Debug|iPhone
		Debug|iPhoneSimulator = Debug|iPhoneSimulator
		Debug|x64 = Debug|x64
		Debug|x86 = Debug|x86
		Release|Any CPU = Release|Any CPU
		Release|ARM = Release|ARM
		Release|iPhone = Release|iPhone
		Release|iPhoneSimulator = Release|iPhoneSimulator
		Release|x64 = Release|x64
		Release|x86 = Release|x86
	EndGlobalSection
	GlobalSection(ProjectConfigurationPlatforms) = postSolution
		{DB2FC14A-7608-44F9-BCF4-88EC7C1AA949}.Ad-Hoc|Any CPU.ActiveCfg = Ad-Hoc|iPhone
		{DB2FC14A-7608-44F9-BCF4-88EC7C1AA949}.Ad-Hoc|ARM.ActiveCfg = Ad-Hoc|iPhoneSimulator
		{DB2FC14A-7608-44F9-BCF4-88EC7C1AA949}.Ad-Hoc|iPhone.ActiveCfg = Ad-Hoc|iPhone
		{DB2FC14A-7608-44F9-BCF4-88EC7C1AA949}.Ad-Hoc|iPhone.Build.0 = Ad-Hoc|iPhone
		{DB2FC14A-7608-44F9-BCF4-88EC7C1AA949}.Ad-Hoc|iPhoneSimulator.ActiveCfg = Ad-Hoc|iPhoneSimulator
		{DB2FC14A-7608-44F9-BCF4-88EC7C1AA949}.Ad-Hoc|iPhoneSimulator.Build.0 = Ad-Hoc|iPhoneSimulator
		{DB2FC14A-7608-44F9-BCF4-88EC7C1AA949}.Ad-Hoc|x64.ActiveCfg = Ad-Hoc|iPhoneSimulator
		{DB2FC14A-7608-44F9-BCF4-88EC7C1AA949}.Ad-Hoc|x86.ActiveCfg = Ad-Hoc|iPhoneSimulator
		{DB2FC14A-7608-44F9-BCF4-88EC7C1AA949}.AppStore|Any CPU.ActiveCfg = AppStore|iPhone
		{DB2FC14A-7608-44F9-BCF4-88EC7C1AA949}.AppStore|ARM.ActiveCfg = AppStore|iPhoneSimulator
		{DB2FC14A-7608-44F9-BCF4-88EC7C1AA949}.AppStore|iPhone.ActiveCfg = AppStore|iPhone
		{DB2FC14A-7608-44F9-BCF4-88EC7C1AA949}.AppStore|iPhone.Build.0 = AppStore|iPhone
		{DB2FC14A-7608-44F9-BCF4-88EC7C1AA949}.AppStore|iPhoneSimulator.ActiveCfg = AppStore|iPhoneSimulator
		{DB2FC14A-7608-44F9-BCF4-88EC7C1AA949}.AppStore|iPhoneSimulator.Build.0 = AppStore|iPhoneSimulator
		{DB2FC14A-7608-44F9-BCF4-88EC7C1AA949}.AppStore|x64.ActiveCfg = AppStore|iPhoneSimulator
		{DB2FC14A-7608-44F9-BCF4-88EC7C1AA949}.AppStore|x86.ActiveCfg = AppStore|iPhoneSimulator
		{DB2FC14A-7608-44F9-BCF4-88EC7C1AA949}.Debug|Any CPU.ActiveCfg = Debug|iPhone
		{DB2FC14A-7608-44F9-BCF4-88EC7C1AA949}.Debug|ARM.ActiveCfg = Debug|iPhoneSimulator
		{DB2FC14A-7608-44F9-BCF4-88EC7C1AA949}.Debug|iPhone.ActiveCfg = Debug|iPhone
		{DB2FC14A-7608-44F9-BCF4-88EC7C1AA949}.Debug|iPhone.Build.0 = Debug|iPhone
		{DB2FC14A-7608-44F9-BCF4-88EC7C1AA949}.Debug|iPhoneSimulator.ActiveCfg = Debug|iPhoneSimulator
		{DB2FC14A-7608-44F9-BCF4-88EC7C1AA949}.Debug|iPhoneSimulator.Build.0 = Debug|iPhoneSimulator
		{DB2FC14A-7608-44F9-BCF4-88EC7C1AA949}.Debug|x64.ActiveCfg = Debug|iPhoneSimulator
		{DB2FC14A-7608-44F9-BCF4-88EC7C1AA949}.Debug|x86.ActiveCfg = Debug|iPhoneSimulator
		{DB2FC14A-7608-44F9-BCF4-88EC7C1AA949}.Release|Any CPU.ActiveCfg = Release|iPhone
		{DB2FC14A-7608-44F9-BCF4-88EC7C1AA949}.Release|ARM.ActiveCfg = Release|iPhoneSimulator
		{DB2FC14A-7608-44F9-BCF4-88EC7C1AA949}.Release|iPhone.ActiveCfg = Release|iPhone
		{DB2FC14A-7608-44F9-BCF4-88EC7C1AA949}.Release|iPhone.Build.0 = Release|iPhone
		{DB2FC14A-7608-44F9-BCF4-88EC7C1AA949}.Release|iPhoneSimulator.ActiveCfg = Release|iPhoneSimulator
		{DB2FC14A-7608-44F9-BCF4-88EC7C1AA949}.Release|iPhoneSimulator.Build.0 = Release|iPhoneSimulator
		{DB2FC14A-7608-44F9-BCF4-88EC7C1AA949}.Release|x64.ActiveCfg = Release|iPhoneSimulator
		{DB2FC14A-7608-44F9-BCF4-88EC7C1AA949}.Release|x86.ActiveCfg = Release|iPhoneSimulator
		{5DA4DCDA-0167-4EDA-B6CF-5711458CA9BF}.Ad-Hoc|Any CPU.ActiveCfg = Release|Any CPU
		{5DA4DCDA-0167-4EDA-B6CF-5711458CA9BF}.Ad-Hoc|Any CPU.Build.0 = Release|Any CPU
		{5DA4DCDA-0167-4EDA-B6CF-5711458CA9BF}.Ad-Hoc|Any CPU.Deploy.0 = Release|Any CPU
		{5DA4DCDA-0167-4EDA-B6CF-5711458CA9BF}.Ad-Hoc|ARM.ActiveCfg = Debug|Any CPU
		{5DA4DCDA-0167-4EDA-B6CF-5711458CA9BF}.Ad-Hoc|ARM.Build.0 = Debug|Any CPU
		{5DA4DCDA-0167-4EDA-B6CF-5711458CA9BF}.Ad-Hoc|ARM.Deploy.0 = Debug|Any CPU
		{5DA4DCDA-0167-4EDA-B6CF-5711458CA9BF}.Ad-Hoc|iPhone.ActiveCfg = Release|Any CPU
		{5DA4DCDA-0167-4EDA-B6CF-5711458CA9BF}.Ad-Hoc|iPhone.Build.0 = Release|Any CPU
		{5DA4DCDA-0167-4EDA-B6CF-5711458CA9BF}.Ad-Hoc|iPhone.Deploy.0 = Release|Any CPU
		{5DA4DCDA-0167-4EDA-B6CF-5711458CA9BF}.Ad-Hoc|iPhoneSimulator.ActiveCfg = Release|Any CPU
		{5DA4DCDA-0167-4EDA-B6CF-5711458CA9BF}.Ad-Hoc|iPhoneSimulator.Build.0 = Release|Any CPU
		{5DA4DCDA-0167-4EDA-B6CF-5711458CA9BF}.Ad-Hoc|iPhoneSimulator.Deploy.0 = Release|Any CPU
		{5DA4DCDA-0167-4EDA-B6CF-5711458CA9BF}.Ad-Hoc|x64.ActiveCfg = Debug|Any CPU
		{5DA4DCDA-0167-4EDA-B6CF-5711458CA9BF}.Ad-Hoc|x64.Build.0 = Debug|Any CPU
		{5DA4DCDA-0167-4EDA-B6CF-5711458CA9BF}.Ad-Hoc|x64.Deploy.0 = Debug|Any CPU
		{5DA4DCDA-0167-4EDA-B6CF-5711458CA9BF}.Ad-Hoc|x86.ActiveCfg = Debug|Any CPU
		{5DA4DCDA-0167-4EDA-B6CF-5711458CA9BF}.Ad-Hoc|x86.Build.0 = Debug|Any CPU
		{5DA4DCDA-0167-4EDA-B6CF-5711458CA9BF}.Ad-Hoc|x86.Deploy.0 = Debug|Any CPU
		{5DA4DCDA-0167-4EDA-B6CF-5711458CA9BF}.AppStore|Any CPU.ActiveCfg = Release|Any CPU
		{5DA4DCDA-0167-4EDA-B6CF-5711458CA9BF}.AppStore|Any CPU.Build.0 = Release|Any CPU
		{5DA4DCDA-0167-4EDA-B6CF-5711458CA9BF}.AppStore|Any CPU.Deploy.0 = Release|Any CPU
		{5DA4DCDA-0167-4EDA-B6CF-5711458CA9BF}.AppStore|ARM.ActiveCfg = Debug|Any CPU
		{5DA4DCDA-0167-4EDA-B6CF-5711458CA9BF}.AppStore|ARM.Build.0 = Debug|Any CPU
		{5DA4DCDA-0167-4EDA-B6CF-5711458CA9BF}.AppStore|ARM.Deploy.0 = Debug|Any CPU
		{5DA4DCDA-0167-4EDA-B6CF-5711458CA9BF}.AppStore|iPhone.ActiveCfg = Release|Any CPU
		{5DA4DCDA-0167-4EDA-B6CF-5711458CA9BF}.AppStore|iPhone.Build.0 = Release|Any CPU
		{5DA4DCDA-0167-4EDA-B6CF-5711458CA9BF}.AppStore|iPhone.Deploy.0 = Release|Any CPU
		{5DA4DCDA-0167-4EDA-B6CF-5711458CA9BF}.AppStore|iPhoneSimulator.ActiveCfg = Release|Any CPU
		{5DA4DCDA-0167-4EDA-B6CF-5711458CA9BF}.AppStore|iPhoneSimulator.Build.0 = Release|Any CPU
		{5DA4DCDA-0167-4EDA-B6CF-5711458CA9BF}.AppStore|iPhoneSimulator.Deploy.0 = Release|Any CPU
		{5DA4DCDA-0167-4EDA-B6CF-5711458CA9BF}.AppStore|x64.ActiveCfg = Debug|Any CPU
		{5DA4DCDA-0167-4EDA-B6CF-5711458CA9BF}.AppStore|x64.Build.0 = Debug|Any CPU
		{5DA4DCDA-0167-4EDA-B6CF-5711458CA9BF}.AppStore|x64.Deploy.0 = Debug|Any CPU
		{5DA4DCDA-0167-4EDA-B6CF-5711458CA9BF}.AppStore|x86.ActiveCfg = Debug|Any CPU
		{5DA4DCDA-0167-4EDA-B6CF-5711458CA9BF}.AppStore|x86.Build.0 = Debug|Any CPU
		{5DA4DCDA-0167-4EDA-B6CF-5711458CA9BF}.AppStore|x86.Deploy.0 = Debug|Any CPU
		{5DA4DCDA-0167-4EDA-B6CF-5711458CA9BF}.Debug|Any CPU.ActiveCfg = Debug|Any CPU
		{5DA4DCDA-0167-4EDA-B6CF-5711458CA9BF}.Debug|Any CPU.Build.0 = Debug|Any CPU
		{5DA4DCDA-0167-4EDA-B6CF-5711458CA9BF}.Debug|Any CPU.Deploy.0 = Debug|Any CPU
		{5DA4DCDA-0167-4EDA-B6CF-5711458CA9BF}.Debug|ARM.ActiveCfg = Debug|Any CPU
		{5DA4DCDA-0167-4EDA-B6CF-5711458CA9BF}.Debug|ARM.Build.0 = Debug|Any CPU
		{5DA4DCDA-0167-4EDA-B6CF-5711458CA9BF}.Debug|ARM.Deploy.0 = Debug|Any CPU
		{5DA4DCDA-0167-4EDA-B6CF-5711458CA9BF}.Debug|iPhone.ActiveCfg = Debug|Any CPU
		{5DA4DCDA-0167-4EDA-B6CF-5711458CA9BF}.Debug|iPhone.Build.0 = Debug|Any CPU
		{5DA4DCDA-0167-4EDA-B6CF-5711458CA9BF}.Debug|iPhone.Deploy.0 = Debug|Any CPU
		{5DA4DCDA-0167-4EDA-B6CF-5711458CA9BF}.Debug|iPhoneSimulator.ActiveCfg = Debug|Any CPU
		{5DA4DCDA-0167-4EDA-B6CF-5711458CA9BF}.Debug|iPhoneSimulator.Build.0 = Debug|Any CPU
		{5DA4DCDA-0167-4EDA-B6CF-5711458CA9BF}.Debug|iPhoneSimulator.Deploy.0 = Debug|Any CPU
		{5DA4DCDA-0167-4EDA-B6CF-5711458CA9BF}.Debug|x64.ActiveCfg = Debug|Any CPU
		{5DA4DCDA-0167-4EDA-B6CF-5711458CA9BF}.Debug|x64.Build.0 = Debug|Any CPU
		{5DA4DCDA-0167-4EDA-B6CF-5711458CA9BF}.Debug|x64.Deploy.0 = Debug|Any CPU
		{5DA4DCDA-0167-4EDA-B6CF-5711458CA9BF}.Debug|x86.ActiveCfg = Debug|Any CPU
		{5DA4DCDA-0167-4EDA-B6CF-5711458CA9BF}.Debug|x86.Build.0 = Debug|Any CPU
		{5DA4DCDA-0167-4EDA-B6CF-5711458CA9BF}.Debug|x86.Deploy.0 = Debug|Any CPU
		{5DA4DCDA-0167-4EDA-B6CF-5711458CA9BF}.Release|Any CPU.ActiveCfg = Release|Any CPU
		{5DA4DCDA-0167-4EDA-B6CF-5711458CA9BF}.Release|Any CPU.Build.0 = Release|Any CPU
		{5DA4DCDA-0167-4EDA-B6CF-5711458CA9BF}.Release|Any CPU.Deploy.0 = Release|Any CPU
		{5DA4DCDA-0167-4EDA-B6CF-5711458CA9BF}.Release|ARM.ActiveCfg = Release|Any CPU
		{5DA4DCDA-0167-4EDA-B6CF-5711458CA9BF}.Release|ARM.Build.0 = Release|Any CPU
		{5DA4DCDA-0167-4EDA-B6CF-5711458CA9BF}.Release|ARM.Deploy.0 = Release|Any CPU
		{5DA4DCDA-0167-4EDA-B6CF-5711458CA9BF}.Release|iPhone.ActiveCfg = Release|Any CPU
		{5DA4DCDA-0167-4EDA-B6CF-5711458CA9BF}.Release|iPhone.Build.0 = Release|Any CPU
		{5DA4DCDA-0167-4EDA-B6CF-5711458CA9BF}.Release|iPhone.Deploy.0 = Release|Any CPU
		{5DA4DCDA-0167-4EDA-B6CF-5711458CA9BF}.Release|iPhoneSimulator.ActiveCfg = Release|Any CPU
		{5DA4DCDA-0167-4EDA-B6CF-5711458CA9BF}.Release|iPhoneSimulator.Build.0 = Release|Any CPU
		{5DA4DCDA-0167-4EDA-B6CF-5711458CA9BF}.Release|iPhoneSimulator.Deploy.0 = Release|Any CPU
		{5DA4DCDA-0167-4EDA-B6CF-5711458CA9BF}.Release|x64.ActiveCfg = Release|Any CPU
		{5DA4DCDA-0167-4EDA-B6CF-5711458CA9BF}.Release|x64.Build.0 = Release|Any CPU
		{5DA4DCDA-0167-4EDA-B6CF-5711458CA9BF}.Release|x64.Deploy.0 = Release|Any CPU
		{5DA4DCDA-0167-4EDA-B6CF-5711458CA9BF}.Release|x86.ActiveCfg = Release|Any CPU
		{5DA4DCDA-0167-4EDA-B6CF-5711458CA9BF}.Release|x86.Build.0 = Release|Any CPU
		{5DA4DCDA-0167-4EDA-B6CF-5711458CA9BF}.Release|x86.Deploy.0 = Release|Any CPU
		{183E6918-B2CD-4EEB-9666-8889A151BC7D}.Ad-Hoc|Any CPU.ActiveCfg = Release|x86
		{183E6918-B2CD-4EEB-9666-8889A151BC7D}.Ad-Hoc|Any CPU.Build.0 = Release|x86
		{183E6918-B2CD-4EEB-9666-8889A151BC7D}.Ad-Hoc|Any CPU.Deploy.0 = Release|x86
		{183E6918-B2CD-4EEB-9666-8889A151BC7D}.Ad-Hoc|ARM.ActiveCfg = Release|ARM
		{183E6918-B2CD-4EEB-9666-8889A151BC7D}.Ad-Hoc|ARM.Build.0 = Release|ARM
		{183E6918-B2CD-4EEB-9666-8889A151BC7D}.Ad-Hoc|ARM.Deploy.0 = Release|ARM
		{183E6918-B2CD-4EEB-9666-8889A151BC7D}.Ad-Hoc|iPhone.ActiveCfg = Release|x86
		{183E6918-B2CD-4EEB-9666-8889A151BC7D}.Ad-Hoc|iPhone.Build.0 = Release|x86
		{183E6918-B2CD-4EEB-9666-8889A151BC7D}.Ad-Hoc|iPhone.Deploy.0 = Release|x86
		{183E6918-B2CD-4EEB-9666-8889A151BC7D}.Ad-Hoc|iPhoneSimulator.ActiveCfg = Release|x86
		{183E6918-B2CD-4EEB-9666-8889A151BC7D}.Ad-Hoc|iPhoneSimulator.Build.0 = Release|x86
		{183E6918-B2CD-4EEB-9666-8889A151BC7D}.Ad-Hoc|iPhoneSimulator.Deploy.0 = Release|x86
		{183E6918-B2CD-4EEB-9666-8889A151BC7D}.Ad-Hoc|x64.ActiveCfg = Release|x64
		{183E6918-B2CD-4EEB-9666-8889A151BC7D}.Ad-Hoc|x64.Build.0 = Release|x64
		{183E6918-B2CD-4EEB-9666-8889A151BC7D}.Ad-Hoc|x64.Deploy.0 = Release|x64
		{183E6918-B2CD-4EEB-9666-8889A151BC7D}.Ad-Hoc|x86.ActiveCfg = Release|x86
		{183E6918-B2CD-4EEB-9666-8889A151BC7D}.Ad-Hoc|x86.Build.0 = Release|x86
		{183E6918-B2CD-4EEB-9666-8889A151BC7D}.Ad-Hoc|x86.Deploy.0 = Release|x86
		{183E6918-B2CD-4EEB-9666-8889A151BC7D}.AppStore|Any CPU.ActiveCfg = Release|x86
		{183E6918-B2CD-4EEB-9666-8889A151BC7D}.AppStore|Any CPU.Build.0 = Release|x86
		{183E6918-B2CD-4EEB-9666-8889A151BC7D}.AppStore|Any CPU.Deploy.0 = Release|x86
		{183E6918-B2CD-4EEB-9666-8889A151BC7D}.AppStore|ARM.ActiveCfg = Release|ARM
		{183E6918-B2CD-4EEB-9666-8889A151BC7D}.AppStore|ARM.Build.0 = Release|ARM
		{183E6918-B2CD-4EEB-9666-8889A151BC7D}.AppStore|ARM.Deploy.0 = Release|ARM
		{183E6918-B2CD-4EEB-9666-8889A151BC7D}.AppStore|iPhone.ActiveCfg = Release|x86
		{183E6918-B2CD-4EEB-9666-8889A151BC7D}.AppStore|iPhone.Build.0 = Release|x86
		{183E6918-B2CD-4EEB-9666-8889A151BC7D}.AppStore|iPhone.Deploy.0 = Release|x86
		{183E6918-B2CD-4EEB-9666-8889A151BC7D}.AppStore|iPhoneSimulator.ActiveCfg = Release|x86
		{183E6918-B2CD-4EEB-9666-8889A151BC7D}.AppStore|iPhoneSimulator.Build.0 = Release|x86
		{183E6918-B2CD-4EEB-9666-8889A151BC7D}.AppStore|iPhoneSimulator.Deploy.0 = Release|x86
		{183E6918-B2CD-4EEB-9666-8889A151BC7D}.AppStore|x64.ActiveCfg = Release|x64
		{183E6918-B2CD-4EEB-9666-8889A151BC7D}.AppStore|x64.Build.0 = Release|x64
		{183E6918-B2CD-4EEB-9666-8889A151BC7D}.AppStore|x64.Deploy.0 = Release|x64
		{183E6918-B2CD-4EEB-9666-8889A151BC7D}.AppStore|x86.ActiveCfg = Release|x86
		{183E6918-B2CD-4EEB-9666-8889A151BC7D}.AppStore|x86.Build.0 = Release|x86
		{183E6918-B2CD-4EEB-9666-8889A151BC7D}.AppStore|x86.Deploy.0 = Release|x86
		{183E6918-B2CD-4EEB-9666-8889A151BC7D}.Debug|Any CPU.ActiveCfg = Debug|x86
		{183E6918-B2CD-4EEB-9666-8889A151BC7D}.Debug|Any CPU.Build.0 = Debug|x86
		{183E6918-B2CD-4EEB-9666-8889A151BC7D}.Debug|Any CPU.Deploy.0 = Debug|x86
		{183E6918-B2CD-4EEB-9666-8889A151BC7D}.Debug|ARM.ActiveCfg = Debug|ARM
		{183E6918-B2CD-4EEB-9666-8889A151BC7D}.Debug|ARM.Build.0 = Debug|ARM
		{183E6918-B2CD-4EEB-9666-8889A151BC7D}.Debug|ARM.Deploy.0 = Debug|ARM
		{183E6918-B2CD-4EEB-9666-8889A151BC7D}.Debug|iPhone.ActiveCfg = Debug|x86
		{183E6918-B2CD-4EEB-9666-8889A151BC7D}.Debug|iPhone.Build.0 = Debug|x86
		{183E6918-B2CD-4EEB-9666-8889A151BC7D}.Debug|iPhone.Deploy.0 = Debug|x86
		{183E6918-B2CD-4EEB-9666-8889A151BC7D}.Debug|iPhoneSimulator.ActiveCfg = Debug|x86
		{183E6918-B2CD-4EEB-9666-8889A151BC7D}.Debug|x64.ActiveCfg = Debug|x64
		{183E6918-B2CD-4EEB-9666-8889A151BC7D}.Debug|x64.Build.0 = Debug|x64
		{183E6918-B2CD-4EEB-9666-8889A151BC7D}.Debug|x64.Deploy.0 = Debug|x64
		{183E6918-B2CD-4EEB-9666-8889A151BC7D}.Debug|x86.ActiveCfg = Debug|x86
		{183E6918-B2CD-4EEB-9666-8889A151BC7D}.Debug|x86.Build.0 = Debug|x86
		{183E6918-B2CD-4EEB-9666-8889A151BC7D}.Debug|x86.Deploy.0 = Debug|x86
		{183E6918-B2CD-4EEB-9666-8889A151BC7D}.Release|Any CPU.ActiveCfg = Release|x86
		{183E6918-B2CD-4EEB-9666-8889A151BC7D}.Release|ARM.ActiveCfg = Release|ARM
		{183E6918-B2CD-4EEB-9666-8889A151BC7D}.Release|ARM.Build.0 = Release|ARM
		{183E6918-B2CD-4EEB-9666-8889A151BC7D}.Release|ARM.Deploy.0 = Release|ARM
		{183E6918-B2CD-4EEB-9666-8889A151BC7D}.Release|iPhone.ActiveCfg = Release|x86
		{183E6918-B2CD-4EEB-9666-8889A151BC7D}.Release|iPhoneSimulator.ActiveCfg = Release|x86
		{183E6918-B2CD-4EEB-9666-8889A151BC7D}.Release|x64.ActiveCfg = Release|x64
		{183E6918-B2CD-4EEB-9666-8889A151BC7D}.Release|x64.Build.0 = Release|x64
		{183E6918-B2CD-4EEB-9666-8889A151BC7D}.Release|x64.Deploy.0 = Release|x64
		{183E6918-B2CD-4EEB-9666-8889A151BC7D}.Release|x86.ActiveCfg = Release|x86
		{183E6918-B2CD-4EEB-9666-8889A151BC7D}.Release|x86.Build.0 = Release|x86
		{183E6918-B2CD-4EEB-9666-8889A151BC7D}.Release|x86.Deploy.0 = Release|x86
	EndGlobalSection
	GlobalSection(SolutionProperties) = preSolution
		HideSolutionNode = FALSE
	EndGlobalSection
	GlobalSection(ExtensibilityGlobals) = postSolution
		SolutionGuid = {9F71DBF7-BAF7-409A-95DE-48DD600CD44E}
	EndGlobalSection
EndGlobal
