
Microsoft Visual Studio Solution File, Format Version 12.00
# Visual Studio 14
VisualStudioVersion = 14.0.25420.1
MinimumVisualStudioVersion = 10.0.40219.1
Project("{FAE04EC0-301F-11D3-BF4B-00C04F79EFBC}") = "XamarinForms.IWA.Droid", "XamarinForms.IWA.Droid\XamarinForms.IWA.Droid.csproj", "{CF5C8544-0617-4D3B-8408-E27750C5E905}"
EndProject
Project("{FAE04EC0-301F-11D3-BF4B-00C04F79EFBC}") = "XamarinForms.IWA.iOS", "XamarinForms.IWA.iOS\XamarinForms.IWA.iOS.csproj", "{8AF9C80C-1F77-419E-B7FE-4B4956347A23}"
EndProject
Project("{FAE04EC0-301F-11D3-BF4B-00C04F79EFBC}") = "XamarinForms.IWA.UWP", "XamarinForms.IWA.UWP\XamarinForms.IWA.UWP.csproj", "{71BE4A79-E27C-4453-B29F-13A8C5414FEC}"
EndProject
Project("{D954291E-2A0B-460D-934E-DC6B0785DB48}") = "XamarinForms.IWA", "XamarinForms.IWA\XamarinForms.IWA.shproj", "{326A5DC3-183A-439D-B19F-DADF6B716DBF}"
EndProject
Global
	GlobalSection(SharedMSBuildProjectFiles) = preSolution
		XamarinForms.IWA\XamarinForms.IWA.projitems*{326a5dc3-183a-439d-b19f-dadf6b716dbf}*SharedItemsImports = 13
		XamarinForms.IWA\XamarinForms.IWA.projitems*{71be4a79-e27c-4453-b29f-13a8c5414fec}*SharedItemsImports = 4
		XamarinForms.IWA\XamarinForms.IWA.projitems*{8af9c80c-1f77-419e-b7fe-4b4956347a23}*SharedItemsImports = 4
		XamarinForms.IWA\XamarinForms.IWA.projitems*{cf5c8544-0617-4d3b-8408-e27750c5e905}*SharedItemsImports = 4
	EndGlobalSection
	GlobalSection(SolutionConfigurationPlatforms) = preSolution
		Ad-Hoc|Any CPU = Ad-Hoc|Any CPU
		Ad-Hoc|ARM = Ad-Hoc|ARM
		Ad-Hoc|iPhone = Ad-Hoc|iPhone
		Ad-Hoc|iPhoneSimulator = Ad-Hoc|iPhoneSimulator
		Ad-Hoc|x64 = Ad-Hoc|x64
		Ad-Hoc|x86 = Ad-Hoc|x86
		AppStore|Any CPU = AppStore|Any CPU
		AppStore|ARM = AppStore|ARM
		AppStore|iPhone = AppStore|iPhone
		AppStore|iPhoneSimulator = AppStore|iPhoneSimulator
		AppStore|x64 = AppStore|x64
		AppStore|x86 = AppStore|x86
		Debug|Any CPU = Debug|Any CPU
		Debug|ARM = Debug|ARM
		Debug|iPhone = Debug|iPhone
		Debug|iPhoneSimulator = Debug|iPhoneSimulator
		Debug|x64 = Debug|x64
		Debug|x86 = Debug|x86
		Release|Any CPU = Release|Any CPU
		Release|ARM = Release|ARM
		Release|iPhone = Release|iPhone
		Release|iPhoneSimulator = Release|iPhoneSimulator
		Release|x64 = Release|x64
		Release|x86 = Release|x86
	EndGlobalSection
	GlobalSection(ProjectConfigurationPlatforms) = postSolution
		{CF5C8544-0617-4D3B-8408-E27750C5E905}.Ad-Hoc|Any CPU.ActiveCfg = Release|Any CPU
		{CF5C8544-0617-4D3B-8408-E27750C5E905}.Ad-Hoc|Any CPU.Build.0 = Release|Any CPU
		{CF5C8544-0617-4D3B-8408-E27750C5E905}.Ad-Hoc|Any CPU.Deploy.0 = Release|Any CPU
		{CF5C8544-0617-4D3B-8408-E27750C5E905}.Ad-Hoc|ARM.ActiveCfg = Release|Any CPU
		{CF5C8544-0617-4D3B-8408-E27750C5E905}.Ad-Hoc|ARM.Build.0 = Release|Any CPU
		{CF5C8544-0617-4D3B-8408-E27750C5E905}.Ad-Hoc|ARM.Deploy.0 = Release|Any CPU
		{CF5C8544-0617-4D3B-8408-E27750C5E905}.Ad-Hoc|iPhone.ActiveCfg = Release|Any CPU
		{CF5C8544-0617-4D3B-8408-E27750C5E905}.Ad-Hoc|iPhone.Build.0 = Release|Any CPU
		{CF5C8544-0617-4D3B-8408-E27750C5E905}.Ad-Hoc|iPhone.Deploy.0 = Release|Any CPU
		{CF5C8544-0617-4D3B-8408-E27750C5E905}.Ad-Hoc|iPhoneSimulator.ActiveCfg = Release|Any CPU
		{CF5C8544-0617-4D3B-8408-E27750C5E905}.Ad-Hoc|iPhoneSimulator.Build.0 = Release|Any CPU
		{CF5C8544-0617-4D3B-8408-E27750C5E905}.Ad-Hoc|iPhoneSimulator.Deploy.0 = Release|Any CPU
		{CF5C8544-0617-4D3B-8408-E27750C5E905}.Ad-Hoc|x64.ActiveCfg = Release|Any CPU
		{CF5C8544-0617-4D3B-8408-E27750C5E905}.Ad-Hoc|x64.Build.0 = Release|Any CPU
		{CF5C8544-0617-4D3B-8408-E27750C5E905}.Ad-Hoc|x64.Deploy.0 = Release|Any CPU
		{CF5C8544-0617-4D3B-8408-E27750C5E905}.Ad-Hoc|x86.ActiveCfg = Release|Any CPU
		{CF5C8544-0617-4D3B-8408-E27750C5E905}.Ad-Hoc|x86.Build.0 = Release|Any CPU
		{CF5C8544-0617-4D3B-8408-E27750C5E905}.Ad-Hoc|x86.Deploy.0 = Release|Any CPU
		{CF5C8544-0617-4D3B-8408-E27750C5E905}.AppStore|Any CPU.ActiveCfg = Release|Any CPU
		{CF5C8544-0617-4D3B-8408-E27750C5E905}.AppStore|Any CPU.Build.0 = Release|Any CPU
		{CF5C8544-0617-4D3B-8408-E27750C5E905}.AppStore|Any CPU.Deploy.0 = Release|Any CPU
		{CF5C8544-0617-4D3B-8408-E27750C5E905}.AppStore|ARM.ActiveCfg = Release|Any CPU
		{CF5C8544-0617-4D3B-8408-E27750C5E905}.AppStore|ARM.Build.0 = Release|Any CPU
		{CF5C8544-0617-4D3B-8408-E27750C5E905}.AppStore|ARM.Deploy.0 = Release|Any CPU
		{CF5C8544-0617-4D3B-8408-E27750C5E905}.AppStore|iPhone.ActiveCfg = Release|Any CPU
		{CF5C8544-0617-4D3B-8408-E27750C5E905}.AppStore|iPhone.Build.0 = Release|Any CPU
		{CF5C8544-0617-4D3B-8408-E27750C5E905}.AppStore|iPhone.Deploy.0 = Release|Any CPU
		{CF5C8544-0617-4D3B-8408-E27750C5E905}.AppStore|iPhoneSimulator.ActiveCfg = Release|Any CPU
		{CF5C8544-0617-4D3B-8408-E27750C5E905}.AppStore|iPhoneSimulator.Build.0 = Release|Any CPU
		{CF5C8544-0617-4D3B-8408-E27750C5E905}.AppStore|iPhoneSimulator.Deploy.0 = Release|Any CPU
		{CF5C8544-0617-4D3B-8408-E27750C5E905}.AppStore|x64.ActiveCfg = Release|Any CPU
		{CF5C8544-0617-4D3B-8408-E27750C5E905}.AppStore|x64.Build.0 = Release|Any CPU
		{CF5C8544-0617-4D3B-8408-E27750C5E905}.AppStore|x64.Deploy.0 = Release|Any CPU
		{CF5C8544-0617-4D3B-8408-E27750C5E905}.AppStore|x86.ActiveCfg = Release|Any CPU
		{CF5C8544-0617-4D3B-8408-E27750C5E905}.AppStore|x86.Build.0 = Release|Any CPU
		{CF5C8544-0617-4D3B-8408-E27750C5E905}.AppStore|x86.Deploy.0 = Release|Any CPU
		{CF5C8544-0617-4D3B-8408-E27750C5E905}.Debug|Any CPU.ActiveCfg = Debug|Any CPU
		{CF5C8544-0617-4D3B-8408-E27750C5E905}.Debug|Any CPU.Build.0 = Debug|Any CPU
		{CF5C8544-0617-4D3B-8408-E27750C5E905}.Debug|Any CPU.Deploy.0 = Debug|Any CPU
		{CF5C8544-0617-4D3B-8408-E27750C5E905}.Debug|ARM.ActiveCfg = Debug|Any CPU
		{CF5C8544-0617-4D3B-8408-E27750C5E905}.Debug|ARM.Build.0 = Debug|Any CPU
		{CF5C8544-0617-4D3B-8408-E27750C5E905}.Debug|ARM.Deploy.0 = Debug|Any CPU
		{CF5C8544-0617-4D3B-8408-E27750C5E905}.Debug|iPhone.ActiveCfg = Debug|Any CPU
		{CF5C8544-0617-4D3B-8408-E27750C5E905}.Debug|iPhone.Build.0 = Debug|Any CPU
		{CF5C8544-0617-4D3B-8408-E27750C5E905}.Debug|iPhone.Deploy.0 = Debug|Any CPU
		{CF5C8544-0617-4D3B-8408-E27750C5E905}.Debug|iPhoneSimulator.ActiveCfg = Debug|Any CPU
		{CF5C8544-0617-4D3B-8408-E27750C5E905}.Debug|iPhoneSimulator.Build.0 = Debug|Any CPU
		{CF5C8544-0617-4D3B-8408-E27750C5E905}.Debug|iPhoneSimulator.Deploy.0 = Debug|Any CPU
		{CF5C8544-0617-4D3B-8408-E27750C5E905}.Debug|x64.ActiveCfg = Debug|Any CPU
		{CF5C8544-0617-4D3B-8408-E27750C5E905}.Debug|x64.Build.0 = Debug|Any CPU
		{CF5C8544-0617-4D3B-8408-E27750C5E905}.Debug|x64.Deploy.0 = Debug|Any CPU
		{CF5C8544-0617-4D3B-8408-E27750C5E905}.Debug|x86.ActiveCfg = Debug|Any CPU
		{CF5C8544-0617-4D3B-8408-E27750C5E905}.Debug|x86.Build.0 = Debug|Any CPU
		{CF5C8544-0617-4D3B-8408-E27750C5E905}.Debug|x86.Deploy.0 = Debug|Any CPU
		{CF5C8544-0617-4D3B-8408-E27750C5E905}.Release|Any CPU.ActiveCfg = Release|Any CPU
		{CF5C8544-0617-4D3B-8408-E27750C5E905}.Release|Any CPU.Build.0 = Release|Any CPU
		{CF5C8544-0617-4D3B-8408-E27750C5E905}.Release|Any CPU.Deploy.0 = Release|Any CPU
		{CF5C8544-0617-4D3B-8408-E27750C5E905}.Release|ARM.ActiveCfg = Release|Any CPU
		{CF5C8544-0617-4D3B-8408-E27750C5E905}.Release|ARM.Build.0 = Release|Any CPU
		{CF5C8544-0617-4D3B-8408-E27750C5E905}.Release|ARM.Deploy.0 = Release|Any CPU
		{CF5C8544-0617-4D3B-8408-E27750C5E905}.Release|iPhone.ActiveCfg = Release|Any CPU
		{CF5C8544-0617-4D3B-8408-E27750C5E905}.Release|iPhone.Build.0 = Release|Any CPU
		{CF5C8544-0617-4D3B-8408-E27750C5E905}.Release|iPhone.Deploy.0 = Release|Any CPU
		{CF5C8544-0617-4D3B-8408-E27750C5E905}.Release|iPhoneSimulator.ActiveCfg = Release|Any CPU
		{CF5C8544-0617-4D3B-8408-E27750C5E905}.Release|iPhoneSimulator.Build.0 = Release|Any CPU
		{CF5C8544-0617-4D3B-8408-E27750C5E905}.Release|iPhoneSimulator.Deploy.0 = Release|Any CPU
		{CF5C8544-0617-4D3B-8408-E27750C5E905}.Release|x64.ActiveCfg = Release|Any CPU
		{CF5C8544-0617-4D3B-8408-E27750C5E905}.Release|x64.Build.0 = Release|Any CPU
		{CF5C8544-0617-4D3B-8408-E27750C5E905}.Release|x64.Deploy.0 = Release|Any CPU
		{CF5C8544-0617-4D3B-8408-E27750C5E905}.Release|x86.ActiveCfg = Release|Any CPU
		{CF5C8544-0617-4D3B-8408-E27750C5E905}.Release|x86.Build.0 = Release|Any CPU
		{CF5C8544-0617-4D3B-8408-E27750C5E905}.Release|x86.Deploy.0 = Release|Any CPU
		{8AF9C80C-1F77-419E-B7FE-4B4956347A23}.Ad-Hoc|Any CPU.ActiveCfg = Ad-Hoc|iPhone
		{8AF9C80C-1F77-419E-B7FE-4B4956347A23}.Ad-Hoc|ARM.ActiveCfg = Ad-Hoc|iPhone
		{8AF9C80C-1F77-419E-B7FE-4B4956347A23}.Ad-Hoc|iPhone.ActiveCfg = Ad-Hoc|iPhone
		{8AF9C80C-1F77-419E-B7FE-4B4956347A23}.Ad-Hoc|iPhone.Build.0 = Ad-Hoc|iPhone
		{8AF9C80C-1F77-419E-B7FE-4B4956347A23}.Ad-Hoc|iPhoneSimulator.ActiveCfg = Ad-Hoc|iPhoneSimulator
		{8AF9C80C-1F77-419E-B7FE-4B4956347A23}.Ad-Hoc|iPhoneSimulator.Build.0 = Ad-Hoc|iPhoneSimulator
		{8AF9C80C-1F77-419E-B7FE-4B4956347A23}.Ad-Hoc|x64.ActiveCfg = Ad-Hoc|iPhone
		{8AF9C80C-1F77-419E-B7FE-4B4956347A23}.Ad-Hoc|x86.ActiveCfg = Ad-Hoc|iPhone
		{8AF9C80C-1F77-419E-B7FE-4B4956347A23}.AppStore|Any CPU.ActiveCfg = AppStore|iPhone
		{8AF9C80C-1F77-419E-B7FE-4B4956347A23}.AppStore|ARM.ActiveCfg = AppStore|iPhone
		{8AF9C80C-1F77-419E-B7FE-4B4956347A23}.AppStore|iPhone.ActiveCfg = AppStore|iPhone
		{8AF9C80C-1F77-419E-B7FE-4B4956347A23}.AppStore|iPhone.Build.0 = AppStore|iPhone
		{8AF9C80C-1F77-419E-B7FE-4B4956347A23}.AppStore|iPhoneSimulator.ActiveCfg = AppStore|iPhoneSimulator
		{8AF9C80C-1F77-419E-B7FE-4B4956347A23}.AppStore|iPhoneSimulator.Build.0 = AppStore|iPhoneSimulator
		{8AF9C80C-1F77-419E-B7FE-4B4956347A23}.AppStore|x64.ActiveCfg = AppStore|iPhone
		{8AF9C80C-1F77-419E-B7FE-4B4956347A23}.AppStore|x86.ActiveCfg = AppStore|iPhone
		{8AF9C80C-1F77-419E-B7FE-4B4956347A23}.Debug|Any CPU.ActiveCfg = Debug|iPhone
		{8AF9C80C-1F77-419E-B7FE-4B4956347A23}.Debug|Any CPU.Build.0 = Debug|iPhone
		{8AF9C80C-1F77-419E-B7FE-4B4956347A23}.Debug|ARM.ActiveCfg = Debug|iPhone
		{8AF9C80C-1F77-419E-B7FE-4B4956347A23}.Debug|iPhone.ActiveCfg = Debug|iPhone
		{8AF9C80C-1F77-419E-B7FE-4B4956347A23}.Debug|iPhone.Build.0 = Debug|iPhone
		{8AF9C80C-1F77-419E-B7FE-4B4956347A23}.Debug|iPhoneSimulator.ActiveCfg = Debug|iPhoneSimulator
		{8AF9C80C-1F77-419E-B7FE-4B4956347A23}.Debug|iPhoneSimulator.Build.0 = Debug|iPhoneSimulator
		{8AF9C80C-1F77-419E-B7FE-4B4956347A23}.Debug|x64.ActiveCfg = Debug|iPhone
		{8AF9C80C-1F77-419E-B7FE-4B4956347A23}.Debug|x86.ActiveCfg = Debug|iPhone
		{8AF9C80C-1F77-419E-B7FE-4B4956347A23}.Release|Any CPU.ActiveCfg = Release|iPhone
		{8AF9C80C-1F77-419E-B7FE-4B4956347A23}.Release|ARM.ActiveCfg = Release|iPhone
		{8AF9C80C-1F77-419E-B7FE-4B4956347A23}.Release|iPhone.ActiveCfg = Release|iPhone
		{8AF9C80C-1F77-419E-B7FE-4B4956347A23}.Release|iPhone.Build.0 = Release|iPhone
		{8AF9C80C-1F77-419E-B7FE-4B4956347A23}.Release|iPhoneSimulator.ActiveCfg = Release|iPhoneSimulator
		{8AF9C80C-1F77-419E-B7FE-4B4956347A23}.Release|iPhoneSimulator.Build.0 = Release|iPhoneSimulator
		{8AF9C80C-1F77-419E-B7FE-4B4956347A23}.Release|x64.ActiveCfg = Release|iPhone
		{8AF9C80C-1F77-419E-B7FE-4B4956347A23}.Release|x86.ActiveCfg = Release|iPhone
		{71BE4A79-E27C-4453-B29F-13A8C5414FEC}.Ad-Hoc|Any CPU.ActiveCfg = Release|x86
		{71BE4A79-E27C-4453-B29F-13A8C5414FEC}.Ad-Hoc|Any CPU.Build.0 = Release|x86
		{71BE4A79-E27C-4453-B29F-13A8C5414FEC}.Ad-Hoc|Any CPU.Deploy.0 = Release|x86
		{71BE4A79-E27C-4453-B29F-13A8C5414FEC}.Ad-Hoc|ARM.ActiveCfg = Release|ARM
		{71BE4A79-E27C-4453-B29F-13A8C5414FEC}.Ad-Hoc|ARM.Build.0 = Release|ARM
		{71BE4A79-E27C-4453-B29F-13A8C5414FEC}.Ad-Hoc|ARM.Deploy.0 = Release|ARM
		{71BE4A79-E27C-4453-B29F-13A8C5414FEC}.Ad-Hoc|iPhone.ActiveCfg = Release|x86
		{71BE4A79-E27C-4453-B29F-13A8C5414FEC}.Ad-Hoc|iPhone.Build.0 = Release|x86
		{71BE4A79-E27C-4453-B29F-13A8C5414FEC}.Ad-Hoc|iPhone.Deploy.0 = Release|x86
		{71BE4A79-E27C-4453-B29F-13A8C5414FEC}.Ad-Hoc|iPhoneSimulator.ActiveCfg = Release|x86
		{71BE4A79-E27C-4453-B29F-13A8C5414FEC}.Ad-Hoc|iPhoneSimulator.Build.0 = Release|x86
		{71BE4A79-E27C-4453-B29F-13A8C5414FEC}.Ad-Hoc|iPhoneSimulator.Deploy.0 = Release|x86
		{71BE4A79-E27C-4453-B29F-13A8C5414FEC}.Ad-Hoc|x64.ActiveCfg = Release|x64
		{71BE4A79-E27C-4453-B29F-13A8C5414FEC}.Ad-Hoc|x64.Build.0 = Release|x64
		{71BE4A79-E27C-4453-B29F-13A8C5414FEC}.Ad-Hoc|x64.Deploy.0 = Release|x64
		{71BE4A79-E27C-4453-B29F-13A8C5414FEC}.Ad-Hoc|x86.ActiveCfg = Release|x86
		{71BE4A79-E27C-4453-B29F-13A8C5414FEC}.Ad-Hoc|x86.Build.0 = Release|x86
		{71BE4A79-E27C-4453-B29F-13A8C5414FEC}.Ad-Hoc|x86.Deploy.0 = Release|x86
		{71BE4A79-E27C-4453-B29F-13A8C5414FEC}.AppStore|Any CPU.ActiveCfg = Release|x86
		{71BE4A79-E27C-4453-B29F-13A8C5414FEC}.AppStore|Any CPU.Build.0 = Release|x86
		{71BE4A79-E27C-4453-B29F-13A8C5414FEC}.AppStore|Any CPU.Deploy.0 = Release|x86
		{71BE4A79-E27C-4453-B29F-13A8C5414FEC}.AppStore|ARM.ActiveCfg = Release|ARM
		{71BE4A79-E27C-4453-B29F-13A8C5414FEC}.AppStore|ARM.Build.0 = Release|ARM
		{71BE4A79-E27C-4453-B29F-13A8C5414FEC}.AppStore|ARM.Deploy.0 = Release|ARM
		{71BE4A79-E27C-4453-B29F-13A8C5414FEC}.AppStore|iPhone.ActiveCfg = Release|x86
		{71BE4A79-E27C-4453-B29F-13A8C5414FEC}.AppStore|iPhone.Build.0 = Release|x86
		{71BE4A79-E27C-4453-B29F-13A8C5414FEC}.AppStore|iPhone.Deploy.0 = Release|x86
		{71BE4A79-E27C-4453-B29F-13A8C5414FEC}.AppStore|iPhoneSimulator.ActiveCfg = Release|x86
		{71BE4A79-E27C-4453-B29F-13A8C5414FEC}.AppStore|iPhoneSimulator.Build.0 = Release|x86
		{71BE4A79-E27C-4453-B29F-13A8C5414FEC}.AppStore|iPhoneSimulator.Deploy.0 = Release|x86
		{71BE4A79-E27C-4453-B29F-13A8C5414FEC}.AppStore|x64.ActiveCfg = Release|x64
		{71BE4A79-E27C-4453-B29F-13A8C5414FEC}.AppStore|x64.Build.0 = Release|x64
		{71BE4A79-E27C-4453-B29F-13A8C5414FEC}.AppStore|x64.Deploy.0 = Release|x64
		{71BE4A79-E27C-4453-B29F-13A8C5414FEC}.AppStore|x86.ActiveCfg = Release|x86
		{71BE4A79-E27C-4453-B29F-13A8C5414FEC}.AppStore|x86.Build.0 = Release|x86
		{71BE4A79-E27C-4453-B29F-13A8C5414FEC}.AppStore|x86.Deploy.0 = Release|x86
		{71BE4A79-E27C-4453-B29F-13A8C5414FEC}.Debug|Any CPU.ActiveCfg = Debug|x86
		{71BE4A79-E27C-4453-B29F-13A8C5414FEC}.Debug|Any CPU.Build.0 = Debug|x86
		{71BE4A79-E27C-4453-B29F-13A8C5414FEC}.Debug|Any CPU.Deploy.0 = Debug|x86
		{71BE4A79-E27C-4453-B29F-13A8C5414FEC}.Debug|ARM.ActiveCfg = Debug|ARM
		{71BE4A79-E27C-4453-B29F-13A8C5414FEC}.Debug|ARM.Build.0 = Debug|ARM
		{71BE4A79-E27C-4453-B29F-13A8C5414FEC}.Debug|ARM.Deploy.0 = Debug|ARM
		{71BE4A79-E27C-4453-B29F-13A8C5414FEC}.Debug|iPhone.ActiveCfg = Debug|x86
		{71BE4A79-E27C-4453-B29F-13A8C5414FEC}.Debug|iPhoneSimulator.ActiveCfg = Debug|x86
		{71BE4A79-E27C-4453-B29F-13A8C5414FEC}.Debug|x64.ActiveCfg = Debug|x64
		{71BE4A79-E27C-4453-B29F-13A8C5414FEC}.Debug|x64.Build.0 = Debug|x64
		{71BE4A79-E27C-4453-B29F-13A8C5414FEC}.Debug|x64.Deploy.0 = Debug|x64
		{71BE4A79-E27C-4453-B29F-13A8C5414FEC}.Debug|x86.ActiveCfg = Debug|x86
		{71BE4A79-E27C-4453-B29F-13A8C5414FEC}.Debug|x86.Build.0 = Debug|x86
		{71BE4A79-E27C-4453-B29F-13A8C5414FEC}.Debug|x86.Deploy.0 = Debug|x86
		{71BE4A79-E27C-4453-B29F-13A8C5414FEC}.Release|Any CPU.ActiveCfg = Release|x86
		{71BE4A79-E27C-4453-B29F-13A8C5414FEC}.Release|ARM.ActiveCfg = Release|ARM
		{71BE4A79-E27C-4453-B29F-13A8C5414FEC}.Release|ARM.Build.0 = Release|ARM
		{71BE4A79-E27C-4453-B29F-13A8C5414FEC}.Release|ARM.Deploy.0 = Release|ARM
		{71BE4A79-E27C-4453-B29F-13A8C5414FEC}.Release|iPhone.ActiveCfg = Release|x86
		{71BE4A79-E27C-4453-B29F-13A8C5414FEC}.Release|iPhoneSimulator.ActiveCfg = Release|x86
		{71BE4A79-E27C-4453-B29F-13A8C5414FEC}.Release|x64.ActiveCfg = Release|x64
		{71BE4A79-E27C-4453-B29F-13A8C5414FEC}.Release|x64.Build.0 = Release|x64
		{71BE4A79-E27C-4453-B29F-13A8C5414FEC}.Release|x64.Deploy.0 = Release|x64
		{71BE4A79-E27C-4453-B29F-13A8C5414FEC}.Release|x86.ActiveCfg = Release|x86
		{71BE4A79-E27C-4453-B29F-13A8C5414FEC}.Release|x86.Build.0 = Release|x86
		{71BE4A79-E27C-4453-B29F-13A8C5414FEC}.Release|x86.Deploy.0 = Release|x86
	EndGlobalSection
	GlobalSection(SolutionProperties) = preSolution
		HideSolutionNode = FALSE
	EndGlobalSection
EndGlobal
