
Microsoft Visual Studio Solution File, Format Version 12.00
# Visual Studio 15
VisualStudioVersion = 15.0.27130.0
MinimumVisualStudioVersion = 10.0.40219.1
Project("{FAE04EC0-301F-11D3-BF4B-00C04F79EFBC}") = "$$project$$", "$$project$$.csproj", "{4764BDD6-5727-404A-B573-C4B1B086A3FC}"
EndProject
Global
	GlobalSection(SolutionConfigurationPlatforms) = preSolution
		Debug|Any CPU = Debug|Any CPU
		Release|Any CPU = Release|Any CPU
	EndGlobalSection
	GlobalSection(ProjectConfigurationPlatforms) = postSolution
		{4764BDD6-5727-404A-B573-C4B1B086A3FC}.Debug|Any CPU.ActiveCfg = Debug|Any CPU
		{4764BDD6-5727-404A-B573-C4B1B086A3FC}.Debug|Any CPU.Build.0 = Debug|Any CPU
		{4764BDD6-5727-404A-B573-C4B1B086A3FC}.Release|Any CPU.ActiveCfg = Release|Any CPU
		{4764BDD6-5727-404A-B573-C4B1B086A3FC}.Release|Any CPU.Build.0 = Release|Any CPU
	EndGlobalSection
	GlobalSection(SolutionProperties) = preSolution
		HideSolutionNode = FALSE
	EndGlobalSection
	GlobalSection(ExtensibilityGlobals) = postSolution
		SolutionGuid = {6557A226-E273-466D-A3BC-AE2305279489}
	EndGlobalSection
EndGlobal
