
Microsoft Visual Studio Solution File, Format Version 12.00
# Visual Studio 14
VisualStudioVersion = 14.0.25420.1
MinimumVisualStudioVersion = 10.0.40219.1
Project("{FAE04EC0-301F-11D3-BF4B-00C04F79EFBC}") = "OAuth", "OAuth.csproj", "{DA3CCD2E-3E9C-4B4E-B11C-A34D287F6E6D}"
EndProject
Global
	GlobalSection(SolutionConfigurationPlatforms) = preSolution
		Ad-Hoc|iPhone = Ad-Hoc|iPhone
		Ad-Hoc|iPhoneSimulator = Ad-Hoc|iPhoneSimulator
		AppStore|iPhone = AppStore|iPhone
		AppStore|iPhoneSimulator = AppStore|iPhoneSimulator
		Debug|iPhone = Debug|iPhone
		Debug|iPhoneSimulator = Debug|iPhoneSimulator
		Release|iPhone = Release|iPhone
		Release|iPhoneSimulator = Release|iPhoneSimulator
	EndGlobalSection
	GlobalSection(ProjectConfigurationPlatforms) = postSolution
		{DA3CCD2E-3E9C-4B4E-B11C-A34D287F6E6D}.Ad-Hoc|iPhone.ActiveCfg = Ad-Hoc|iPhone
		{DA3CCD2E-3E9C-4B4E-B11C-A34D287F6E6D}.Ad-Hoc|iPhone.Build.0 = Ad-Hoc|iPhone
		{DA3CCD2E-3E9C-4B4E-B11C-A34D287F6E6D}.Ad-Hoc|iPhoneSimulator.ActiveCfg = Ad-Hoc|iPhoneSimulator
		{DA3CCD2E-3E9C-4B4E-B11C-A34D287F6E6D}.Ad-Hoc|iPhoneSimulator.Build.0 = Ad-Hoc|iPhoneSimulator
		{DA3CCD2E-3E9C-4B4E-B11C-A34D287F6E6D}.AppStore|iPhone.ActiveCfg = AppStore|iPhone
		{DA3CCD2E-3E9C-4B4E-B11C-A34D287F6E6D}.AppStore|iPhone.Build.0 = AppStore|iPhone
		{DA3CCD2E-3E9C-4B4E-B11C-A34D287F6E6D}.AppStore|iPhoneSimulator.ActiveCfg = AppStore|iPhoneSimulator
		{DA3CCD2E-3E9C-4B4E-B11C-A34D287F6E6D}.AppStore|iPhoneSimulator.Build.0 = AppStore|iPhoneSimulator
		{DA3CCD2E-3E9C-4B4E-B11C-A34D287F6E6D}.Debug|iPhone.ActiveCfg = Debug|iPhone
		{DA3CCD2E-3E9C-4B4E-B11C-A34D287F6E6D}.Debug|iPhone.Build.0 = Debug|iPhone
		{DA3CCD2E-3E9C-4B4E-B11C-A34D287F6E6D}.Debug|iPhoneSimulator.ActiveCfg = Debug|iPhoneSimulator
		{DA3CCD2E-3E9C-4B4E-B11C-A34D287F6E6D}.Debug|iPhoneSimulator.Build.0 = Debug|iPhoneSimulator
		{DA3CCD2E-3E9C-4B4E-B11C-A34D287F6E6D}.Release|iPhone.ActiveCfg = Release|iPhone
		{DA3CCD2E-3E9C-4B4E-B11C-A34D287F6E6D}.Release|iPhone.Build.0 = Release|iPhone
		{DA3CCD2E-3E9C-4B4E-B11C-A34D287F6E6D}.Release|iPhoneSimulator.ActiveCfg = Release|iPhoneSimulator
		{DA3CCD2E-3E9C-4B4E-B11C-A34D287F6E6D}.Release|iPhoneSimulator.Build.0 = Release|iPhoneSimulator
	EndGlobalSection
	GlobalSection(SolutionProperties) = preSolution
		HideSolutionNode = FALSE
	EndGlobalSection
EndGlobal
