
Microsoft Visual Studio Solution File, Format Version 12.00
# Visual Studio 14
VisualStudioVersion = 14.0.23107.0
MinimumVisualStudioVersion = 10.0.40219.1
Project("{FAE04EC0-301F-11D3-BF4B-00C04F79EFBC}") = "ArcGISRuntime.Desktop.Samples.CSharp", "ArcGISRuntime.Desktop.Samples\ArcGISRuntime.Desktop.Samples.CSharp.csproj", "{0568FD2B-DA73-434C-B955-4A149465C535}"
EndProject
Project("{FAE04EC0-301F-11D3-BF4B-00C04F79EFBC}") = "ArcGISRuntime.Desktop.Viewer", "ArcGISRuntime.Desktop.Viewer\ArcGISRuntime.Desktop.Viewer.csproj", "{5278F66E-D41F-45D2-8327-25EA13A11618}"
EndProject
Project("{F184B08F-C81C-45F6-A57F-5ABD9991F28F}") = "ArcGISRuntime.Desktop.Samples.VBNet", "ArcGISRuntime.Desktop.Samples\ArcGISRuntime.Desktop.Samples.VBNet.vbproj", "{586825CE-817B-45A8-BFDB-79A2F36B2C42}"
EndProject
Global
	GlobalSection(SolutionConfigurationPlatforms) = preSolution
		Debug|Any CPU = Debug|Any CPU
		Release|Any CPU = Release|Any CPU
	EndGlobalSection
	GlobalSection(ProjectConfigurationPlatforms) = postSolution
		{0568FD2B-DA73-434C-B955-4A149465C535}.Debug|Any CPU.ActiveCfg = Debug|Any CPU
		{0568FD2B-DA73-434C-B955-4A149465C535}.Debug|Any CPU.Build.0 = Debug|Any CPU
		{0568FD2B-DA73-434C-B955-4A149465C535}.Release|Any CPU.ActiveCfg = Release|Any CPU
		{0568FD2B-DA73-434C-B955-4A149465C535}.Release|Any CPU.Build.0 = Release|Any CPU
		{5278F66E-D41F-45D2-8327-25EA13A11618}.Debug|Any CPU.ActiveCfg = Debug|Any CPU
		{5278F66E-D41F-45D2-8327-25EA13A11618}.Debug|Any CPU.Build.0 = Debug|Any CPU
		{5278F66E-D41F-45D2-8327-25EA13A11618}.Release|Any CPU.ActiveCfg = Release|Any CPU
		{5278F66E-D41F-45D2-8327-25EA13A11618}.Release|Any CPU.Build.0 = Release|Any CPU
		{586825CE-817B-45A8-BFDB-79A2F36B2C42}.Debug|Any CPU.ActiveCfg = Debug|Any CPU
		{586825CE-817B-45A8-BFDB-79A2F36B2C42}.Debug|Any CPU.Build.0 = Debug|Any CPU
		{586825CE-817B-45A8-BFDB-79A2F36B2C42}.Release|Any CPU.ActiveCfg = Release|Any CPU
		{586825CE-817B-45A8-BFDB-79A2F36B2C42}.Release|Any CPU.Build.0 = Release|Any CPU
	EndGlobalSection
	GlobalSection(SolutionProperties) = preSolution
		HideSolutionNode = FALSE
	EndGlobalSection
EndGlobal
