
Microsoft Visual Studio Solution File, Format Version 12.00
# Visual Studio 15
VisualStudioVersion = 15.0.27130.2027
MinimumVisualStudioVersion = 10.0.40219.1
Project("{FAE04EC0-301F-11D3-BF4B-00C04F79EFBC}") = "ArcGISRuntime.WPF.Viewer", "ArcGISRuntime.WPF.Viewer\ArcGISRuntime.WPF.Viewer.csproj", "{5278F66E-D41F-45D2-8327-25EA13A11618}"
EndProject
Project("{D954291E-2A0B-460D-934E-DC6B0785DB48}") = "ArcGISRuntime.Samples.Shared", "..\ArcGISRuntime.Samples.Shared\ArcGISRuntime.Samples.Shared.shproj", "{0AD85845-0BA1-4DC9-8C32-E6FD7632E32D}"
EndProject
Global
	GlobalSection(SharedMSBuildProjectFiles) = preSolution
		..\ArcGISRuntime.Samples.Shared\ArcGISRuntime.Samples.Shared.projitems*{0ad85845-0ba1-4dc9-8c32-e6fd7632e32d}*SharedItemsImports = 13
		..\ArcGISRuntime.Samples.Shared\ArcGISRuntime.Samples.Shared.projitems*{5278f66e-d41f-45d2-8327-25ea13a11618}*SharedItemsImports = 4
	EndGlobalSection
	GlobalSection(SolutionConfigurationPlatforms) = preSolution
		Debug|Any CPU = Debug|Any CPU
		Release|Any CPU = Release|Any CPU
	EndGlobalSection
	GlobalSection(ProjectConfigurationPlatforms) = postSolution
		{5278F66E-D41F-45D2-8327-25EA13A11618}.Debug|Any CPU.ActiveCfg = Debug|Any CPU
		{5278F66E-D41F-45D2-8327-25EA13A11618}.Debug|Any CPU.Build.0 = Debug|Any CPU
		{5278F66E-D41F-45D2-8327-25EA13A11618}.Release|Any CPU.ActiveCfg = Release|Any CPU
		{5278F66E-D41F-45D2-8327-25EA13A11618}.Release|Any CPU.Build.0 = Release|Any CPU
	EndGlobalSection
	GlobalSection(SolutionProperties) = preSolution
		HideSolutionNode = FALSE
	EndGlobalSection
	GlobalSection(ExtensibilityGlobals) = postSolution
		SolutionGuid = {9693CEF3-75BE-4780-9E94-29B970298B28}
	EndGlobalSection
EndGlobal
