
Microsoft Visual Studio Solution File, Format Version 12.00
# Visual Studio 14
VisualStudioVersion = 14.0.23107.0
MinimumVisualStudioVersion = 10.0.40219.1
Project("{FAE04EC0-301F-11D3-BF4B-00C04F79EFBC}") = "ArcGISRuntime.Windows.Viewer", "ArcGISRuntime.Windows.Viewer\ArcGISRuntime.Windows.Viewer.csproj", "{BE5076AF-ECE0-4EA9-994E-37BAD4B19828}"
EndProject
Project("{FAE04EC0-301F-11D3-BF4B-00C04F79EFBC}") = "ArcGISRuntime.Windows.Samples.CSharp", "ArcGISRuntime.Windows.Samples\ArcGISRuntime.Windows.Samples.CSharp.csproj", "{6820B615-C568-4A13-B026-A77CDD348BFA}"
EndProject
Project("{F184B08F-C81C-45F6-A57F-5ABD9991F28F}") = "ArcGISRuntime.Windows.Samples.VBNet", "ArcGISRuntime.Windows.Samples\ArcGISRuntime.Windows.Samples.VBNet.vbproj", "{18831557-F447-41A5-A09D-57911F6E68E0}"
EndProject
Global
	GlobalSection(SolutionConfigurationPlatforms) = preSolution
		Debug|Any CPU = Debug|Any CPU
		Debug|ARM = Debug|ARM
		Debug|x64 = Debug|x64
		Debug|x86 = Debug|x86
		Release|Any CPU = Release|Any CPU
		Release|ARM = Release|ARM
		Release|x64 = Release|x64
		Release|x86 = Release|x86
	EndGlobalSection
	GlobalSection(ProjectConfigurationPlatforms) = postSolution
		{BE5076AF-ECE0-4EA9-994E-37BAD4B19828}.Debug|Any CPU.ActiveCfg = Debug|x86
		{BE5076AF-ECE0-4EA9-994E-37BAD4B19828}.Debug|ARM.ActiveCfg = Debug|ARM
		{BE5076AF-ECE0-4EA9-994E-37BAD4B19828}.Debug|ARM.Build.0 = Debug|ARM
		{BE5076AF-ECE0-4EA9-994E-37BAD4B19828}.Debug|ARM.Deploy.0 = Debug|ARM
		{BE5076AF-ECE0-4EA9-994E-37BAD4B19828}.Debug|x64.ActiveCfg = Debug|x64
		{BE5076AF-ECE0-4EA9-994E-37BAD4B19828}.Debug|x64.Build.0 = Debug|x64
		{BE5076AF-ECE0-4EA9-994E-37BAD4B19828}.Debug|x64.Deploy.0 = Debug|x64
		{BE5076AF-ECE0-4EA9-994E-37BAD4B19828}.Debug|x86.ActiveCfg = Debug|x86
		{BE5076AF-ECE0-4EA9-994E-37BAD4B19828}.Debug|x86.Build.0 = Debug|x86
		{BE5076AF-ECE0-4EA9-994E-37BAD4B19828}.Debug|x86.Deploy.0 = Debug|x86
		{BE5076AF-ECE0-4EA9-994E-37BAD4B19828}.Release|Any CPU.ActiveCfg = Release|x86
		{BE5076AF-ECE0-4EA9-994E-37BAD4B19828}.Release|ARM.ActiveCfg = Release|ARM
		{BE5076AF-ECE0-4EA9-994E-37BAD4B19828}.Release|ARM.Build.0 = Release|ARM
		{BE5076AF-ECE0-4EA9-994E-37BAD4B19828}.Release|ARM.Deploy.0 = Release|ARM
		{BE5076AF-ECE0-4EA9-994E-37BAD4B19828}.Release|x64.ActiveCfg = Release|x64
		{BE5076AF-ECE0-4EA9-994E-37BAD4B19828}.Release|x64.Build.0 = Release|x64
		{BE5076AF-ECE0-4EA9-994E-37BAD4B19828}.Release|x64.Deploy.0 = Release|x64
		{BE5076AF-ECE0-4EA9-994E-37BAD4B19828}.Release|x86.ActiveCfg = Release|x86
		{BE5076AF-ECE0-4EA9-994E-37BAD4B19828}.Release|x86.Build.0 = Release|x86
		{BE5076AF-ECE0-4EA9-994E-37BAD4B19828}.Release|x86.Deploy.0 = Release|x86
		{6820B615-C568-4A13-B026-A77CDD348BFA}.Debug|Any CPU.ActiveCfg = Debug|Any CPU
		{6820B615-C568-4A13-B026-A77CDD348BFA}.Debug|Any CPU.Build.0 = Debug|Any CPU
		{6820B615-C568-4A13-B026-A77CDD348BFA}.Debug|ARM.ActiveCfg = Debug|ARM
		{6820B615-C568-4A13-B026-A77CDD348BFA}.Debug|ARM.Build.0 = Debug|ARM
		{6820B615-C568-4A13-B026-A77CDD348BFA}.Debug|x64.ActiveCfg = Debug|x64
		{6820B615-C568-4A13-B026-A77CDD348BFA}.Debug|x64.Build.0 = Debug|x64
		{6820B615-C568-4A13-B026-A77CDD348BFA}.Debug|x86.ActiveCfg = Debug|x86
		{6820B615-C568-4A13-B026-A77CDD348BFA}.Debug|x86.Build.0 = Debug|x86
		{6820B615-C568-4A13-B026-A77CDD348BFA}.Release|Any CPU.ActiveCfg = Release|Any CPU
		{6820B615-C568-4A13-B026-A77CDD348BFA}.Release|Any CPU.Build.0 = Release|Any CPU
		{6820B615-C568-4A13-B026-A77CDD348BFA}.Release|ARM.ActiveCfg = Release|ARM
		{6820B615-C568-4A13-B026-A77CDD348BFA}.Release|ARM.Build.0 = Release|ARM
		{6820B615-C568-4A13-B026-A77CDD348BFA}.Release|x64.ActiveCfg = Release|x64
		{6820B615-C568-4A13-B026-A77CDD348BFA}.Release|x64.Build.0 = Release|x64
		{6820B615-C568-4A13-B026-A77CDD348BFA}.Release|x86.ActiveCfg = Release|x86
		{6820B615-C568-4A13-B026-A77CDD348BFA}.Release|x86.Build.0 = Release|x86
		{18831557-F447-41A5-A09D-57911F6E68E0}.Debug|Any CPU.ActiveCfg = Debug|Any CPU
		{18831557-F447-41A5-A09D-57911F6E68E0}.Debug|Any CPU.Build.0 = Debug|Any CPU
		{18831557-F447-41A5-A09D-57911F6E68E0}.Debug|ARM.ActiveCfg = Debug|Any CPU
		{18831557-F447-41A5-A09D-57911F6E68E0}.Debug|ARM.Build.0 = Debug|Any CPU
		{18831557-F447-41A5-A09D-57911F6E68E0}.Debug|x64.ActiveCfg = Debug|Any CPU
		{18831557-F447-41A5-A09D-57911F6E68E0}.Debug|x64.Build.0 = Debug|Any CPU
		{18831557-F447-41A5-A09D-57911F6E68E0}.Debug|x86.ActiveCfg = Debug|Any CPU
		{18831557-F447-41A5-A09D-57911F6E68E0}.Debug|x86.Build.0 = Debug|Any CPU
		{18831557-F447-41A5-A09D-57911F6E68E0}.Release|Any CPU.ActiveCfg = Release|Any CPU
		{18831557-F447-41A5-A09D-57911F6E68E0}.Release|Any CPU.Build.0 = Release|Any CPU
		{18831557-F447-41A5-A09D-57911F6E68E0}.Release|ARM.ActiveCfg = Release|Any CPU
		{18831557-F447-41A5-A09D-57911F6E68E0}.Release|ARM.Build.0 = Release|Any CPU
		{18831557-F447-41A5-A09D-57911F6E68E0}.Release|x64.ActiveCfg = Release|Any CPU
		{18831557-F447-41A5-A09D-57911F6E68E0}.Release|x64.Build.0 = Release|Any CPU
		{18831557-F447-41A5-A09D-57911F6E68E0}.Release|x86.ActiveCfg = Release|Any CPU
		{18831557-F447-41A5-A09D-57911F6E68E0}.Release|x86.Build.0 = Release|Any CPU
	EndGlobalSection
	GlobalSection(SolutionProperties) = preSolution
		HideSolutionNode = FALSE
	EndGlobalSection
EndGlobal
