
Microsoft Visual Studio Solution File, Format Version 12.00
# Visual Studio 14
VisualStudioVersion = 14.0.25420.1
MinimumVisualStudioVersion = 10.0.40219.1
Project("{F184B08F-C81C-45F6-A57F-5ABD9991F28F}") = "PKIAuthenticationVB", "PKIAuthenticationVB.vbproj", "{AF518823-84D1-43F9-B34A-7D97D9695C61}"
EndProject
Global
	GlobalSection(SolutionConfigurationPlatforms) = preSolution
		Debug|ARM = Debug|ARM
		Debug|x64 = Debug|x64
		Debug|x86 = Debug|x86
		Release|ARM = Release|ARM
		Release|x64 = Release|x64
		Release|x86 = Release|x86
	EndGlobalSection
	GlobalSection(ProjectConfigurationPlatforms) = postSolution
		{AF518823-84D1-43F9-B34A-7D97D9695C61}.Debug|ARM.ActiveCfg = Debug|ARM
		{AF518823-84D1-43F9-B34A-7D97D9695C61}.Debug|ARM.Build.0 = Debug|ARM
		{AF518823-84D1-43F9-B34A-7D97D9695C61}.Debug|ARM.Deploy.0 = Debug|ARM
		{AF518823-84D1-43F9-B34A-7D97D9695C61}.Debug|x64.ActiveCfg = Debug|x64
		{AF518823-84D1-43F9-B34A-7D97D9695C61}.Debug|x64.Build.0 = Debug|x64
		{AF518823-84D1-43F9-B34A-7D97D9695C61}.Debug|x64.Deploy.0 = Debug|x64
		{AF518823-84D1-43F9-B34A-7D97D9695C61}.Debug|x86.ActiveCfg = Debug|x86
		{AF518823-84D1-43F9-B34A-7D97D9695C61}.Debug|x86.Build.0 = Debug|x86
		{AF518823-84D1-43F9-B34A-7D97D9695C61}.Debug|x86.Deploy.0 = Debug|x86
		{AF518823-84D1-43F9-B34A-7D97D9695C61}.Release|ARM.ActiveCfg = Release|ARM
		{AF518823-84D1-43F9-B34A-7D97D9695C61}.Release|ARM.Build.0 = Release|ARM
		{AF518823-84D1-43F9-B34A-7D97D9695C61}.Release|ARM.Deploy.0 = Release|ARM
		{AF518823-84D1-43F9-B34A-7D97D9695C61}.Release|x64.ActiveCfg = Release|x64
		{AF518823-84D1-43F9-B34A-7D97D9695C61}.Release|x64.Build.0 = Release|x64
		{AF518823-84D1-43F9-B34A-7D97D9695C61}.Release|x64.Deploy.0 = Release|x64
		{AF518823-84D1-43F9-B34A-7D97D9695C61}.Release|x86.ActiveCfg = Release|x86
		{AF518823-84D1-43F9-B34A-7D97D9695C61}.Release|x86.Build.0 = Release|x86
		{AF518823-84D1-43F9-B34A-7D97D9695C61}.Release|x86.Deploy.0 = Release|x86
	EndGlobalSection
	GlobalSection(SolutionProperties) = preSolution
		HideSolutionNode = FALSE
	EndGlobalSection
EndGlobal
