<Solution>
  <Configurations>
    <Platform Name="Any CPU" />
    <Platform Name="ARM64" />
    <Platform Name="x64" />
  </Configurations>
  <Folder Name="/Build/">
    <File Path="Directory.Packages.props" />
  </Folder>
  <Folder Name="/MAUI/">
    <Project DefaultStartup="true" Path="MAUI/Maui.Samples/ArcGIS.Samples.Maui.csproj">
      <Deploy />
    </Project>
  </Folder>
  <Folder Name="/WinUI/">
    <Project Path="WinUI/ArcGIS.WinUI.Viewer/ArcGIS.WinUI.Viewer.csproj">
      <Platform Solution="*|Any CPU" Project="x64" />
      <Platform Solution="*|ARM64" Project="ARM64" />
      <Platform Solution="*|x64" Project="x64" />
      <Deploy />
    </Project>
  </Folder>
  <Folder Name="/WPF/">
    <Project Path="WPF/WPF.Viewer/ArcGIS.WPF.Viewer.Net.csproj">
      <Platform Solution="*|ARM64" Project="ARM64" />
      <Platform Solution="*|x64" Project="x64" />
    </Project>
  </Folder>
  <Project Path="Samples.CatalogGenerator/Samples.CatalogGenerator.csproj" />
  <Project Path="Samples.Shared/ArcGIS.Samples.Shared.shproj" />
</Solution>
