
Microsoft Visual Studio Solution File, Format Version 12.00
# Visual Studio Version 17
VisualStudioVersion = 17.0.31912.275
MinimumVisualStudioVersion = 10.0.40219.1
Project("{2150E333-8FDC-42A3-9474-1A3956D46DE8}") = "WinUI", "WinUI", "{14502F3B-7A88-4C48-8EA7-F44D1E4BA42B}"
EndProject
Project("{2150E333-8FDC-42A3-9474-1A3956D46DE8}") = "WPF", "WPF", "{AFB4071E-38D8-4C36-BFED-48AE0A4A3F42}"
EndProject
Project("{9A19103F-16F7-4668-BE54-9A1E7A4F7556}") = "ArcGIS.WPF.Viewer.Net", "WPF\WPF.Viewer\ArcGIS.WPF.Viewer.Net.csproj", "{FE1B81E3-59BE-4632-A1EB-12FF19F4B59A}"
EndProject
Project("{9A19103F-16F7-4668-BE54-9A1E7A4F7556}") = "ArcGIS.WinUI.Viewer", "WinUI\ArcGIS.WinUI.Viewer\ArcGIS.WinUI.Viewer.csproj", "{F39D6B3E-4E1D-4211-B152-59F8F71C8544}"
EndProject
Project("{2150E333-8FDC-42A3-9474-1A3956D46DE8}") = "MAUI", "MAUI", "{5EA55853-597D-4ED0-BAF9-6B737EBC5AC1}"
EndProject
Project("{9A19103F-16F7-4668-BE54-9A1E7A4F7556}") = "ArcGIS.Samples.Maui", "MAUI\Maui.Samples\ArcGIS.Samples.Maui.csproj", "{7F7B3255-9EA0-4296-B690-14BE9E2204F3}"
EndProject
Project("{D954291E-2A0B-460D-934E-DC6B0785DB48}") = "ArcGIS.Samples.Shared", "Samples.Shared\ArcGIS.Samples.Shared.shproj", "{0AD85845-0BA1-4DC9-8C32-E6FD7632E32D}"
EndProject
Global
	GlobalSection(SolutionConfigurationPlatforms) = preSolution
		Debug|Any CPU = Debug|Any CPU
		Debug|ARM64 = Debug|ARM64
		Debug|x64 = Debug|x64
		Debug|x86 = Debug|x86
		Release|Any CPU = Release|Any CPU
		Release|ARM64 = Release|ARM64
		Release|x64 = Release|x64
		Release|x86 = Release|x86
	EndGlobalSection
	GlobalSection(ProjectConfigurationPlatforms) = postSolution
		{FE1B81E3-59BE-4632-A1EB-12FF19F4B59A}.Debug|Any CPU.ActiveCfg = Debug|Any CPU
		{FE1B81E3-59BE-4632-A1EB-12FF19F4B59A}.Debug|Any CPU.Build.0 = Debug|Any CPU
		{FE1B81E3-59BE-4632-A1EB-12FF19F4B59A}.Debug|ARM64.ActiveCfg = Debug|Any CPU
		{FE1B81E3-59BE-4632-A1EB-12FF19F4B59A}.Debug|x64.ActiveCfg = Debug|x64
		{FE1B81E3-59BE-4632-A1EB-12FF19F4B59A}.Debug|x64.Build.0 = Debug|x64
		{FE1B81E3-59BE-4632-A1EB-12FF19F4B59A}.Debug|x86.ActiveCfg = Debug|x86
		{FE1B81E3-59BE-4632-A1EB-12FF19F4B59A}.Debug|x86.Build.0 = Debug|x86
		{FE1B81E3-59BE-4632-A1EB-12FF19F4B59A}.Release|Any CPU.ActiveCfg = Release|Any CPU
		{FE1B81E3-59BE-4632-A1EB-12FF19F4B59A}.Release|Any CPU.Build.0 = Release|Any CPU
		{FE1B81E3-59BE-4632-A1EB-12FF19F4B59A}.Release|ARM64.ActiveCfg = Release|Any CPU
		{FE1B81E3-59BE-4632-A1EB-12FF19F4B59A}.Release|x64.ActiveCfg = Release|x64
		{FE1B81E3-59BE-4632-A1EB-12FF19F4B59A}.Release|x64.Build.0 = Release|x64
		{FE1B81E3-59BE-4632-A1EB-12FF19F4B59A}.Release|x86.ActiveCfg = Release|x86
		{FE1B81E3-59BE-4632-A1EB-12FF19F4B59A}.Release|x86.Build.0 = Release|x86
		{F39D6B3E-4E1D-4211-B152-59F8F71C8544}.Debug|Any CPU.ActiveCfg = Debug|x64
		{F39D6B3E-4E1D-4211-B152-59F8F71C8544}.Debug|ARM64.ActiveCfg = Debug|x64
		{F39D6B3E-4E1D-4211-B152-59F8F71C8544}.Debug|x64.ActiveCfg = Debug|x64
		{F39D6B3E-4E1D-4211-B152-59F8F71C8544}.Debug|x64.Build.0 = Debug|x64
		{F39D6B3E-4E1D-4211-B152-59F8F71C8544}.Debug|x64.Deploy.0 = Debug|x64
		{F39D6B3E-4E1D-4211-B152-59F8F71C8544}.Debug|x86.ActiveCfg = Debug|x86
		{F39D6B3E-4E1D-4211-B152-59F8F71C8544}.Debug|x86.Build.0 = Debug|x86
		{F39D6B3E-4E1D-4211-B152-59F8F71C8544}.Debug|x86.Deploy.0 = Debug|x86
		{F39D6B3E-4E1D-4211-B152-59F8F71C8544}.Release|Any CPU.ActiveCfg = Release|x64
		{F39D6B3E-4E1D-4211-B152-59F8F71C8544}.Release|Any CPU.Build.0 = Release|x64
		{F39D6B3E-4E1D-4211-B152-59F8F71C8544}.Release|ARM64.ActiveCfg = Release|x64
		{F39D6B3E-4E1D-4211-B152-59F8F71C8544}.Release|ARM64.Build.0 = Release|x64
		{F39D6B3E-4E1D-4211-B152-59F8F71C8544}.Release|x64.ActiveCfg = Release|x64
		{F39D6B3E-4E1D-4211-B152-59F8F71C8544}.Release|x64.Build.0 = Release|x64
		{F39D6B3E-4E1D-4211-B152-59F8F71C8544}.Release|x86.ActiveCfg = Release|x86
		{F39D6B3E-4E1D-4211-B152-59F8F71C8544}.Release|x86.Build.0 = Release|x86
		{7F7B3255-9EA0-4296-B690-14BE9E2204F3}.Debug|Any CPU.ActiveCfg = Debug|Any CPU
		{7F7B3255-9EA0-4296-B690-14BE9E2204F3}.Debug|Any CPU.Build.0 = Debug|Any CPU
		{7F7B3255-9EA0-4296-B690-14BE9E2204F3}.Debug|Any CPU.Deploy.0 = Debug|Any CPU
		{7F7B3255-9EA0-4296-B690-14BE9E2204F3}.Debug|ARM64.ActiveCfg = Debug|Any CPU
		{7F7B3255-9EA0-4296-B690-14BE9E2204F3}.Debug|x64.ActiveCfg = Debug|Any CPU
		{7F7B3255-9EA0-4296-B690-14BE9E2204F3}.Debug|x86.ActiveCfg = Debug|Any CPU
		{7F7B3255-9EA0-4296-B690-14BE9E2204F3}.Release|Any CPU.ActiveCfg = Release|Any CPU
		{7F7B3255-9EA0-4296-B690-14BE9E2204F3}.Release|Any CPU.Build.0 = Release|Any CPU
		{7F7B3255-9EA0-4296-B690-14BE9E2204F3}.Release|Any CPU.Deploy.0 = Release|Any CPU
		{7F7B3255-9EA0-4296-B690-14BE9E2204F3}.Release|ARM64.ActiveCfg = Release|Any CPU
		{7F7B3255-9EA0-4296-B690-14BE9E2204F3}.Release|ARM64.Build.0 = Release|Any CPU
		{7F7B3255-9EA0-4296-B690-14BE9E2204F3}.Release|ARM64.Deploy.0 = Release|Any CPU
		{7F7B3255-9EA0-4296-B690-14BE9E2204F3}.Release|x64.ActiveCfg = Release|Any CPU
		{7F7B3255-9EA0-4296-B690-14BE9E2204F3}.Release|x64.Build.0 = Release|Any CPU
		{7F7B3255-9EA0-4296-B690-14BE9E2204F3}.Release|x64.Deploy.0 = Release|Any CPU
		{7F7B3255-9EA0-4296-B690-14BE9E2204F3}.Release|x86.ActiveCfg = Release|Any CPU
		{7F7B3255-9EA0-4296-B690-14BE9E2204F3}.Release|x86.Build.0 = Release|Any CPU
		{7F7B3255-9EA0-4296-B690-14BE9E2204F3}.Release|x86.Deploy.0 = Release|Any CPU
	EndGlobalSection
	GlobalSection(SolutionProperties) = preSolution
		HideSolutionNode = FALSE
	EndGlobalSection
	GlobalSection(NestedProjects) = preSolution
		{FE1B81E3-59BE-4632-A1EB-12FF19F4B59A} = {AFB4071E-38D8-4C36-BFED-48AE0A4A3F42}
		{F39D6B3E-4E1D-4211-B152-59F8F71C8544} = {14502F3B-7A88-4C48-8EA7-F44D1E4BA42B}
		{7F7B3255-9EA0-4296-B690-14BE9E2204F3} = {5EA55853-597D-4ED0-BAF9-6B737EBC5AC1}
	EndGlobalSection
	GlobalSection(ExtensibilityGlobals) = postSolution
		SolutionGuid = {F7243EE6-BDF4-4C46-AEEB-057BC82B116E}
	EndGlobalSection
	GlobalSection(SharedMSBuildProjectFiles) = preSolution
		Samples.Shared\ArcGIS.Samples.Shared.projitems*{0ad85845-0ba1-4dc9-8c32-e6fd7632e32d}*SharedItemsImports = 13
		Samples.Shared\ArcGIS.Samples.Shared.projitems*{7f7b3255-9ea0-4296-b690-14be9e2204f3}*SharedItemsImports = 5
		Samples.Shared\ArcGIS.Samples.Shared.projitems*{f39d6b3e-4e1d-4211-b152-59f8f71c8544}*SharedItemsImports = 5
		Samples.Shared\ArcGIS.Samples.Shared.projitems*{fe1b81e3-59be-4632-a1eb-12ff19f4b59a}*SharedItemsImports = 5
	EndGlobalSection
EndGlobal
