
Microsoft Visual Studio Solution File, Format Version 12.00
# Visual Studio 2013
VisualStudioVersion = 12.0.31101.0
MinimumVisualStudioVersion = 10.0.40219.1
Project("{FAE04EC0-301F-11D3-BF4B-00C04F79EFBC}") = "ArcGISRuntime.Samples.DesktopViewer", "Desktop\ArcGISRuntimeSamplesDesktopViewer\ArcGISRuntime.Samples.DesktopViewer.csproj", "{9A0DD25A-1AD3-4D8C-99EA-CA71AB4F97DB}"
EndProject
Project("{FAE04EC0-301F-11D3-BF4B-00C04F79EFBC}") = "ArcGISRuntime.Samples.Desktop", "Desktop\ArcGISRuntimeSamplesDesktop\ArcGISRuntime.Samples.Desktop.csproj", "{45EEFB07-245F-41DB-9445-0CDF099B7619}"
EndProject
Project("{FAE04EC0-301F-11D3-BF4B-00C04F79EFBC}") = "ArcGISRuntime.Samples.Phone", "Phone\ArcGISRuntimeSamplesPhone\ArcGISRuntime.Samples.Phone.csproj", "{5DEE53A7-7648-482A-BA7D-281C98D4F472}"
EndProject
Project("{FAE04EC0-301F-11D3-BF4B-00C04F79EFBC}") = "ArcGISRuntime.Samples.PhoneViewer", "Phone\ArcGISRuntimeSamplesPhoneViewer\ArcGISRuntime.Samples.PhoneViewer.csproj", "{57912389-62B3-4A8A-B7D6-672FEF7D57B6}"
EndProject
Project("{FAE04EC0-301F-11D3-BF4B-00C04F79EFBC}") = "ArcGISRuntime.Samples.Store", "Store\ArcGISRuntimeSamplesStore\ArcGISRuntime.Samples.Store.csproj", "{D69CD45E-1236-4723-80AF-12826F1CE771}"
EndProject
Project("{FAE04EC0-301F-11D3-BF4B-00C04F79EFBC}") = "ArcGISRuntime.Samples.StoreViewer", "Store\ArcGISRuntimeSamplesStoreViewer\ArcGISRuntime.Samples.StoreViewer.csproj", "{6C1E4B4F-FAC1-4B3D-B954-2E5D5D00223D}"
EndProject
Project("{2150E333-8FDC-42A3-9474-1A3956D46DE8}") = "Desktop", "Desktop", "{656DCD6D-CBC6-4C54-847F-5191B925C139}"
EndProject
Project("{2150E333-8FDC-42A3-9474-1A3956D46DE8}") = "Phone", "Phone", "{795620F9-B48D-4BDC-8E54-40CAD2EF61AF}"
EndProject
Project("{2150E333-8FDC-42A3-9474-1A3956D46DE8}") = "Store", "Store", "{2D35BB69-6BBE-402D-BFF9-DBCEFC4B7CF2}"
EndProject
Global
	GlobalSection(SolutionConfigurationPlatforms) = preSolution
		Debug|Any CPU = Debug|Any CPU
		Debug|ARM = Debug|ARM
		Debug|Mixed Platforms = Debug|Mixed Platforms
		Debug|x64 = Debug|x64
		Debug|x86 = Debug|x86
		Release|Any CPU = Release|Any CPU
		Release|ARM = Release|ARM
		Release|Mixed Platforms = Release|Mixed Platforms
		Release|x64 = Release|x64
		Release|x86 = Release|x86
	EndGlobalSection
	GlobalSection(ProjectConfigurationPlatforms) = postSolution
		{9A0DD25A-1AD3-4D8C-99EA-CA71AB4F97DB}.Debug|Any CPU.ActiveCfg = Debug|Any CPU
		{9A0DD25A-1AD3-4D8C-99EA-CA71AB4F97DB}.Debug|Any CPU.Build.0 = Debug|Any CPU
		{9A0DD25A-1AD3-4D8C-99EA-CA71AB4F97DB}.Debug|ARM.ActiveCfg = Debug|Any CPU
		{9A0DD25A-1AD3-4D8C-99EA-CA71AB4F97DB}.Debug|Mixed Platforms.ActiveCfg = Debug|Any CPU
		{9A0DD25A-1AD3-4D8C-99EA-CA71AB4F97DB}.Debug|Mixed Platforms.Build.0 = Debug|Any CPU
		{9A0DD25A-1AD3-4D8C-99EA-CA71AB4F97DB}.Debug|x64.ActiveCfg = Debug|Any CPU
		{9A0DD25A-1AD3-4D8C-99EA-CA71AB4F97DB}.Debug|x64.Build.0 = Debug|Any CPU
		{9A0DD25A-1AD3-4D8C-99EA-CA71AB4F97DB}.Debug|x86.ActiveCfg = Debug|Any CPU
		{9A0DD25A-1AD3-4D8C-99EA-CA71AB4F97DB}.Debug|x86.Build.0 = Debug|Any CPU
		{9A0DD25A-1AD3-4D8C-99EA-CA71AB4F97DB}.Release|Any CPU.ActiveCfg = Release|Any CPU
		{9A0DD25A-1AD3-4D8C-99EA-CA71AB4F97DB}.Release|Any CPU.Build.0 = Release|Any CPU
		{9A0DD25A-1AD3-4D8C-99EA-CA71AB4F97DB}.Release|ARM.ActiveCfg = Release|Any CPU
		{9A0DD25A-1AD3-4D8C-99EA-CA71AB4F97DB}.Release|Mixed Platforms.ActiveCfg = Release|Any CPU
		{9A0DD25A-1AD3-4D8C-99EA-CA71AB4F97DB}.Release|Mixed Platforms.Build.0 = Release|Any CPU
		{9A0DD25A-1AD3-4D8C-99EA-CA71AB4F97DB}.Release|x64.ActiveCfg = Release|Any CPU
		{9A0DD25A-1AD3-4D8C-99EA-CA71AB4F97DB}.Release|x64.Build.0 = Release|Any CPU
		{9A0DD25A-1AD3-4D8C-99EA-CA71AB4F97DB}.Release|x86.ActiveCfg = Release|Any CPU
		{9A0DD25A-1AD3-4D8C-99EA-CA71AB4F97DB}.Release|x86.Build.0 = Release|Any CPU
		{45EEFB07-245F-41DB-9445-0CDF099B7619}.Debug|Any CPU.ActiveCfg = Debug|Any CPU
		{45EEFB07-245F-41DB-9445-0CDF099B7619}.Debug|Any CPU.Build.0 = Debug|Any CPU
		{45EEFB07-245F-41DB-9445-0CDF099B7619}.Debug|ARM.ActiveCfg = Debug|Any CPU
		{45EEFB07-245F-41DB-9445-0CDF099B7619}.Debug|Mixed Platforms.ActiveCfg = Debug|Any CPU
		{45EEFB07-245F-41DB-9445-0CDF099B7619}.Debug|Mixed Platforms.Build.0 = Debug|Any CPU
		{45EEFB07-245F-41DB-9445-0CDF099B7619}.Debug|x64.ActiveCfg = Debug|Any CPU
		{45EEFB07-245F-41DB-9445-0CDF099B7619}.Debug|x64.Build.0 = Debug|Any CPU
		{45EEFB07-245F-41DB-9445-0CDF099B7619}.Debug|x86.ActiveCfg = Debug|Any CPU
		{45EEFB07-245F-41DB-9445-0CDF099B7619}.Debug|x86.Build.0 = Debug|Any CPU
		{45EEFB07-245F-41DB-9445-0CDF099B7619}.Release|Any CPU.ActiveCfg = Release|Any CPU
		{45EEFB07-245F-41DB-9445-0CDF099B7619}.Release|Any CPU.Build.0 = Release|Any CPU
		{45EEFB07-245F-41DB-9445-0CDF099B7619}.Release|ARM.ActiveCfg = Release|Any CPU
		{45EEFB07-245F-41DB-9445-0CDF099B7619}.Release|Mixed Platforms.ActiveCfg = Release|Any CPU
		{45EEFB07-245F-41DB-9445-0CDF099B7619}.Release|Mixed Platforms.Build.0 = Release|Any CPU
		{45EEFB07-245F-41DB-9445-0CDF099B7619}.Release|x64.ActiveCfg = Release|Any CPU
		{45EEFB07-245F-41DB-9445-0CDF099B7619}.Release|x64.Build.0 = Release|Any CPU
		{45EEFB07-245F-41DB-9445-0CDF099B7619}.Release|x86.ActiveCfg = Release|Any CPU
		{45EEFB07-245F-41DB-9445-0CDF099B7619}.Release|x86.Build.0 = Release|Any CPU
		{5DEE53A7-7648-482A-BA7D-281C98D4F472}.Debug|Any CPU.ActiveCfg = Debug|Any CPU
		{5DEE53A7-7648-482A-BA7D-281C98D4F472}.Debug|ARM.ActiveCfg = Debug|ARM
		{5DEE53A7-7648-482A-BA7D-281C98D4F472}.Debug|ARM.Build.0 = Debug|ARM
		{5DEE53A7-7648-482A-BA7D-281C98D4F472}.Debug|Mixed Platforms.ActiveCfg = Debug|x86
		{5DEE53A7-7648-482A-BA7D-281C98D4F472}.Debug|Mixed Platforms.Build.0 = Debug|x86
		{5DEE53A7-7648-482A-BA7D-281C98D4F472}.Debug|x64.ActiveCfg = Debug|x86
		{5DEE53A7-7648-482A-BA7D-281C98D4F472}.Debug|x86.ActiveCfg = Debug|x86
		{5DEE53A7-7648-482A-BA7D-281C98D4F472}.Debug|x86.Build.0 = Debug|x86
		{5DEE53A7-7648-482A-BA7D-281C98D4F472}.Release|Any CPU.ActiveCfg = Release|Any CPU
		{5DEE53A7-7648-482A-BA7D-281C98D4F472}.Release|ARM.ActiveCfg = Release|ARM
		{5DEE53A7-7648-482A-BA7D-281C98D4F472}.Release|ARM.Build.0 = Release|ARM
		{5DEE53A7-7648-482A-BA7D-281C98D4F472}.Release|Mixed Platforms.ActiveCfg = Release|x86
		{5DEE53A7-7648-482A-BA7D-281C98D4F472}.Release|Mixed Platforms.Build.0 = Release|x86
		{5DEE53A7-7648-482A-BA7D-281C98D4F472}.Release|x64.ActiveCfg = Release|x86
		{5DEE53A7-7648-482A-BA7D-281C98D4F472}.Release|x86.ActiveCfg = Release|x86
		{5DEE53A7-7648-482A-BA7D-281C98D4F472}.Release|x86.Build.0 = Release|x86
		{57912389-62B3-4A8A-B7D6-672FEF7D57B6}.Debug|Any CPU.ActiveCfg = Debug|x86
		{57912389-62B3-4A8A-B7D6-672FEF7D57B6}.Debug|ARM.ActiveCfg = Debug|ARM
		{57912389-62B3-4A8A-B7D6-672FEF7D57B6}.Debug|ARM.Build.0 = Debug|ARM
		{57912389-62B3-4A8A-B7D6-672FEF7D57B6}.Debug|ARM.Deploy.0 = Debug|ARM
		{57912389-62B3-4A8A-B7D6-672FEF7D57B6}.Debug|Mixed Platforms.ActiveCfg = Debug|x86
		{57912389-62B3-4A8A-B7D6-672FEF7D57B6}.Debug|Mixed Platforms.Build.0 = Debug|x86
		{57912389-62B3-4A8A-B7D6-672FEF7D57B6}.Debug|Mixed Platforms.Deploy.0 = Debug|x86
		{57912389-62B3-4A8A-B7D6-672FEF7D57B6}.Debug|x64.ActiveCfg = Debug|x86
		{57912389-62B3-4A8A-B7D6-672FEF7D57B6}.Debug|x86.ActiveCfg = Debug|x86
		{57912389-62B3-4A8A-B7D6-672FEF7D57B6}.Debug|x86.Build.0 = Debug|x86
		{57912389-62B3-4A8A-B7D6-672FEF7D57B6}.Debug|x86.Deploy.0 = Debug|x86
		{57912389-62B3-4A8A-B7D6-672FEF7D57B6}.Release|Any CPU.ActiveCfg = Release|x86
		{57912389-62B3-4A8A-B7D6-672FEF7D57B6}.Release|ARM.ActiveCfg = Release|ARM
		{57912389-62B3-4A8A-B7D6-672FEF7D57B6}.Release|ARM.Build.0 = Release|ARM
		{57912389-62B3-4A8A-B7D6-672FEF7D57B6}.Release|ARM.Deploy.0 = Release|ARM
		{57912389-62B3-4A8A-B7D6-672FEF7D57B6}.Release|Mixed Platforms.ActiveCfg = Release|x86
		{57912389-62B3-4A8A-B7D6-672FEF7D57B6}.Release|Mixed Platforms.Build.0 = Release|x86
		{57912389-62B3-4A8A-B7D6-672FEF7D57B6}.Release|Mixed Platforms.Deploy.0 = Release|x86
		{57912389-62B3-4A8A-B7D6-672FEF7D57B6}.Release|x64.ActiveCfg = Release|x86
		{57912389-62B3-4A8A-B7D6-672FEF7D57B6}.Release|x86.ActiveCfg = Release|x86
		{57912389-62B3-4A8A-B7D6-672FEF7D57B6}.Release|x86.Build.0 = Release|x86
		{57912389-62B3-4A8A-B7D6-672FEF7D57B6}.Release|x86.Deploy.0 = Release|x86
		{D69CD45E-1236-4723-80AF-12826F1CE771}.Debug|Any CPU.ActiveCfg = Debug|Any CPU
		{D69CD45E-1236-4723-80AF-12826F1CE771}.Debug|ARM.ActiveCfg = Debug|ARM
		{D69CD45E-1236-4723-80AF-12826F1CE771}.Debug|ARM.Build.0 = Debug|ARM
		{D69CD45E-1236-4723-80AF-12826F1CE771}.Debug|Mixed Platforms.ActiveCfg = Debug|x86
		{D69CD45E-1236-4723-80AF-12826F1CE771}.Debug|Mixed Platforms.Build.0 = Debug|x86
		{D69CD45E-1236-4723-80AF-12826F1CE771}.Debug|x64.ActiveCfg = Debug|x64
		{D69CD45E-1236-4723-80AF-12826F1CE771}.Debug|x64.Build.0 = Debug|x64
		{D69CD45E-1236-4723-80AF-12826F1CE771}.Debug|x86.ActiveCfg = Debug|x86
		{D69CD45E-1236-4723-80AF-12826F1CE771}.Debug|x86.Build.0 = Debug|x86
		{D69CD45E-1236-4723-80AF-12826F1CE771}.Release|Any CPU.ActiveCfg = Release|Any CPU
		{D69CD45E-1236-4723-80AF-12826F1CE771}.Release|ARM.ActiveCfg = Release|ARM
		{D69CD45E-1236-4723-80AF-12826F1CE771}.Release|ARM.Build.0 = Release|ARM
		{D69CD45E-1236-4723-80AF-12826F1CE771}.Release|Mixed Platforms.ActiveCfg = Release|x86
		{D69CD45E-1236-4723-80AF-12826F1CE771}.Release|Mixed Platforms.Build.0 = Release|x86
		{D69CD45E-1236-4723-80AF-12826F1CE771}.Release|x64.ActiveCfg = Release|x64
		{D69CD45E-1236-4723-80AF-12826F1CE771}.Release|x64.Build.0 = Release|x64
		{D69CD45E-1236-4723-80AF-12826F1CE771}.Release|x86.ActiveCfg = Release|x86
		{D69CD45E-1236-4723-80AF-12826F1CE771}.Release|x86.Build.0 = Release|x86
		{6C1E4B4F-FAC1-4B3D-B954-2E5D5D00223D}.Debug|Any CPU.ActiveCfg = Debug|x86
		{6C1E4B4F-FAC1-4B3D-B954-2E5D5D00223D}.Debug|ARM.ActiveCfg = Debug|ARM
		{6C1E4B4F-FAC1-4B3D-B954-2E5D5D00223D}.Debug|ARM.Build.0 = Debug|ARM
		{6C1E4B4F-FAC1-4B3D-B954-2E5D5D00223D}.Debug|ARM.Deploy.0 = Debug|ARM
		{6C1E4B4F-FAC1-4B3D-B954-2E5D5D00223D}.Debug|Mixed Platforms.ActiveCfg = Debug|x86
		{6C1E4B4F-FAC1-4B3D-B954-2E5D5D00223D}.Debug|Mixed Platforms.Build.0 = Debug|x86
		{6C1E4B4F-FAC1-4B3D-B954-2E5D5D00223D}.Debug|Mixed Platforms.Deploy.0 = Debug|x86
		{6C1E4B4F-FAC1-4B3D-B954-2E5D5D00223D}.Debug|x64.ActiveCfg = Debug|x64
		{6C1E4B4F-FAC1-4B3D-B954-2E5D5D00223D}.Debug|x64.Build.0 = Debug|x64
		{6C1E4B4F-FAC1-4B3D-B954-2E5D5D00223D}.Debug|x64.Deploy.0 = Debug|x64
		{6C1E4B4F-FAC1-4B3D-B954-2E5D5D00223D}.Debug|x86.ActiveCfg = Debug|x86
		{6C1E4B4F-FAC1-4B3D-B954-2E5D5D00223D}.Debug|x86.Build.0 = Debug|x86
		{6C1E4B4F-FAC1-4B3D-B954-2E5D5D00223D}.Debug|x86.Deploy.0 = Debug|x86
		{6C1E4B4F-FAC1-4B3D-B954-2E5D5D00223D}.Release|Any CPU.ActiveCfg = Release|x86
		{6C1E4B4F-FAC1-4B3D-B954-2E5D5D00223D}.Release|ARM.ActiveCfg = Release|ARM
		{6C1E4B4F-FAC1-4B3D-B954-2E5D5D00223D}.Release|ARM.Build.0 = Release|ARM
		{6C1E4B4F-FAC1-4B3D-B954-2E5D5D00223D}.Release|ARM.Deploy.0 = Release|ARM
		{6C1E4B4F-FAC1-4B3D-B954-2E5D5D00223D}.Release|Mixed Platforms.ActiveCfg = Release|x86
		{6C1E4B4F-FAC1-4B3D-B954-2E5D5D00223D}.Release|Mixed Platforms.Build.0 = Release|x86
		{6C1E4B4F-FAC1-4B3D-B954-2E5D5D00223D}.Release|Mixed Platforms.Deploy.0 = Release|x86
		{6C1E4B4F-FAC1-4B3D-B954-2E5D5D00223D}.Release|x64.ActiveCfg = Release|x64
		{6C1E4B4F-FAC1-4B3D-B954-2E5D5D00223D}.Release|x64.Build.0 = Release|x64
		{6C1E4B4F-FAC1-4B3D-B954-2E5D5D00223D}.Release|x64.Deploy.0 = Release|x64
		{6C1E4B4F-FAC1-4B3D-B954-2E5D5D00223D}.Release|x86.ActiveCfg = Release|x86
		{6C1E4B4F-FAC1-4B3D-B954-2E5D5D00223D}.Release|x86.Build.0 = Release|x86
		{6C1E4B4F-FAC1-4B3D-B954-2E5D5D00223D}.Release|x86.Deploy.0 = Release|x86
	EndGlobalSection
	GlobalSection(SolutionProperties) = preSolution
		HideSolutionNode = FALSE
	EndGlobalSection
	GlobalSection(NestedProjects) = preSolution
		{9A0DD25A-1AD3-4D8C-99EA-CA71AB4F97DB} = {656DCD6D-CBC6-4C54-847F-5191B925C139}
		{45EEFB07-245F-41DB-9445-0CDF099B7619} = {656DCD6D-CBC6-4C54-847F-5191B925C139}
		{5DEE53A7-7648-482A-BA7D-281C98D4F472} = {795620F9-B48D-4BDC-8E54-40CAD2EF61AF}
		{57912389-62B3-4A8A-B7D6-672FEF7D57B6} = {795620F9-B48D-4BDC-8E54-40CAD2EF61AF}
		{D69CD45E-1236-4723-80AF-12826F1CE771} = {2D35BB69-6BBE-402D-BFF9-DBCEFC4B7CF2}
		{6C1E4B4F-FAC1-4B3D-B954-2E5D5D00223D} = {2D35BB69-6BBE-402D-BFF9-DBCEFC4B7CF2}
	EndGlobalSection
EndGlobal
