
Microsoft Visual Studio Solution File, Format Version 12.00
# Visual Studio Version 17
VisualStudioVersion = 17.0.31912.275
MinimumVisualStudioVersion = 10.0.40219.1
Project("{2150E333-8FDC-42A3-9474-1A3956D46DE8}") = "WinUI", "WinUI", "{14502F3B-7A88-4C48-8EA7-F44D1E4BA42B}"
EndProject
Project("{2150E333-8FDC-42A3-9474-1A3956D46DE8}") = "WPF", "WPF", "{AFB4071E-38D8-4C36-BFED-48AE0A4A3F42}"
EndProject
Project("{9A19103F-16F7-4668-BE54-9A1E7A4F7556}") = "ArcGISMapsSDK.WPF.Viewer.Net", "WPF\WPF.Viewer\ArcGISMapsSDK.WPF.Viewer.Net.csproj", "{FE1B81E3-59BE-4632-A1EB-12FF19F4B59A}"
EndProject
Project("{9A19103F-16F7-4668-BE54-9A1E7A4F7556}") = "ArcGISMapsSDK.WinUI.Viewer", "WinUI\ArcGISMapsSDK.WinUI.Viewer\ArcGISMapsSDK.WinUI.Viewer.csproj", "{F39D6B3E-4E1D-4211-B152-59F8F71C8544}"
EndProject
Project("{C7167F0D-BC9F-4E6E-AFE1-012C56B48DB5}") = "ArcGISMapsSDK.WinUI.Viewer (Package)", "WinUI\ArcGISMapsSDK.WinUI.Viewer (Package)\ArcGISMapsSDK.WinUI.Viewer (Package).wapproj", "{BA503BD0-660A-4EA6-AB0E-11823F9BAD96}"
EndProject
Project("{2150E333-8FDC-42A3-9474-1A3956D46DE8}") = "MAUI", "MAUI", "{5EA55853-597D-4ED0-BAF9-6B737EBC5AC1}"
EndProject
Project("{9A19103F-16F7-4668-BE54-9A1E7A4F7556}") = "ArcGISMapsSDK.Samples.Maui", "MAUI\Maui.Samples\ArcGISMapsSDK.Samples.Maui.csproj", "{7F7B3255-9EA0-4296-B690-14BE9E2204F3}"
EndProject
Project("{D954291E-2A0B-460D-934E-DC6B0785DB48}") = "ArcGIS.Samples.Shared", "Samples.Shared\ArcGIS.Samples.Shared.shproj", "{0AD85845-0BA1-4DC9-8C32-E6FD7632E32D}"
EndProject
Global
	GlobalSection(SolutionConfigurationPlatforms) = preSolution
		Ad-Hoc|Any CPU = Ad-Hoc|Any CPU
		Ad-Hoc|ARM64 = Ad-Hoc|ARM64
		Ad-Hoc|iPhone = Ad-Hoc|iPhone
		Ad-Hoc|iPhoneSimulator = Ad-Hoc|iPhoneSimulator
		Ad-Hoc|x64 = Ad-Hoc|x64
		Ad-Hoc|x86 = Ad-Hoc|x86
		AppStore|Any CPU = AppStore|Any CPU
		AppStore|ARM64 = AppStore|ARM64
		AppStore|iPhone = AppStore|iPhone
		AppStore|iPhoneSimulator = AppStore|iPhoneSimulator
		AppStore|x64 = AppStore|x64
		AppStore|x86 = AppStore|x86
		Debug|Any CPU = Debug|Any CPU
		Debug|ARM64 = Debug|ARM64
		Debug|iPhone = Debug|iPhone
		Debug|iPhoneSimulator = Debug|iPhoneSimulator
		Debug|x64 = Debug|x64
		Debug|x86 = Debug|x86
		Release|Any CPU = Release|Any CPU
		Release|ARM64 = Release|ARM64
		Release|iPhone = Release|iPhone
		Release|iPhoneSimulator = Release|iPhoneSimulator
		Release|x64 = Release|x64
		Release|x86 = Release|x86
	EndGlobalSection
	GlobalSection(ProjectConfigurationPlatforms) = postSolution
		{FE1B81E3-59BE-4632-A1EB-12FF19F4B59A}.Ad-Hoc|Any CPU.ActiveCfg = Release|Any CPU
		{FE1B81E3-59BE-4632-A1EB-12FF19F4B59A}.Ad-Hoc|ARM64.ActiveCfg = Release|Any CPU
		{FE1B81E3-59BE-4632-A1EB-12FF19F4B59A}.Ad-Hoc|iPhone.ActiveCfg = Release|Any CPU
		{FE1B81E3-59BE-4632-A1EB-12FF19F4B59A}.Ad-Hoc|iPhoneSimulator.ActiveCfg = Release|Any CPU
		{FE1B81E3-59BE-4632-A1EB-12FF19F4B59A}.Ad-Hoc|x64.ActiveCfg = Release|x64
		{FE1B81E3-59BE-4632-A1EB-12FF19F4B59A}.Ad-Hoc|x86.ActiveCfg = Release|x86
		{FE1B81E3-59BE-4632-A1EB-12FF19F4B59A}.AppStore|Any CPU.ActiveCfg = Release|Any CPU
		{FE1B81E3-59BE-4632-A1EB-12FF19F4B59A}.AppStore|ARM64.ActiveCfg = Release|Any CPU
		{FE1B81E3-59BE-4632-A1EB-12FF19F4B59A}.AppStore|iPhone.ActiveCfg = Release|Any CPU
		{FE1B81E3-59BE-4632-A1EB-12FF19F4B59A}.AppStore|iPhoneSimulator.ActiveCfg = Release|Any CPU
		{FE1B81E3-59BE-4632-A1EB-12FF19F4B59A}.AppStore|x64.ActiveCfg = Release|x64
		{FE1B81E3-59BE-4632-A1EB-12FF19F4B59A}.AppStore|x86.ActiveCfg = Release|x86
		{FE1B81E3-59BE-4632-A1EB-12FF19F4B59A}.Debug|Any CPU.ActiveCfg = Debug|Any CPU
		{FE1B81E3-59BE-4632-A1EB-12FF19F4B59A}.Debug|Any CPU.Build.0 = Debug|Any CPU
		{FE1B81E3-59BE-4632-A1EB-12FF19F4B59A}.Debug|ARM64.ActiveCfg = Debug|Any CPU
		{FE1B81E3-59BE-4632-A1EB-12FF19F4B59A}.Debug|iPhone.ActiveCfg = Debug|Any CPU
		{FE1B81E3-59BE-4632-A1EB-12FF19F4B59A}.Debug|iPhoneSimulator.ActiveCfg = Debug|Any CPU
		{FE1B81E3-59BE-4632-A1EB-12FF19F4B59A}.Debug|x64.ActiveCfg = Debug|x64
		{FE1B81E3-59BE-4632-A1EB-12FF19F4B59A}.Debug|x64.Build.0 = Debug|x64
		{FE1B81E3-59BE-4632-A1EB-12FF19F4B59A}.Debug|x86.ActiveCfg = Debug|x86
		{FE1B81E3-59BE-4632-A1EB-12FF19F4B59A}.Debug|x86.Build.0 = Debug|x86
		{FE1B81E3-59BE-4632-A1EB-12FF19F4B59A}.Release|Any CPU.ActiveCfg = Release|Any CPU
		{FE1B81E3-59BE-4632-A1EB-12FF19F4B59A}.Release|Any CPU.Build.0 = Release|Any CPU
		{FE1B81E3-59BE-4632-A1EB-12FF19F4B59A}.Release|ARM64.ActiveCfg = Release|Any CPU
		{FE1B81E3-59BE-4632-A1EB-12FF19F4B59A}.Release|iPhone.ActiveCfg = Release|Any CPU
		{FE1B81E3-59BE-4632-A1EB-12FF19F4B59A}.Release|iPhoneSimulator.ActiveCfg = Release|Any CPU
		{FE1B81E3-59BE-4632-A1EB-12FF19F4B59A}.Release|x64.ActiveCfg = Release|x64
		{FE1B81E3-59BE-4632-A1EB-12FF19F4B59A}.Release|x64.Build.0 = Release|x64
		{FE1B81E3-59BE-4632-A1EB-12FF19F4B59A}.Release|x86.ActiveCfg = Release|x86
		{FE1B81E3-59BE-4632-A1EB-12FF19F4B59A}.Release|x86.Build.0 = Release|x86
		{F39D6B3E-4E1D-4211-B152-59F8F71C8544}.Ad-Hoc|Any CPU.ActiveCfg = Debug|x86
		{F39D6B3E-4E1D-4211-B152-59F8F71C8544}.Ad-Hoc|Any CPU.Build.0 = Debug|x86
		{F39D6B3E-4E1D-4211-B152-59F8F71C8544}.Ad-Hoc|ARM64.ActiveCfg = Debug|x86
		{F39D6B3E-4E1D-4211-B152-59F8F71C8544}.Ad-Hoc|ARM64.Build.0 = Debug|x86
		{F39D6B3E-4E1D-4211-B152-59F8F71C8544}.Ad-Hoc|iPhone.ActiveCfg = Debug|x86
		{F39D6B3E-4E1D-4211-B152-59F8F71C8544}.Ad-Hoc|iPhone.Build.0 = Debug|x86
		{F39D6B3E-4E1D-4211-B152-59F8F71C8544}.Ad-Hoc|iPhoneSimulator.ActiveCfg = Debug|x86
		{F39D6B3E-4E1D-4211-B152-59F8F71C8544}.Ad-Hoc|iPhoneSimulator.Build.0 = Debug|x86
		{F39D6B3E-4E1D-4211-B152-59F8F71C8544}.Ad-Hoc|x64.ActiveCfg = Debug|x64
		{F39D6B3E-4E1D-4211-B152-59F8F71C8544}.Ad-Hoc|x64.Build.0 = Debug|x64
		{F39D6B3E-4E1D-4211-B152-59F8F71C8544}.Ad-Hoc|x86.ActiveCfg = Debug|x86
		{F39D6B3E-4E1D-4211-B152-59F8F71C8544}.Ad-Hoc|x86.Build.0 = Debug|x86
		{F39D6B3E-4E1D-4211-B152-59F8F71C8544}.AppStore|Any CPU.ActiveCfg = Debug|x86
		{F39D6B3E-4E1D-4211-B152-59F8F71C8544}.AppStore|Any CPU.Build.0 = Debug|x86
		{F39D6B3E-4E1D-4211-B152-59F8F71C8544}.AppStore|ARM64.ActiveCfg = Debug|x86
		{F39D6B3E-4E1D-4211-B152-59F8F71C8544}.AppStore|ARM64.Build.0 = Debug|x86
		{F39D6B3E-4E1D-4211-B152-59F8F71C8544}.AppStore|iPhone.ActiveCfg = Debug|x86
		{F39D6B3E-4E1D-4211-B152-59F8F71C8544}.AppStore|iPhone.Build.0 = Debug|x86
		{F39D6B3E-4E1D-4211-B152-59F8F71C8544}.AppStore|iPhoneSimulator.ActiveCfg = Debug|x86
		{F39D6B3E-4E1D-4211-B152-59F8F71C8544}.AppStore|iPhoneSimulator.Build.0 = Debug|x86
		{F39D6B3E-4E1D-4211-B152-59F8F71C8544}.AppStore|x64.ActiveCfg = Debug|x64
		{F39D6B3E-4E1D-4211-B152-59F8F71C8544}.AppStore|x64.Build.0 = Debug|x64
		{F39D6B3E-4E1D-4211-B152-59F8F71C8544}.AppStore|x86.ActiveCfg = Debug|x86
		{F39D6B3E-4E1D-4211-B152-59F8F71C8544}.AppStore|x86.Build.0 = Debug|x86
		{F39D6B3E-4E1D-4211-B152-59F8F71C8544}.Debug|Any CPU.ActiveCfg = Debug|x64
		{F39D6B3E-4E1D-4211-B152-59F8F71C8544}.Debug|ARM64.ActiveCfg = Debug|x64
		{F39D6B3E-4E1D-4211-B152-59F8F71C8544}.Debug|iPhone.ActiveCfg = Debug|x64
		{F39D6B3E-4E1D-4211-B152-59F8F71C8544}.Debug|iPhoneSimulator.ActiveCfg = Debug|x64
		{F39D6B3E-4E1D-4211-B152-59F8F71C8544}.Debug|x64.ActiveCfg = Debug|x64
		{F39D6B3E-4E1D-4211-B152-59F8F71C8544}.Debug|x64.Build.0 = Debug|x64
		{F39D6B3E-4E1D-4211-B152-59F8F71C8544}.Debug|x86.ActiveCfg = Debug|x86
		{F39D6B3E-4E1D-4211-B152-59F8F71C8544}.Debug|x86.Build.0 = Debug|x86
		{F39D6B3E-4E1D-4211-B152-59F8F71C8544}.Release|Any CPU.ActiveCfg = Release|x64
		{F39D6B3E-4E1D-4211-B152-59F8F71C8544}.Release|Any CPU.Build.0 = Release|x64
		{F39D6B3E-4E1D-4211-B152-59F8F71C8544}.Release|ARM64.ActiveCfg = Release|x64
		{F39D6B3E-4E1D-4211-B152-59F8F71C8544}.Release|ARM64.Build.0 = Release|x64
		{F39D6B3E-4E1D-4211-B152-59F8F71C8544}.Release|iPhone.ActiveCfg = Release|x64
		{F39D6B3E-4E1D-4211-B152-59F8F71C8544}.Release|iPhone.Build.0 = Release|x64
		{F39D6B3E-4E1D-4211-B152-59F8F71C8544}.Release|iPhoneSimulator.ActiveCfg = Release|x64
		{F39D6B3E-4E1D-4211-B152-59F8F71C8544}.Release|iPhoneSimulator.Build.0 = Release|x64
		{F39D6B3E-4E1D-4211-B152-59F8F71C8544}.Release|x64.ActiveCfg = Release|x64
		{F39D6B3E-4E1D-4211-B152-59F8F71C8544}.Release|x64.Build.0 = Release|x64
		{F39D6B3E-4E1D-4211-B152-59F8F71C8544}.Release|x86.ActiveCfg = Release|x86
		{F39D6B3E-4E1D-4211-B152-59F8F71C8544}.Release|x86.Build.0 = Release|x86
		{BA503BD0-660A-4EA6-AB0E-11823F9BAD96}.Ad-Hoc|Any CPU.ActiveCfg = Debug|arm64
		{BA503BD0-660A-4EA6-AB0E-11823F9BAD96}.Ad-Hoc|Any CPU.Build.0 = Debug|arm64
		{BA503BD0-660A-4EA6-AB0E-11823F9BAD96}.Ad-Hoc|Any CPU.Deploy.0 = Debug|arm64
		{BA503BD0-660A-4EA6-AB0E-11823F9BAD96}.Ad-Hoc|ARM64.ActiveCfg = Debug|arm64
		{BA503BD0-660A-4EA6-AB0E-11823F9BAD96}.Ad-Hoc|ARM64.Build.0 = Debug|arm64
		{BA503BD0-660A-4EA6-AB0E-11823F9BAD96}.Ad-Hoc|ARM64.Deploy.0 = Debug|arm64
		{BA503BD0-660A-4EA6-AB0E-11823F9BAD96}.Ad-Hoc|iPhone.ActiveCfg = Debug|arm64
		{BA503BD0-660A-4EA6-AB0E-11823F9BAD96}.Ad-Hoc|iPhone.Build.0 = Debug|arm64
		{BA503BD0-660A-4EA6-AB0E-11823F9BAD96}.Ad-Hoc|iPhone.Deploy.0 = Debug|arm64
		{BA503BD0-660A-4EA6-AB0E-11823F9BAD96}.Ad-Hoc|iPhoneSimulator.ActiveCfg = Debug|arm64
		{BA503BD0-660A-4EA6-AB0E-11823F9BAD96}.Ad-Hoc|iPhoneSimulator.Build.0 = Debug|arm64
		{BA503BD0-660A-4EA6-AB0E-11823F9BAD96}.Ad-Hoc|iPhoneSimulator.Deploy.0 = Debug|arm64
		{BA503BD0-660A-4EA6-AB0E-11823F9BAD96}.Ad-Hoc|x64.ActiveCfg = Debug|x64
		{BA503BD0-660A-4EA6-AB0E-11823F9BAD96}.Ad-Hoc|x64.Build.0 = Debug|x64
		{BA503BD0-660A-4EA6-AB0E-11823F9BAD96}.Ad-Hoc|x64.Deploy.0 = Debug|x64
		{BA503BD0-660A-4EA6-AB0E-11823F9BAD96}.Ad-Hoc|x86.ActiveCfg = Debug|x86
		{BA503BD0-660A-4EA6-AB0E-11823F9BAD96}.Ad-Hoc|x86.Build.0 = Debug|x86
		{BA503BD0-660A-4EA6-AB0E-11823F9BAD96}.Ad-Hoc|x86.Deploy.0 = Debug|x86
		{BA503BD0-660A-4EA6-AB0E-11823F9BAD96}.AppStore|Any CPU.ActiveCfg = Debug|arm64
		{BA503BD0-660A-4EA6-AB0E-11823F9BAD96}.AppStore|Any CPU.Build.0 = Debug|arm64
		{BA503BD0-660A-4EA6-AB0E-11823F9BAD96}.AppStore|Any CPU.Deploy.0 = Debug|arm64
		{BA503BD0-660A-4EA6-AB0E-11823F9BAD96}.AppStore|ARM64.ActiveCfg = Debug|arm64
		{BA503BD0-660A-4EA6-AB0E-11823F9BAD96}.AppStore|ARM64.Build.0 = Debug|arm64
		{BA503BD0-660A-4EA6-AB0E-11823F9BAD96}.AppStore|ARM64.Deploy.0 = Debug|arm64
		{BA503BD0-660A-4EA6-AB0E-11823F9BAD96}.AppStore|iPhone.ActiveCfg = Debug|arm64
		{BA503BD0-660A-4EA6-AB0E-11823F9BAD96}.AppStore|iPhone.Build.0 = Debug|arm64
		{BA503BD0-660A-4EA6-AB0E-11823F9BAD96}.AppStore|iPhone.Deploy.0 = Debug|arm64
		{BA503BD0-660A-4EA6-AB0E-11823F9BAD96}.AppStore|iPhoneSimulator.ActiveCfg = Debug|arm64
		{BA503BD0-660A-4EA6-AB0E-11823F9BAD96}.AppStore|iPhoneSimulator.Build.0 = Debug|arm64
		{BA503BD0-660A-4EA6-AB0E-11823F9BAD96}.AppStore|iPhoneSimulator.Deploy.0 = Debug|arm64
		{BA503BD0-660A-4EA6-AB0E-11823F9BAD96}.AppStore|x64.ActiveCfg = Debug|x64
		{BA503BD0-660A-4EA6-AB0E-11823F9BAD96}.AppStore|x64.Build.0 = Debug|x64
		{BA503BD0-660A-4EA6-AB0E-11823F9BAD96}.AppStore|x64.Deploy.0 = Debug|x64
		{BA503BD0-660A-4EA6-AB0E-11823F9BAD96}.AppStore|x86.ActiveCfg = Debug|x86
		{BA503BD0-660A-4EA6-AB0E-11823F9BAD96}.AppStore|x86.Build.0 = Debug|x86
		{BA503BD0-660A-4EA6-AB0E-11823F9BAD96}.AppStore|x86.Deploy.0 = Debug|x86
		{BA503BD0-660A-4EA6-AB0E-11823F9BAD96}.Debug|Any CPU.ActiveCfg = Debug|x64
		{BA503BD0-660A-4EA6-AB0E-11823F9BAD96}.Debug|ARM64.ActiveCfg = Debug|arm64
		{BA503BD0-660A-4EA6-AB0E-11823F9BAD96}.Debug|ARM64.Build.0 = Debug|arm64
		{BA503BD0-660A-4EA6-AB0E-11823F9BAD96}.Debug|ARM64.Deploy.0 = Debug|arm64
		{BA503BD0-660A-4EA6-AB0E-11823F9BAD96}.Debug|iPhone.ActiveCfg = Debug|x64
		{BA503BD0-660A-4EA6-AB0E-11823F9BAD96}.Debug|iPhone.Build.0 = Debug|x64
		{BA503BD0-660A-4EA6-AB0E-11823F9BAD96}.Debug|iPhone.Deploy.0 = Debug|x64
		{BA503BD0-660A-4EA6-AB0E-11823F9BAD96}.Debug|iPhoneSimulator.ActiveCfg = Debug|x64
		{BA503BD0-660A-4EA6-AB0E-11823F9BAD96}.Debug|iPhoneSimulator.Build.0 = Debug|x64
		{BA503BD0-660A-4EA6-AB0E-11823F9BAD96}.Debug|iPhoneSimulator.Deploy.0 = Debug|x64
		{BA503BD0-660A-4EA6-AB0E-11823F9BAD96}.Debug|x64.ActiveCfg = Debug|x64
		{BA503BD0-660A-4EA6-AB0E-11823F9BAD96}.Debug|x64.Build.0 = Debug|x64
		{BA503BD0-660A-4EA6-AB0E-11823F9BAD96}.Debug|x64.Deploy.0 = Debug|x64
		{BA503BD0-660A-4EA6-AB0E-11823F9BAD96}.Debug|x86.ActiveCfg = Debug|x86
		{BA503BD0-660A-4EA6-AB0E-11823F9BAD96}.Debug|x86.Build.0 = Debug|x86
		{BA503BD0-660A-4EA6-AB0E-11823F9BAD96}.Debug|x86.Deploy.0 = Debug|x86
		{BA503BD0-660A-4EA6-AB0E-11823F9BAD96}.Release|Any CPU.ActiveCfg = Release|x64
		{BA503BD0-660A-4EA6-AB0E-11823F9BAD96}.Release|Any CPU.Build.0 = Release|x64
		{BA503BD0-660A-4EA6-AB0E-11823F9BAD96}.Release|Any CPU.Deploy.0 = Release|x64
		{BA503BD0-660A-4EA6-AB0E-11823F9BAD96}.Release|ARM64.ActiveCfg = Release|arm64
		{BA503BD0-660A-4EA6-AB0E-11823F9BAD96}.Release|ARM64.Build.0 = Release|arm64
		{BA503BD0-660A-4EA6-AB0E-11823F9BAD96}.Release|ARM64.Deploy.0 = Release|arm64
		{BA503BD0-660A-4EA6-AB0E-11823F9BAD96}.Release|iPhone.ActiveCfg = Release|x64
		{BA503BD0-660A-4EA6-AB0E-11823F9BAD96}.Release|iPhone.Build.0 = Release|x64
		{BA503BD0-660A-4EA6-AB0E-11823F9BAD96}.Release|iPhone.Deploy.0 = Release|x64
		{BA503BD0-660A-4EA6-AB0E-11823F9BAD96}.Release|iPhoneSimulator.ActiveCfg = Release|x64
		{BA503BD0-660A-4EA6-AB0E-11823F9BAD96}.Release|iPhoneSimulator.Build.0 = Release|x64
		{BA503BD0-660A-4EA6-AB0E-11823F9BAD96}.Release|iPhoneSimulator.Deploy.0 = Release|x64
		{BA503BD0-660A-4EA6-AB0E-11823F9BAD96}.Release|x64.ActiveCfg = Release|x64
		{BA503BD0-660A-4EA6-AB0E-11823F9BAD96}.Release|x64.Build.0 = Release|x64
		{BA503BD0-660A-4EA6-AB0E-11823F9BAD96}.Release|x64.Deploy.0 = Release|x64
		{BA503BD0-660A-4EA6-AB0E-11823F9BAD96}.Release|x86.ActiveCfg = Release|x86
		{BA503BD0-660A-4EA6-AB0E-11823F9BAD96}.Release|x86.Build.0 = Release|x86
		{BA503BD0-660A-4EA6-AB0E-11823F9BAD96}.Release|x86.Deploy.0 = Release|x86
		{7F7B3255-9EA0-4296-B690-14BE9E2204F3}.Ad-Hoc|Any CPU.ActiveCfg = Debug|Any CPU
		{7F7B3255-9EA0-4296-B690-14BE9E2204F3}.Ad-Hoc|Any CPU.Build.0 = Debug|Any CPU
		{7F7B3255-9EA0-4296-B690-14BE9E2204F3}.Ad-Hoc|Any CPU.Deploy.0 = Debug|Any CPU
		{7F7B3255-9EA0-4296-B690-14BE9E2204F3}.Ad-Hoc|ARM64.ActiveCfg = Debug|Any CPU
		{7F7B3255-9EA0-4296-B690-14BE9E2204F3}.Ad-Hoc|ARM64.Build.0 = Debug|Any CPU
		{7F7B3255-9EA0-4296-B690-14BE9E2204F3}.Ad-Hoc|ARM64.Deploy.0 = Debug|Any CPU
		{7F7B3255-9EA0-4296-B690-14BE9E2204F3}.Ad-Hoc|iPhone.ActiveCfg = Debug|Any CPU
		{7F7B3255-9EA0-4296-B690-14BE9E2204F3}.Ad-Hoc|iPhone.Build.0 = Debug|Any CPU
		{7F7B3255-9EA0-4296-B690-14BE9E2204F3}.Ad-Hoc|iPhone.Deploy.0 = Debug|Any CPU
		{7F7B3255-9EA0-4296-B690-14BE9E2204F3}.Ad-Hoc|iPhoneSimulator.ActiveCfg = Debug|Any CPU
		{7F7B3255-9EA0-4296-B690-14BE9E2204F3}.Ad-Hoc|iPhoneSimulator.Build.0 = Debug|Any CPU
		{7F7B3255-9EA0-4296-B690-14BE9E2204F3}.Ad-Hoc|iPhoneSimulator.Deploy.0 = Debug|Any CPU
		{7F7B3255-9EA0-4296-B690-14BE9E2204F3}.Ad-Hoc|x64.ActiveCfg = Debug|Any CPU
		{7F7B3255-9EA0-4296-B690-14BE9E2204F3}.Ad-Hoc|x64.Build.0 = Debug|Any CPU
		{7F7B3255-9EA0-4296-B690-14BE9E2204F3}.Ad-Hoc|x64.Deploy.0 = Debug|Any CPU
		{7F7B3255-9EA0-4296-B690-14BE9E2204F3}.Ad-Hoc|x86.ActiveCfg = Debug|Any CPU
		{7F7B3255-9EA0-4296-B690-14BE9E2204F3}.Ad-Hoc|x86.Build.0 = Debug|Any CPU
		{7F7B3255-9EA0-4296-B690-14BE9E2204F3}.Ad-Hoc|x86.Deploy.0 = Debug|Any CPU
		{7F7B3255-9EA0-4296-B690-14BE9E2204F3}.AppStore|Any CPU.ActiveCfg = Debug|Any CPU
		{7F7B3255-9EA0-4296-B690-14BE9E2204F3}.AppStore|Any CPU.Build.0 = Debug|Any CPU
		{7F7B3255-9EA0-4296-B690-14BE9E2204F3}.AppStore|Any CPU.Deploy.0 = Debug|Any CPU
		{7F7B3255-9EA0-4296-B690-14BE9E2204F3}.AppStore|ARM64.ActiveCfg = Debug|Any CPU
		{7F7B3255-9EA0-4296-B690-14BE9E2204F3}.AppStore|ARM64.Build.0 = Debug|Any CPU
		{7F7B3255-9EA0-4296-B690-14BE9E2204F3}.AppStore|ARM64.Deploy.0 = Debug|Any CPU
		{7F7B3255-9EA0-4296-B690-14BE9E2204F3}.AppStore|iPhone.ActiveCfg = Debug|Any CPU
		{7F7B3255-9EA0-4296-B690-14BE9E2204F3}.AppStore|iPhone.Build.0 = Debug|Any CPU
		{7F7B3255-9EA0-4296-B690-14BE9E2204F3}.AppStore|iPhone.Deploy.0 = Debug|Any CPU
		{7F7B3255-9EA0-4296-B690-14BE9E2204F3}.AppStore|iPhoneSimulator.ActiveCfg = Debug|Any CPU
		{7F7B3255-9EA0-4296-B690-14BE9E2204F3}.AppStore|iPhoneSimulator.Build.0 = Debug|Any CPU
		{7F7B3255-9EA0-4296-B690-14BE9E2204F3}.AppStore|iPhoneSimulator.Deploy.0 = Debug|Any CPU
		{7F7B3255-9EA0-4296-B690-14BE9E2204F3}.AppStore|x64.ActiveCfg = Debug|Any CPU
		{7F7B3255-9EA0-4296-B690-14BE9E2204F3}.AppStore|x64.Build.0 = Debug|Any CPU
		{7F7B3255-9EA0-4296-B690-14BE9E2204F3}.AppStore|x64.Deploy.0 = Debug|Any CPU
		{7F7B3255-9EA0-4296-B690-14BE9E2204F3}.AppStore|x86.ActiveCfg = Debug|Any CPU
		{7F7B3255-9EA0-4296-B690-14BE9E2204F3}.AppStore|x86.Build.0 = Debug|Any CPU
		{7F7B3255-9EA0-4296-B690-14BE9E2204F3}.AppStore|x86.Deploy.0 = Debug|Any CPU
		{7F7B3255-9EA0-4296-B690-14BE9E2204F3}.Debug|Any CPU.ActiveCfg = Debug|Any CPU
		{7F7B3255-9EA0-4296-B690-14BE9E2204F3}.Debug|Any CPU.Build.0 = Debug|Any CPU
		{7F7B3255-9EA0-4296-B690-14BE9E2204F3}.Debug|Any CPU.Deploy.0 = Debug|Any CPU
		{7F7B3255-9EA0-4296-B690-14BE9E2204F3}.Debug|ARM64.ActiveCfg = Debug|Any CPU
		{7F7B3255-9EA0-4296-B690-14BE9E2204F3}.Debug|iPhone.ActiveCfg = Debug|Any CPU
		{7F7B3255-9EA0-4296-B690-14BE9E2204F3}.Debug|iPhone.Build.0 = Debug|Any CPU
		{7F7B3255-9EA0-4296-B690-14BE9E2204F3}.Debug|iPhone.Deploy.0 = Debug|Any CPU
		{7F7B3255-9EA0-4296-B690-14BE9E2204F3}.Debug|iPhoneSimulator.ActiveCfg = Debug|Any CPU
		{7F7B3255-9EA0-4296-B690-14BE9E2204F3}.Debug|iPhoneSimulator.Build.0 = Debug|Any CPU
		{7F7B3255-9EA0-4296-B690-14BE9E2204F3}.Debug|iPhoneSimulator.Deploy.0 = Debug|Any CPU
		{7F7B3255-9EA0-4296-B690-14BE9E2204F3}.Debug|x64.ActiveCfg = Debug|Any CPU
		{7F7B3255-9EA0-4296-B690-14BE9E2204F3}.Debug|x86.ActiveCfg = Debug|Any CPU
		{7F7B3255-9EA0-4296-B690-14BE9E2204F3}.Release|Any CPU.ActiveCfg = Release|Any CPU
		{7F7B3255-9EA0-4296-B690-14BE9E2204F3}.Release|Any CPU.Build.0 = Release|Any CPU
		{7F7B3255-9EA0-4296-B690-14BE9E2204F3}.Release|Any CPU.Deploy.0 = Release|Any CPU
		{7F7B3255-9EA0-4296-B690-14BE9E2204F3}.Release|ARM64.ActiveCfg = Release|Any CPU
		{7F7B3255-9EA0-4296-B690-14BE9E2204F3}.Release|ARM64.Build.0 = Release|Any CPU
		{7F7B3255-9EA0-4296-B690-14BE9E2204F3}.Release|ARM64.Deploy.0 = Release|Any CPU
		{7F7B3255-9EA0-4296-B690-14BE9E2204F3}.Release|iPhone.ActiveCfg = Release|Any CPU
		{7F7B3255-9EA0-4296-B690-14BE9E2204F3}.Release|iPhone.Build.0 = Release|Any CPU
		{7F7B3255-9EA0-4296-B690-14BE9E2204F3}.Release|iPhone.Deploy.0 = Release|Any CPU
		{7F7B3255-9EA0-4296-B690-14BE9E2204F3}.Release|iPhoneSimulator.ActiveCfg = Release|Any CPU
		{7F7B3255-9EA0-4296-B690-14BE9E2204F3}.Release|iPhoneSimulator.Build.0 = Release|Any CPU
		{7F7B3255-9EA0-4296-B690-14BE9E2204F3}.Release|iPhoneSimulator.Deploy.0 = Release|Any CPU
		{7F7B3255-9EA0-4296-B690-14BE9E2204F3}.Release|x64.ActiveCfg = Release|Any CPU
		{7F7B3255-9EA0-4296-B690-14BE9E2204F3}.Release|x64.Build.0 = Release|Any CPU
		{7F7B3255-9EA0-4296-B690-14BE9E2204F3}.Release|x64.Deploy.0 = Release|Any CPU
		{7F7B3255-9EA0-4296-B690-14BE9E2204F3}.Release|x86.ActiveCfg = Release|Any CPU
		{7F7B3255-9EA0-4296-B690-14BE9E2204F3}.Release|x86.Build.0 = Release|Any CPU
		{7F7B3255-9EA0-4296-B690-14BE9E2204F3}.Release|x86.Deploy.0 = Release|Any CPU
	EndGlobalSection
	GlobalSection(SolutionProperties) = preSolution
		HideSolutionNode = FALSE
	EndGlobalSection
	GlobalSection(NestedProjects) = preSolution
		{FE1B81E3-59BE-4632-A1EB-12FF19F4B59A} = {AFB4071E-38D8-4C36-BFED-48AE0A4A3F42}
		{F39D6B3E-4E1D-4211-B152-59F8F71C8544} = {14502F3B-7A88-4C48-8EA7-F44D1E4BA42B}
		{BA503BD0-660A-4EA6-AB0E-11823F9BAD96} = {14502F3B-7A88-4C48-8EA7-F44D1E4BA42B}
		{7F7B3255-9EA0-4296-B690-14BE9E2204F3} = {5EA55853-597D-4ED0-BAF9-6B737EBC5AC1}
	EndGlobalSection
	GlobalSection(ExtensibilityGlobals) = postSolution
		SolutionGuid = {F7243EE6-BDF4-4C46-AEEB-057BC82B116E}
	EndGlobalSection
	GlobalSection(SharedMSBuildProjectFiles) = preSolution
		Samples.Shared\ArcGIS.Samples.Shared.projitems*{0ad85845-0ba1-4dc9-8c32-e6fd7632e32d}*SharedItemsImports = 13
		Samples.Shared\ArcGIS.Samples.Shared.projitems*{7f7b3255-9ea0-4296-b690-14be9e2204f3}*SharedItemsImports = 5
		Samples.Shared\ArcGIS.Samples.Shared.projitems*{f39d6b3e-4e1d-4211-b152-59f8f71c8544}*SharedItemsImports = 5
		Samples.Shared\ArcGIS.Samples.Shared.projitems*{fe1b81e3-59be-4632-a1eb-12ff19f4b59a}*SharedItemsImports = 5
	EndGlobalSection
EndGlobal
